
Microsoft Visual Studio Solution File, Format Version 12.00
# Visual Studio 15
VisualStudioVersion = 15.0.26127.3
MinimumVisualStudioVersion = 10.0.40219.1
Project("{FAE04EC0-301F-11D3-BF4B-00C04F79EFBC}") = "Chapter01", "Chapter01.csproj", "{70458AA7-C130-4E97-BBD9-C54BDCDF1A67}"
EndProject
Project("{9A19103F-16F7-4668-BE54-9A1E7A4F7556}") = "Chapter01.Tests", "..\Chapter01.Tests\Chapter01.Tests.csproj", "{EC47C858-464E-4FCC-9668-0CC89FDD5ACC}"
EndProject
Global
	GlobalSection(SolutionConfigurationPlatforms) = preSolution
		Debug|Any CPU = Debug|Any CPU
		Debug|x64 = Debug|x64
		Debug|x86 = Debug|x86
		Release|Any CPU = Release|Any CPU
		Release|x64 = Release|x64
		Release|x86 = Release|x86
	EndGlobalSection
	GlobalSection(ProjectConfigurationPlatforms) = postSolution
		{70458AA7-C130-4E97-BBD9-C54BDCDF1A67}.Debug|Any CPU.ActiveCfg = Debug|Any CPU
		{70458AA7-C130-4E97-BBD9-C54BDCDF1A67}.Debug|Any CPU.Build.0 = Debug|Any CPU
		{70458AA7-C130-4E97-BBD9-C54BDCDF1A67}.Debug|x64.ActiveCfg = Debug|x64
		{70458AA7-C130-4E97-BBD9-C54BDCDF1A67}.Debug|x64.Build.0 = Debug|x64
		{70458AA7-C130-4E97-BBD9-C54BDCDF1A67}.Debug|x86.ActiveCfg = Debug|x86
		{70458AA7-C130-4E97-BBD9-C54BDCDF1A67}.Debug|x86.Build.0 = Debug|x86
		{70458AA7-C130-4E97-BBD9-C54BDCDF1A67}.Release|Any CPU.ActiveCfg = Release|Any CPU
		{70458AA7-C130-4E97-BBD9-C54BDCDF1A67}.Release|Any CPU.Build.0 = Release|Any CPU
		{70458AA7-C130-4E97-BBD9-C54BDCDF1A67}.Release|x64.ActiveCfg = Release|x64
		{70458AA7-C130-4E97-BBD9-C54BDCDF1A67}.Release|x64.Build.0 = Release|x64
		{70458AA7-C130-4E97-BBD9-C54BDCDF1A67}.Release|x86.ActiveCfg = Release|x86
		{70458AA7-C130-4E97-BBD9-C54BDCDF1A67}.Release|x86.Build.0 = Release|x86
		{EC47C858-464E-4FCC-9668-0CC89FDD5ACC}.Debug|Any CPU.ActiveCfg = Debug|Any CPU
		{EC47C858-464E-4FCC-9668-0CC89FDD5ACC}.Debug|Any CPU.Build.0 = Debug|Any CPU
		{EC47C858-464E-4FCC-9668-0CC89FDD5ACC}.Debug|x64.ActiveCfg = Debug|x64
		{EC47C858-464E-4FCC-9668-0CC89FDD5ACC}.Debug|x64.Build.0 = Debug|x64
		{EC47C858-464E-4FCC-9668-0CC89FDD5ACC}.Debug|x86.ActiveCfg = Debug|x86
		{EC47C858-464E-4FCC-9668-0CC89FDD5ACC}.Debug|x86.Build.0 = Debug|x86
		{EC47C858-464E-4FCC-9668-0CC89FDD5ACC}.Release|Any CPU.ActiveCfg = Release|Any CPU
		{EC47C858-464E-4FCC-9668-0CC89FDD5ACC}.Release|Any CPU.Build.0 = Release|Any CPU
		{EC47C858-464E-4FCC-9668-0CC89FDD5ACC}.Release|x64.ActiveCfg = Release|x64
		{EC47C858-464E-4FCC-9668-0CC89FDD5ACC}.Release|x64.Build.0 = Release|x64
		{EC47C858-464E-4FCC-9668-0CC89FDD5ACC}.Release|x86.ActiveCfg = Release|x86
		{EC47C858-464E-4FCC-9668-0CC89FDD5ACC}.Release|x86.Build.0 = Release|x86
	EndGlobalSection
	GlobalSection(SolutionProperties) = preSolution
		HideSolutionNode = FALSE
	EndGlobalSection
EndGlobal
