
Microsoft Visual Studio Solution File, Format Version 12.00
# Visual Studio Version 16
VisualStudioVersion = 16.0.29319.158
MinimumVisualStudioVersion = 10.0.40219.1
Project("{2150E333-8FDC-42A3-9474-1A3956D46DE8}") = "Solution Items", "Solution Items", "{F97BC459-B5B9-4326-9E0D-D085FD4DEF96}"
	ProjectSection(SolutionItems) = preProject
		.gitignore = .gitignore
		.runsettings = .runsettings
		after.EssentialCSharp.sln.targets = after.EssentialCSharp.sln.targets
		src\Chapter.props = src\Chapter.props
		src\ChapterTests.props = src\ChapterTests.props
		Directory.Build.props = Directory.Build.props
		Directory.Build.targets = Directory.Build.targets
		README.md = README.md
	EndProjectSection
EndProject
Project("{2150E333-8FDC-42A3-9474-1A3956D46DE8}") = "Shared", "Shared", "{91698F73-19EB-4531-980C-5B8B76DC28C9}"
	ProjectSection(SolutionItems) = preProject
		src\Shared\CompilerAssert.cs = src\Shared\CompilerAssert.cs
		src\Shared\DoWorkEventArgs.cs = src\Shared\DoWorkEventArgs.cs
		src\Shared\NetCore.cs = src\Shared\NetCore.cs
		src\Shared\PiCalculator+InternalPiDigitCalculator.cs = src\Shared\PiCalculator+InternalPiDigitCalculator.cs
		src\Shared\PiCalculator.cs = src\Shared\PiCalculator.cs
		src\Shared\Program.cs = src\Shared\Program.cs
	EndProjectSection
EndProject
Project("{9A19103F-16F7-4668-BE54-9A1E7A4F7556}") = "Chapter01", "src\Chapter01\Chapter01.csproj", "{70458AA7-C130-4E97-BBD9-C54BDCDF1A67}"
EndProject
Project("{9A19103F-16F7-4668-BE54-9A1E7A4F7556}") = "Chapter01.Tests", "src\Chapter01.Tests\Chapter01.Tests.csproj", "{12EF0E9C-FD9D-4CA0-8785-A189A4829B22}"
EndProject
Project("{9A19103F-16F7-4668-BE54-9A1E7A4F7556}") = "Chapter02", "src\Chapter02\Chapter02.csproj", "{AEDB3D42-E95D-4BDA-8DFA-957FBE24E238}"
EndProject
Project("{9A19103F-16F7-4668-BE54-9A1E7A4F7556}") = "Chapter02.Tests", "src\Chapter02.Tests\Chapter02.Tests.csproj", "{B3861AEB-683D-4DEB-BCA3-1878F9E3E1EB}"
EndProject
Project("{9A19103F-16F7-4668-BE54-9A1E7A4F7556}") = "Chapter03", "src\Chapter03\Chapter03.csproj", "{861B747A-E2D6-4C48-AD0E-AB1D765BFC98}"
EndProject
Project("{9A19103F-16F7-4668-BE54-9A1E7A4F7556}") = "Chapter03.Tests", "src\Chapter03.Tests\Chapter03.Tests.csproj", "{55C5619D-6579-46C6-8FC4-C748ECB17510}"
EndProject
Project("{9A19103F-16F7-4668-BE54-9A1E7A4F7556}") = "Chapter04", "src\Chapter04\Chapter04.csproj", "{306BACB1-703A-4668-84E1-29446FD40EA2}"
EndProject
Project("{9A19103F-16F7-4668-BE54-9A1E7A4F7556}") = "Chapter04.Tests", "src\Chapter04.Tests\Chapter04.Tests.csproj", "{6BB64653-4370-4DBB-8832-E852D4B700A3}"
EndProject
Project("{9A19103F-16F7-4668-BE54-9A1E7A4F7556}") = "Chapter05", "src\Chapter05\Chapter05.csproj", "{21484FF2-F282-415C-A41D-F3714B2CA289}"
EndProject
Project("{9A19103F-16F7-4668-BE54-9A1E7A4F7556}") = "Chapter05.Tests", "src\Chapter05.Tests\Chapter05.Tests.csproj", "{4B7AD32B-AA31-404C-B855-D902BD39292E}"
EndProject
Project("{9A19103F-16F7-4668-BE54-9A1E7A4F7556}") = "Chapter06", "src\Chapter06\Chapter06.csproj", "{DB4ADEF6-D7CE-473E-889E-7B7820D9F042}"
EndProject
Project("{9A19103F-16F7-4668-BE54-9A1E7A4F7556}") = "Chapter07", "src\Chapter07\Chapter07.csproj", "{66EA6FC7-D2F7-4EE3-925C-FA8877646F1B}"
EndProject
Project("{9A19103F-16F7-4668-BE54-9A1E7A4F7556}") = "Chapter08", "src\Chapter08\Chapter08.csproj", "{509426A0-967B-4666-9024-803829973CD2}"
EndProject
Project("{9A19103F-16F7-4668-BE54-9A1E7A4F7556}") = "Chapter08.Tests", "src\Chapter08.Tests\Chapter08.Tests.csproj", "{BAAABB2B-F5DB-4F95-AF4A-45C935C36197}"
EndProject
Project("{9A19103F-16F7-4668-BE54-9A1E7A4F7556}") = "Chapter09", "src\Chapter09\Chapter09.csproj", "{211120AC-CCBC-45AB-8EAB-B4446A46B5E6}"
EndProject
Project("{9A19103F-16F7-4668-BE54-9A1E7A4F7556}") = "Chapter09.Tests", "src\Chapter09.Tests\Chapter09.Tests.csproj", "{1EE50277-04EC-43C3-8365-B2ED5355DAE4}"
EndProject
Project("{9A19103F-16F7-4668-BE54-9A1E7A4F7556}") = "Chapter10", "src\Chapter10\Chapter10.csproj", "{65FAB6C2-8190-43EF-9987-0AF9FD9CDE95}"
EndProject
Project("{9A19103F-16F7-4668-BE54-9A1E7A4F7556}") = "Chapter10.Tests", "src\Chapter10.Tests\Chapter10.Tests.csproj", "{F25E6660-ADD6-451B-8D0F-AC3C15787678}"
EndProject
Project("{9A19103F-16F7-4668-BE54-9A1E7A4F7556}") = "Chapter11", "src\Chapter11\Chapter11.csproj", "{C38895DF-777D-4433-9338-AA6B40A451E0}"
EndProject
Project("{9A19103F-16F7-4668-BE54-9A1E7A4F7556}") = "Chapter12", "src\Chapter12\Chapter12.csproj", "{E31FD9BD-9953-4930-BF9D-81CE148097FF}"
EndProject
Project("{9A19103F-16F7-4668-BE54-9A1E7A4F7556}") = "Chapter12.Tests", "src\Chapter12.Tests\Chapter12.Tests.csproj", "{C2AEC825-1A33-441A-A119-C76A7953B379}"
EndProject
Project("{9A19103F-16F7-4668-BE54-9A1E7A4F7556}") = "Chapter13", "src\Chapter13\Chapter13.csproj", "{D206F972-8400-4D59-9F4F-C8133075A3F8}"
EndProject
Project("{9A19103F-16F7-4668-BE54-9A1E7A4F7556}") = "Chapter13.Tests", "src\Chapter13.Tests\Chapter13.Tests.csproj", "{23F03D80-0B97-4045-AA23-371E4EF7D89D}"
EndProject
Project("{9A19103F-16F7-4668-BE54-9A1E7A4F7556}") = "Chapter14", "src\Chapter14\Chapter14.csproj", "{B2B4625F-0AEE-4EFA-8B6D-10652D6E536E}"
EndProject
Project("{9A19103F-16F7-4668-BE54-9A1E7A4F7556}") = "Chapter14.Tests", "src\Chapter14.Tests\Chapter14.Tests.csproj", "{648A3C8C-4A6B-4EC8-A1CD-F586F56B78E0}"
EndProject
Project("{9A19103F-16F7-4668-BE54-9A1E7A4F7556}") = "Chapter15", "src\Chapter15\Chapter15.csproj", "{E3AE7642-CFF6-48A7-9166-81B4007B0E1C}"
EndProject
Project("{9A19103F-16F7-4668-BE54-9A1E7A4F7556}") = "Chapter15.Tests", "src\Chapter15.Tests\Chapter15.Tests.csproj", "{FE44F622-6DE0-4FCD-BDCA-6B615634CA0C}"
EndProject
Project("{9A19103F-16F7-4668-BE54-9A1E7A4F7556}") = "Chapter16", "src\Chapter16\Chapter16.csproj", "{56D7C7C0-305A-40D9-8DE3-DA543274813E}"
EndProject
Project("{9A19103F-16F7-4668-BE54-9A1E7A4F7556}") = "Chapter16.Tests", "src\Chapter16.Tests\Chapter16.Tests.csproj", "{82A4B7F3-DCB0-4D36-995E-0C922ABBC02C}"
EndProject
Project("{9A19103F-16F7-4668-BE54-9A1E7A4F7556}") = "Chapter17", "src\Chapter17\Chapter17.csproj", "{AFF28C92-FD47-417B-BF45-D68C809B3596}"
EndProject
Project("{9A19103F-16F7-4668-BE54-9A1E7A4F7556}") = "Chapter17.Tests", "src\Chapter17.Tests\Chapter17.Tests.csproj", "{6AF154BF-9C3A-485C-BA14-1352F04BB9DB}"
EndProject
Project("{9A19103F-16F7-4668-BE54-9A1E7A4F7556}") = "Chapter18", "src\Chapter18\Chapter18.csproj", "{182F5434-7896-42F4-B377-A14203687C57}"
EndProject
Project("{9A19103F-16F7-4668-BE54-9A1E7A4F7556}") = "Chapter18.Tests", "src\Chapter18.Tests\Chapter18.Tests.csproj", "{9A99255F-518B-42E3-AE95-50774D16A743}"
EndProject
Project("{9A19103F-16F7-4668-BE54-9A1E7A4F7556}") = "Chapter19", "src\Chapter19\Chapter19.csproj", "{55357DFE-FFFA-4896-AC73-AEB3CAC67B5C}"
EndProject
Project("{9A19103F-16F7-4668-BE54-9A1E7A4F7556}") = "Chapter20", "src\Chapter20\Chapter20.csproj", "{61D77238-EA7E-4C77-8795-158A57E4978C}"
EndProject
Project("{9A19103F-16F7-4668-BE54-9A1E7A4F7556}") = "Chapter20.Tests", "src\Chapter20.Tests\Chapter20.Tests.csproj", "{499FD8E6-D7DC-4295-AD35-517814CAE3AF}"
EndProject
Project("{9A19103F-16F7-4668-BE54-9A1E7A4F7556}") = "Chapter06.Tests", "src\Chapter06.Tests\Chapter06.Tests.csproj", "{7646D694-EBEE-47C7-AD41-A1503B958B9C}"
EndProject
Project("{9A19103F-16F7-4668-BE54-9A1E7A4F7556}") = "Chapter19.Tests", "src\Chapter19.Tests\Chapter19.Tests.csproj", "{610C0EBD-E2B8-4157-971F-AB57133040AE}"
EndProject
Project("{9A19103F-16F7-4668-BE54-9A1E7A4F7556}") = "Chapter07.Tests", "src\Chapter07.Tests\Chapter07.Tests.csproj", "{C0B9BAB1-C9C4-4220-8684-09871CAC92D5}"
EndProject
Project("{9A19103F-16F7-4668-BE54-9A1E7A4F7556}") = "Chapter21", "src\Chapter21\Chapter21.csproj", "{336D5C56-0046-43CE-920C-0BA18E14BCEC}"
EndProject
Project("{9A19103F-16F7-4668-BE54-9A1E7A4F7556}") = "Chapter21.Tests", "src\Chapter21.Tests\Chapter21.Tests.csproj", "{54AB095B-2810-4FE6-8C62-50BB6A2321D7}"
EndProject
Project("{9A19103F-16F7-4668-BE54-9A1E7A4F7556}") = "Chapter11.Tests", "src\Chapter11.Tests\Chapter11.Tests.csproj", "{FC54D6EE-7E91-4FE7-8C40-EFAE83633505}"
EndProject
Project("{9A19103F-16F7-4668-BE54-9A1E7A4F7556}") = "Chapter22", "src\Chapter22\Chapter22.csproj", "{70C90304-30C5-4051-9340-B680AEE6EA64}"
EndProject
Project("{9A19103F-16F7-4668-BE54-9A1E7A4F7556}") = "Chapter22.Tests", "src\Chapter22.Tests\Chapter22.Tests.csproj", "{6F919416-A466-4710-A73A-BACBFA77B8E7}"
EndProject
Project("{9A19103F-16F7-4668-BE54-9A1E7A4F7556}") = "Chapter23", "src\Chapter23\Chapter23.csproj", "{93998CC5-002C-4796-92BF-CEB99DFA619C}"
EndProject
Project("{9A19103F-16F7-4668-BE54-9A1E7A4F7556}") = "Chapter23.Tests", "src\Chapter23.Tests\Chapter23.Tests.csproj", "{21342ABB-E09B-459F-8405-33743DC90EF6}"
EndProject
Global
	GlobalSection(SolutionConfigurationPlatforms) = preSolution
		Debug|Any CPU = Debug|Any CPU
		Debug|x64 = Debug|x64
		Debug|x86 = Debug|x86
		Release|Any CPU = Release|Any CPU
		Release|x64 = Release|x64
		Release|x86 = Release|x86
	EndGlobalSection
	GlobalSection(ProjectConfigurationPlatforms) = postSolution
		{70458AA7-C130-4E97-BBD9-C54BDCDF1A67}.Debug|Any CPU.ActiveCfg = Debug|Any CPU
		{70458AA7-C130-4E97-BBD9-C54BDCDF1A67}.Debug|Any CPU.Build.0 = Debug|Any CPU
		{70458AA7-C130-4E97-BBD9-C54BDCDF1A67}.Debug|x64.ActiveCfg = Debug|Any CPU
		{70458AA7-C130-4E97-BBD9-C54BDCDF1A67}.Debug|x64.Build.0 = Debug|Any CPU
		{70458AA7-C130-4E97-BBD9-C54BDCDF1A67}.Debug|x86.ActiveCfg = Debug|Any CPU
		{70458AA7-C130-4E97-BBD9-C54BDCDF1A67}.Debug|x86.Build.0 = Debug|Any CPU
		{70458AA7-C130-4E97-BBD9-C54BDCDF1A67}.Release|Any CPU.ActiveCfg = Release|Any CPU
		{70458AA7-C130-4E97-BBD9-C54BDCDF1A67}.Release|Any CPU.Build.0 = Release|Any CPU
		{70458AA7-C130-4E97-BBD9-C54BDCDF1A67}.Release|x64.ActiveCfg = Release|Any CPU
		{70458AA7-C130-4E97-BBD9-C54BDCDF1A67}.Release|x64.Build.0 = Release|Any CPU
		{70458AA7-C130-4E97-BBD9-C54BDCDF1A67}.Release|x86.ActiveCfg = Release|Any CPU
		{70458AA7-C130-4E97-BBD9-C54BDCDF1A67}.Release|x86.Build.0 = Release|Any CPU
		{12EF0E9C-FD9D-4CA0-8785-A189A4829B22}.Debug|Any CPU.ActiveCfg = Debug|Any CPU
		{12EF0E9C-FD9D-4CA0-8785-A189A4829B22}.Debug|Any CPU.Build.0 = Debug|Any CPU
		{12EF0E9C-FD9D-4CA0-8785-A189A4829B22}.Debug|x64.ActiveCfg = Debug|Any CPU
		{12EF0E9C-FD9D-4CA0-8785-A189A4829B22}.Debug|x64.Build.0 = Debug|Any CPU
		{12EF0E9C-FD9D-4CA0-8785-A189A4829B22}.Debug|x86.ActiveCfg = Debug|Any CPU
		{12EF0E9C-FD9D-4CA0-8785-A189A4829B22}.Debug|x86.Build.0 = Debug|Any CPU
		{12EF0E9C-FD9D-4CA0-8785-A189A4829B22}.Release|Any CPU.ActiveCfg = Release|Any CPU
		{12EF0E9C-FD9D-4CA0-8785-A189A4829B22}.Release|Any CPU.Build.0 = Release|Any CPU
		{12EF0E9C-FD9D-4CA0-8785-A189A4829B22}.Release|x64.ActiveCfg = Release|Any CPU
		{12EF0E9C-FD9D-4CA0-8785-A189A4829B22}.Release|x64.Build.0 = Release|Any CPU
		{12EF0E9C-FD9D-4CA0-8785-A189A4829B22}.Release|x86.ActiveCfg = Release|Any CPU
		{12EF0E9C-FD9D-4CA0-8785-A189A4829B22}.Release|x86.Build.0 = Release|Any CPU
		{AEDB3D42-E95D-4BDA-8DFA-957FBE24E238}.Debug|Any CPU.ActiveCfg = Debug|Any CPU
		{AEDB3D42-E95D-4BDA-8DFA-957FBE24E238}.Debug|Any CPU.Build.0 = Debug|Any CPU
		{AEDB3D42-E95D-4BDA-8DFA-957FBE24E238}.Debug|x64.ActiveCfg = Debug|Any CPU
		{AEDB3D42-E95D-4BDA-8DFA-957FBE24E238}.Debug|x64.Build.0 = Debug|Any CPU
		{AEDB3D42-E95D-4BDA-8DFA-957FBE24E238}.Debug|x86.ActiveCfg = Debug|Any CPU
		{AEDB3D42-E95D-4BDA-8DFA-957FBE24E238}.Debug|x86.Build.0 = Debug|Any CPU
		{AEDB3D42-E95D-4BDA-8DFA-957FBE24E238}.Release|Any CPU.ActiveCfg = Release|Any CPU
		{AEDB3D42-E95D-4BDA-8DFA-957FBE24E238}.Release|Any CPU.Build.0 = Release|Any CPU
		{AEDB3D42-E95D-4BDA-8DFA-957FBE24E238}.Release|x64.ActiveCfg = Release|Any CPU
		{AEDB3D42-E95D-4BDA-8DFA-957FBE24E238}.Release|x64.Build.0 = Release|Any CPU
		{AEDB3D42-E95D-4BDA-8DFA-957FBE24E238}.Release|x86.ActiveCfg = Release|Any CPU
		{AEDB3D42-E95D-4BDA-8DFA-957FBE24E238}.Release|x86.Build.0 = Release|Any CPU
		{B3861AEB-683D-4DEB-BCA3-1878F9E3E1EB}.Debug|Any CPU.ActiveCfg = Debug|Any CPU
		{B3861AEB-683D-4DEB-BCA3-1878F9E3E1EB}.Debug|Any CPU.Build.0 = Debug|Any CPU
		{B3861AEB-683D-4DEB-BCA3-1878F9E3E1EB}.Debug|x64.ActiveCfg = Debug|Any CPU
		{B3861AEB-683D-4DEB-BCA3-1878F9E3E1EB}.Debug|x64.Build.0 = Debug|Any CPU
		{B3861AEB-683D-4DEB-BCA3-1878F9E3E1EB}.Debug|x86.ActiveCfg = Debug|Any CPU
		{B3861AEB-683D-4DEB-BCA3-1878F9E3E1EB}.Debug|x86.Build.0 = Debug|Any CPU
		{B3861AEB-683D-4DEB-BCA3-1878F9E3E1EB}.Release|Any CPU.ActiveCfg = Release|Any CPU
		{B3861AEB-683D-4DEB-BCA3-1878F9E3E1EB}.Release|Any CPU.Build.0 = Release|Any CPU
		{B3861AEB-683D-4DEB-BCA3-1878F9E3E1EB}.Release|x64.ActiveCfg = Release|Any CPU
		{B3861AEB-683D-4DEB-BCA3-1878F9E3E1EB}.Release|x64.Build.0 = Release|Any CPU
		{B3861AEB-683D-4DEB-BCA3-1878F9E3E1EB}.Release|x86.ActiveCfg = Release|Any CPU
		{B3861AEB-683D-4DEB-BCA3-1878F9E3E1EB}.Release|x86.Build.0 = Release|Any CPU
		{861B747A-E2D6-4C48-AD0E-AB1D765BFC98}.Debug|Any CPU.ActiveCfg = Debug|Any CPU
		{861B747A-E2D6-4C48-AD0E-AB1D765BFC98}.Debug|Any CPU.Build.0 = Debug|Any CPU
		{861B747A-E2D6-4C48-AD0E-AB1D765BFC98}.Debug|x64.ActiveCfg = Debug|Any CPU
		{861B747A-E2D6-4C48-AD0E-AB1D765BFC98}.Debug|x64.Build.0 = Debug|Any CPU
		{861B747A-E2D6-4C48-AD0E-AB1D765BFC98}.Debug|x86.ActiveCfg = Debug|Any CPU
		{861B747A-E2D6-4C48-AD0E-AB1D765BFC98}.Debug|x86.Build.0 = Debug|Any CPU
		{861B747A-E2D6-4C48-AD0E-AB1D765BFC98}.Release|Any CPU.ActiveCfg = Release|Any CPU
		{861B747A-E2D6-4C48-AD0E-AB1D765BFC98}.Release|Any CPU.Build.0 = Release|Any CPU
		{861B747A-E2D6-4C48-AD0E-AB1D765BFC98}.Release|x64.ActiveCfg = Release|Any CPU
		{861B747A-E2D6-4C48-AD0E-AB1D765BFC98}.Release|x64.Build.0 = Release|Any CPU
		{861B747A-E2D6-4C48-AD0E-AB1D765BFC98}.Release|x86.ActiveCfg = Release|Any CPU
		{861B747A-E2D6-4C48-AD0E-AB1D765BFC98}.Release|x86.Build.0 = Release|Any CPU
		{55C5619D-6579-46C6-8FC4-C748ECB17510}.Debug|Any CPU.ActiveCfg = Debug|Any CPU
		{55C5619D-6579-46C6-8FC4-C748ECB17510}.Debug|Any CPU.Build.0 = Debug|Any CPU
		{55C5619D-6579-46C6-8FC4-C748ECB17510}.Debug|x64.ActiveCfg = Debug|Any CPU
		{55C5619D-6579-46C6-8FC4-C748ECB17510}.Debug|x64.Build.0 = Debug|Any CPU
		{55C5619D-6579-46C6-8FC4-C748ECB17510}.Debug|x86.ActiveCfg = Debug|Any CPU
		{55C5619D-6579-46C6-8FC4-C748ECB17510}.Debug|x86.Build.0 = Debug|Any CPU
		{55C5619D-6579-46C6-8FC4-C748ECB17510}.Release|Any CPU.ActiveCfg = Release|Any CPU
		{55C5619D-6579-46C6-8FC4-C748ECB17510}.Release|Any CPU.Build.0 = Release|Any CPU
		{55C5619D-6579-46C6-8FC4-C748ECB17510}.Release|x64.ActiveCfg = Release|Any CPU
		{55C5619D-6579-46C6-8FC4-C748ECB17510}.Release|x64.Build.0 = Release|Any CPU
		{55C5619D-6579-46C6-8FC4-C748ECB17510}.Release|x86.ActiveCfg = Release|Any CPU
		{55C5619D-6579-46C6-8FC4-C748ECB17510}.Release|x86.Build.0 = Release|Any CPU
		{306BACB1-703A-4668-84E1-29446FD40EA2}.Debug|Any CPU.ActiveCfg = Debug|Any CPU
		{306BACB1-703A-4668-84E1-29446FD40EA2}.Debug|Any CPU.Build.0 = Debug|Any CPU
		{306BACB1-703A-4668-84E1-29446FD40EA2}.Debug|x64.ActiveCfg = Debug|Any CPU
		{306BACB1-703A-4668-84E1-29446FD40EA2}.Debug|x64.Build.0 = Debug|Any CPU
		{306BACB1-703A-4668-84E1-29446FD40EA2}.Debug|x86.ActiveCfg = Debug|Any CPU
		{306BACB1-703A-4668-84E1-29446FD40EA2}.Debug|x86.Build.0 = Debug|Any CPU
		{306BACB1-703A-4668-84E1-29446FD40EA2}.Release|Any CPU.ActiveCfg = Release|Any CPU
		{306BACB1-703A-4668-84E1-29446FD40EA2}.Release|Any CPU.Build.0 = Release|Any CPU
		{306BACB1-703A-4668-84E1-29446FD40EA2}.Release|x64.ActiveCfg = Release|Any CPU
		{306BACB1-703A-4668-84E1-29446FD40EA2}.Release|x64.Build.0 = Release|Any CPU
		{306BACB1-703A-4668-84E1-29446FD40EA2}.Release|x86.ActiveCfg = Release|Any CPU
		{306BACB1-703A-4668-84E1-29446FD40EA2}.Release|x86.Build.0 = Release|Any CPU
		{6BB64653-4370-4DBB-8832-E852D4B700A3}.Debug|Any CPU.ActiveCfg = Debug|Any CPU
		{6BB64653-4370-4DBB-8832-E852D4B700A3}.Debug|Any CPU.Build.0 = Debug|Any CPU
		{6BB64653-4370-4DBB-8832-E852D4B700A3}.Debug|x64.ActiveCfg = Debug|Any CPU
		{6BB64653-4370-4DBB-8832-E852D4B700A3}.Debug|x64.Build.0 = Debug|Any CPU
		{6BB64653-4370-4DBB-8832-E852D4B700A3}.Debug|x86.ActiveCfg = Debug|Any CPU
		{6BB64653-4370-4DBB-8832-E852D4B700A3}.Debug|x86.Build.0 = Debug|Any CPU
		{6BB64653-4370-4DBB-8832-E852D4B700A3}.Release|Any CPU.ActiveCfg = Release|Any CPU
		{6BB64653-4370-4DBB-8832-E852D4B700A3}.Release|Any CPU.Build.0 = Release|Any CPU
		{6BB64653-4370-4DBB-8832-E852D4B700A3}.Release|x64.ActiveCfg = Release|Any CPU
		{6BB64653-4370-4DBB-8832-E852D4B700A3}.Release|x64.Build.0 = Release|Any CPU
		{6BB64653-4370-4DBB-8832-E852D4B700A3}.Release|x86.ActiveCfg = Release|Any CPU
		{6BB64653-4370-4DBB-8832-E852D4B700A3}.Release|x86.Build.0 = Release|Any CPU
		{21484FF2-F282-415C-A41D-F3714B2CA289}.Debug|Any CPU.ActiveCfg = Debug|Any CPU
		{21484FF2-F282-415C-A41D-F3714B2CA289}.Debug|Any CPU.Build.0 = Debug|Any CPU
		{21484FF2-F282-415C-A41D-F3714B2CA289}.Debug|x64.ActiveCfg = Debug|Any CPU
		{21484FF2-F282-415C-A41D-F3714B2CA289}.Debug|x64.Build.0 = Debug|Any CPU
		{21484FF2-F282-415C-A41D-F3714B2CA289}.Debug|x86.ActiveCfg = Debug|Any CPU
		{21484FF2-F282-415C-A41D-F3714B2CA289}.Debug|x86.Build.0 = Debug|Any CPU
		{21484FF2-F282-415C-A41D-F3714B2CA289}.Release|Any CPU.ActiveCfg = Release|Any CPU
		{21484FF2-F282-415C-A41D-F3714B2CA289}.Release|Any CPU.Build.0 = Release|Any CPU
		{21484FF2-F282-415C-A41D-F3714B2CA289}.Release|x64.ActiveCfg = Release|Any CPU
		{21484FF2-F282-415C-A41D-F3714B2CA289}.Release|x64.Build.0 = Release|Any CPU
		{21484FF2-F282-415C-A41D-F3714B2CA289}.Release|x86.ActiveCfg = Release|Any CPU
		{21484FF2-F282-415C-A41D-F3714B2CA289}.Release|x86.Build.0 = Release|Any CPU
		{4B7AD32B-AA31-404C-B855-D902BD39292E}.Debug|Any CPU.ActiveCfg = Debug|Any CPU
		{4B7AD32B-AA31-404C-B855-D902BD39292E}.Debug|Any CPU.Build.0 = Debug|Any CPU
		{4B7AD32B-AA31-404C-B855-D902BD39292E}.Debug|x64.ActiveCfg = Debug|Any CPU
		{4B7AD32B-AA31-404C-B855-D902BD39292E}.Debug|x64.Build.0 = Debug|Any CPU
		{4B7AD32B-AA31-404C-B855-D902BD39292E}.Debug|x86.ActiveCfg = Debug|Any CPU
		{4B7AD32B-AA31-404C-B855-D902BD39292E}.Debug|x86.Build.0 = Debug|Any CPU
		{4B7AD32B-AA31-404C-B855-D902BD39292E}.Release|Any CPU.ActiveCfg = Release|Any CPU
		{4B7AD32B-AA31-404C-B855-D902BD39292E}.Release|Any CPU.Build.0 = Release|Any CPU
		{4B7AD32B-AA31-404C-B855-D902BD39292E}.Release|x64.ActiveCfg = Release|Any CPU
		{4B7AD32B-AA31-404C-B855-D902BD39292E}.Release|x64.Build.0 = Release|Any CPU
		{4B7AD32B-AA31-404C-B855-D902BD39292E}.Release|x86.ActiveCfg = Release|Any CPU
		{4B7AD32B-AA31-404C-B855-D902BD39292E}.Release|x86.Build.0 = Release|Any CPU
		{DB4ADEF6-D7CE-473E-889E-7B7820D9F042}.Debug|Any CPU.ActiveCfg = Debug|Any CPU
		{DB4ADEF6-D7CE-473E-889E-7B7820D9F042}.Debug|Any CPU.Build.0 = Debug|Any CPU
		{DB4ADEF6-D7CE-473E-889E-7B7820D9F042}.Debug|x64.ActiveCfg = Debug|Any CPU
		{DB4ADEF6-D7CE-473E-889E-7B7820D9F042}.Debug|x64.Build.0 = Debug|Any CPU
		{DB4ADEF6-D7CE-473E-889E-7B7820D9F042}.Debug|x86.ActiveCfg = Debug|Any CPU
		{DB4ADEF6-D7CE-473E-889E-7B7820D9F042}.Debug|x86.Build.0 = Debug|Any CPU
		{DB4ADEF6-D7CE-473E-889E-7B7820D9F042}.Release|Any CPU.ActiveCfg = Release|Any CPU
		{DB4ADEF6-D7CE-473E-889E-7B7820D9F042}.Release|Any CPU.Build.0 = Release|Any CPU
		{DB4ADEF6-D7CE-473E-889E-7B7820D9F042}.Release|x64.ActiveCfg = Release|Any CPU
		{DB4ADEF6-D7CE-473E-889E-7B7820D9F042}.Release|x64.Build.0 = Release|Any CPU
		{DB4ADEF6-D7CE-473E-889E-7B7820D9F042}.Release|x86.ActiveCfg = Release|Any CPU
		{DB4ADEF6-D7CE-473E-889E-7B7820D9F042}.Release|x86.Build.0 = Release|Any CPU
		{66EA6FC7-D2F7-4EE3-925C-FA8877646F1B}.Debug|Any CPU.ActiveCfg = Debug|Any CPU
		{66EA6FC7-D2F7-4EE3-925C-FA8877646F1B}.Debug|Any CPU.Build.0 = Debug|Any CPU
		{66EA6FC7-D2F7-4EE3-925C-FA8877646F1B}.Debug|x64.ActiveCfg = Debug|Any CPU
		{66EA6FC7-D2F7-4EE3-925C-FA8877646F1B}.Debug|x64.Build.0 = Debug|Any CPU
		{66EA6FC7-D2F7-4EE3-925C-FA8877646F1B}.Debug|x86.ActiveCfg = Debug|Any CPU
		{66EA6FC7-D2F7-4EE3-925C-FA8877646F1B}.Debug|x86.Build.0 = Debug|Any CPU
		{66EA6FC7-D2F7-4EE3-925C-FA8877646F1B}.Release|Any CPU.ActiveCfg = Release|Any CPU
		{66EA6FC7-D2F7-4EE3-925C-FA8877646F1B}.Release|Any CPU.Build.0 = Release|Any CPU
		{66EA6FC7-D2F7-4EE3-925C-FA8877646F1B}.Release|x64.ActiveCfg = Release|Any CPU
		{66EA6FC7-D2F7-4EE3-925C-FA8877646F1B}.Release|x64.Build.0 = Release|Any CPU
		{66EA6FC7-D2F7-4EE3-925C-FA8877646F1B}.Release|x86.ActiveCfg = Release|Any CPU
		{66EA6FC7-D2F7-4EE3-925C-FA8877646F1B}.Release|x86.Build.0 = Release|Any CPU
		{509426A0-967B-4666-9024-803829973CD2}.Debug|Any CPU.ActiveCfg = Debug|Any CPU
		{509426A0-967B-4666-9024-803829973CD2}.Debug|Any CPU.Build.0 = Debug|Any CPU
		{509426A0-967B-4666-9024-803829973CD2}.Debug|x64.ActiveCfg = Debug|Any CPU
		{509426A0-967B-4666-9024-803829973CD2}.Debug|x64.Build.0 = Debug|Any CPU
		{509426A0-967B-4666-9024-803829973CD2}.Debug|x86.ActiveCfg = Debug|Any CPU
		{509426A0-967B-4666-9024-803829973CD2}.Debug|x86.Build.0 = Debug|Any CPU
		{509426A0-967B-4666-9024-803829973CD2}.Release|Any CPU.ActiveCfg = Release|Any CPU
		{509426A0-967B-4666-9024-803829973CD2}.Release|Any CPU.Build.0 = Release|Any CPU
		{509426A0-967B-4666-9024-803829973CD2}.Release|x64.ActiveCfg = Release|Any CPU
		{509426A0-967B-4666-9024-803829973CD2}.Release|x64.Build.0 = Release|Any CPU
		{509426A0-967B-4666-9024-803829973CD2}.Release|x86.ActiveCfg = Release|Any CPU
		{509426A0-967B-4666-9024-803829973CD2}.Release|x86.Build.0 = Release|Any CPU
		{BAAABB2B-F5DB-4F95-AF4A-45C935C36197}.Debug|Any CPU.ActiveCfg = Debug|Any CPU
		{BAAABB2B-F5DB-4F95-AF4A-45C935C36197}.Debug|Any CPU.Build.0 = Debug|Any CPU
		{BAAABB2B-F5DB-4F95-AF4A-45C935C36197}.Debug|x64.ActiveCfg = Debug|Any CPU
		{BAAABB2B-F5DB-4F95-AF4A-45C935C36197}.Debug|x64.Build.0 = Debug|Any CPU
		{BAAABB2B-F5DB-4F95-AF4A-45C935C36197}.Debug|x86.ActiveCfg = Debug|Any CPU
		{BAAABB2B-F5DB-4F95-AF4A-45C935C36197}.Debug|x86.Build.0 = Debug|Any CPU
		{BAAABB2B-F5DB-4F95-AF4A-45C935C36197}.Release|Any CPU.ActiveCfg = Release|Any CPU
		{BAAABB2B-F5DB-4F95-AF4A-45C935C36197}.Release|Any CPU.Build.0 = Release|Any CPU
		{BAAABB2B-F5DB-4F95-AF4A-45C935C36197}.Release|x64.ActiveCfg = Release|Any CPU
		{BAAABB2B-F5DB-4F95-AF4A-45C935C36197}.Release|x64.Build.0 = Release|Any CPU
		{BAAABB2B-F5DB-4F95-AF4A-45C935C36197}.Release|x86.ActiveCfg = Release|Any CPU
		{BAAABB2B-F5DB-4F95-AF4A-45C935C36197}.Release|x86.Build.0 = Release|Any CPU
		{211120AC-CCBC-45AB-8EAB-B4446A46B5E6}.Debug|Any CPU.ActiveCfg = Debug|Any CPU
		{211120AC-CCBC-45AB-8EAB-B4446A46B5E6}.Debug|Any CPU.Build.0 = Debug|Any CPU
		{211120AC-CCBC-45AB-8EAB-B4446A46B5E6}.Debug|x64.ActiveCfg = Debug|Any CPU
		{211120AC-CCBC-45AB-8EAB-B4446A46B5E6}.Debug|x64.Build.0 = Debug|Any CPU
		{211120AC-CCBC-45AB-8EAB-B4446A46B5E6}.Debug|x86.ActiveCfg = Debug|Any CPU
		{211120AC-CCBC-45AB-8EAB-B4446A46B5E6}.Debug|x86.Build.0 = Debug|Any CPU
		{211120AC-CCBC-45AB-8EAB-B4446A46B5E6}.Release|Any CPU.ActiveCfg = Release|Any CPU
		{211120AC-CCBC-45AB-8EAB-B4446A46B5E6}.Release|Any CPU.Build.0 = Release|Any CPU
		{211120AC-CCBC-45AB-8EAB-B4446A46B5E6}.Release|x64.ActiveCfg = Release|Any CPU
		{211120AC-CCBC-45AB-8EAB-B4446A46B5E6}.Release|x64.Build.0 = Release|Any CPU
		{211120AC-CCBC-45AB-8EAB-B4446A46B5E6}.Release|x86.ActiveCfg = Release|Any CPU
		{211120AC-CCBC-45AB-8EAB-B4446A46B5E6}.Release|x86.Build.0 = Release|Any CPU
		{1EE50277-04EC-43C3-8365-B2ED5355DAE4}.Debug|Any CPU.ActiveCfg = Debug|Any CPU
		{1EE50277-04EC-43C3-8365-B2ED5355DAE4}.Debug|Any CPU.Build.0 = Debug|Any CPU
		{1EE50277-04EC-43C3-8365-B2ED5355DAE4}.Debug|x64.ActiveCfg = Debug|Any CPU
		{1EE50277-04EC-43C3-8365-B2ED5355DAE4}.Debug|x64.Build.0 = Debug|Any CPU
		{1EE50277-04EC-43C3-8365-B2ED5355DAE4}.Debug|x86.ActiveCfg = Debug|Any CPU
		{1EE50277-04EC-43C3-8365-B2ED5355DAE4}.Debug|x86.Build.0 = Debug|Any CPU
		{1EE50277-04EC-43C3-8365-B2ED5355DAE4}.Release|Any CPU.ActiveCfg = Release|Any CPU
		{1EE50277-04EC-43C3-8365-B2ED5355DAE4}.Release|Any CPU.Build.0 = Release|Any CPU
		{1EE50277-04EC-43C3-8365-B2ED5355DAE4}.Release|x64.ActiveCfg = Release|Any CPU
		{1EE50277-04EC-43C3-8365-B2ED5355DAE4}.Release|x64.Build.0 = Release|Any CPU
		{1EE50277-04EC-43C3-8365-B2ED5355DAE4}.Release|x86.ActiveCfg = Release|Any CPU
		{1EE50277-04EC-43C3-8365-B2ED5355DAE4}.Release|x86.Build.0 = Release|Any CPU
		{65FAB6C2-8190-43EF-9987-0AF9FD9CDE95}.Debug|Any CPU.ActiveCfg = Debug|Any CPU
		{65FAB6C2-8190-43EF-9987-0AF9FD9CDE95}.Debug|Any CPU.Build.0 = Debug|Any CPU
		{65FAB6C2-8190-43EF-9987-0AF9FD9CDE95}.Debug|x64.ActiveCfg = Debug|Any CPU
		{65FAB6C2-8190-43EF-9987-0AF9FD9CDE95}.Debug|x64.Build.0 = Debug|Any CPU
		{65FAB6C2-8190-43EF-9987-0AF9FD9CDE95}.Debug|x86.ActiveCfg = Debug|Any CPU
		{65FAB6C2-8190-43EF-9987-0AF9FD9CDE95}.Debug|x86.Build.0 = Debug|Any CPU
		{65FAB6C2-8190-43EF-9987-0AF9FD9CDE95}.Release|Any CPU.ActiveCfg = Release|Any CPU
		{65FAB6C2-8190-43EF-9987-0AF9FD9CDE95}.Release|Any CPU.Build.0 = Release|Any CPU
		{65FAB6C2-8190-43EF-9987-0AF9FD9CDE95}.Release|x64.ActiveCfg = Release|Any CPU
		{65FAB6C2-8190-43EF-9987-0AF9FD9CDE95}.Release|x64.Build.0 = Release|Any CPU
		{65FAB6C2-8190-43EF-9987-0AF9FD9CDE95}.Release|x86.ActiveCfg = Release|Any CPU
		{65FAB6C2-8190-43EF-9987-0AF9FD9CDE95}.Release|x86.Build.0 = Release|Any CPU
		{F25E6660-ADD6-451B-8D0F-AC3C15787678}.Debug|Any CPU.ActiveCfg = Debug|Any CPU
		{F25E6660-ADD6-451B-8D0F-AC3C15787678}.Debug|Any CPU.Build.0 = Debug|Any CPU
		{F25E6660-ADD6-451B-8D0F-AC3C15787678}.Debug|x64.ActiveCfg = Debug|Any CPU
		{F25E6660-ADD6-451B-8D0F-AC3C15787678}.Debug|x64.Build.0 = Debug|Any CPU
		{F25E6660-ADD6-451B-8D0F-AC3C15787678}.Debug|x86.ActiveCfg = Debug|Any CPU
		{F25E6660-ADD6-451B-8D0F-AC3C15787678}.Debug|x86.Build.0 = Debug|Any CPU
		{F25E6660-ADD6-451B-8D0F-AC3C15787678}.Release|Any CPU.ActiveCfg = Release|Any CPU
		{F25E6660-ADD6-451B-8D0F-AC3C15787678}.Release|Any CPU.Build.0 = Release|Any CPU
		{F25E6660-ADD6-451B-8D0F-AC3C15787678}.Release|x64.ActiveCfg = Release|Any CPU
		{F25E6660-ADD6-451B-8D0F-AC3C15787678}.Release|x64.Build.0 = Release|Any CPU
		{F25E6660-ADD6-451B-8D0F-AC3C15787678}.Release|x86.ActiveCfg = Release|Any CPU
		{F25E6660-ADD6-451B-8D0F-AC3C15787678}.Release|x86.Build.0 = Release|Any CPU
		{C38895DF-777D-4433-9338-AA6B40A451E0}.Debug|Any CPU.ActiveCfg = Debug|Any CPU
		{C38895DF-777D-4433-9338-AA6B40A451E0}.Debug|Any CPU.Build.0 = Debug|Any CPU
		{C38895DF-777D-4433-9338-AA6B40A451E0}.Debug|x64.ActiveCfg = Debug|Any CPU
		{C38895DF-777D-4433-9338-AA6B40A451E0}.Debug|x64.Build.0 = Debug|Any CPU
		{C38895DF-777D-4433-9338-AA6B40A451E0}.Debug|x86.ActiveCfg = Debug|Any CPU
		{C38895DF-777D-4433-9338-AA6B40A451E0}.Debug|x86.Build.0 = Debug|Any CPU
		{C38895DF-777D-4433-9338-AA6B40A451E0}.Release|Any CPU.ActiveCfg = Release|Any CPU
		{C38895DF-777D-4433-9338-AA6B40A451E0}.Release|Any CPU.Build.0 = Release|Any CPU
		{C38895DF-777D-4433-9338-AA6B40A451E0}.Release|x64.ActiveCfg = Release|Any CPU
		{C38895DF-777D-4433-9338-AA6B40A451E0}.Release|x64.Build.0 = Release|Any CPU
		{C38895DF-777D-4433-9338-AA6B40A451E0}.Release|x86.ActiveCfg = Release|Any CPU
		{C38895DF-777D-4433-9338-AA6B40A451E0}.Release|x86.Build.0 = Release|Any CPU
		{E31FD9BD-9953-4930-BF9D-81CE148097FF}.Debug|Any CPU.ActiveCfg = Debug|Any CPU
		{E31FD9BD-9953-4930-BF9D-81CE148097FF}.Debug|Any CPU.Build.0 = Debug|Any CPU
		{E31FD9BD-9953-4930-BF9D-81CE148097FF}.Debug|x64.ActiveCfg = Debug|Any CPU
		{E31FD9BD-9953-4930-BF9D-81CE148097FF}.Debug|x64.Build.0 = Debug|Any CPU
		{E31FD9BD-9953-4930-BF9D-81CE148097FF}.Debug|x86.ActiveCfg = Debug|Any CPU
		{E31FD9BD-9953-4930-BF9D-81CE148097FF}.Debug|x86.Build.0 = Debug|Any CPU
		{E31FD9BD-9953-4930-BF9D-81CE148097FF}.Release|Any CPU.ActiveCfg = Release|Any CPU
		{E31FD9BD-9953-4930-BF9D-81CE148097FF}.Release|Any CPU.Build.0 = Release|Any CPU
		{E31FD9BD-9953-4930-BF9D-81CE148097FF}.Release|x64.ActiveCfg = Release|Any CPU
		{E31FD9BD-9953-4930-BF9D-81CE148097FF}.Release|x64.Build.0 = Release|Any CPU
		{E31FD9BD-9953-4930-BF9D-81CE148097FF}.Release|x86.ActiveCfg = Release|Any CPU
		{E31FD9BD-9953-4930-BF9D-81CE148097FF}.Release|x86.Build.0 = Release|Any CPU
		{C2AEC825-1A33-441A-A119-C76A7953B379}.Debug|Any CPU.ActiveCfg = Debug|Any CPU
		{C2AEC825-1A33-441A-A119-C76A7953B379}.Debug|Any CPU.Build.0 = Debug|Any CPU
		{C2AEC825-1A33-441A-A119-C76A7953B379}.Debug|x64.ActiveCfg = Debug|Any CPU
		{C2AEC825-1A33-441A-A119-C76A7953B379}.Debug|x64.Build.0 = Debug|Any CPU
		{C2AEC825-1A33-441A-A119-C76A7953B379}.Debug|x86.ActiveCfg = Debug|Any CPU
		{C2AEC825-1A33-441A-A119-C76A7953B379}.Debug|x86.Build.0 = Debug|Any CPU
		{C2AEC825-1A33-441A-A119-C76A7953B379}.Release|Any CPU.ActiveCfg = Release|Any CPU
		{C2AEC825-1A33-441A-A119-C76A7953B379}.Release|Any CPU.Build.0 = Release|Any CPU
		{C2AEC825-1A33-441A-A119-C76A7953B379}.Release|x64.ActiveCfg = Release|Any CPU
		{C2AEC825-1A33-441A-A119-C76A7953B379}.Release|x64.Build.0 = Release|Any CPU
		{C2AEC825-1A33-441A-A119-C76A7953B379}.Release|x86.ActiveCfg = Release|Any CPU
		{C2AEC825-1A33-441A-A119-C76A7953B379}.Release|x86.Build.0 = Release|Any CPU
		{D206F972-8400-4D59-9F4F-C8133075A3F8}.Debug|Any CPU.ActiveCfg = Debug|Any CPU
		{D206F972-8400-4D59-9F4F-C8133075A3F8}.Debug|Any CPU.Build.0 = Debug|Any CPU
		{D206F972-8400-4D59-9F4F-C8133075A3F8}.Debug|x64.ActiveCfg = Debug|Any CPU
		{D206F972-8400-4D59-9F4F-C8133075A3F8}.Debug|x64.Build.0 = Debug|Any CPU
		{D206F972-8400-4D59-9F4F-C8133075A3F8}.Debug|x86.ActiveCfg = Debug|Any CPU
		{D206F972-8400-4D59-9F4F-C8133075A3F8}.Debug|x86.Build.0 = Debug|Any CPU
		{D206F972-8400-4D59-9F4F-C8133075A3F8}.Release|Any CPU.ActiveCfg = Release|Any CPU
		{D206F972-8400-4D59-9F4F-C8133075A3F8}.Release|Any CPU.Build.0 = Release|Any CPU
		{D206F972-8400-4D59-9F4F-C8133075A3F8}.Release|x64.ActiveCfg = Release|Any CPU
		{D206F972-8400-4D59-9F4F-C8133075A3F8}.Release|x64.Build.0 = Release|Any CPU
		{D206F972-8400-4D59-9F4F-C8133075A3F8}.Release|x86.ActiveCfg = Release|Any CPU
		{D206F972-8400-4D59-9F4F-C8133075A3F8}.Release|x86.Build.0 = Release|Any CPU
		{23F03D80-0B97-4045-AA23-371E4EF7D89D}.Debug|Any CPU.ActiveCfg = Debug|Any CPU
		{23F03D80-0B97-4045-AA23-371E4EF7D89D}.Debug|Any CPU.Build.0 = Debug|Any CPU
		{23F03D80-0B97-4045-AA23-371E4EF7D89D}.Debug|x64.ActiveCfg = Debug|Any CPU
		{23F03D80-0B97-4045-AA23-371E4EF7D89D}.Debug|x64.Build.0 = Debug|Any CPU
		{23F03D80-0B97-4045-AA23-371E4EF7D89D}.Debug|x86.ActiveCfg = Debug|Any CPU
		{23F03D80-0B97-4045-AA23-371E4EF7D89D}.Debug|x86.Build.0 = Debug|Any CPU
		{23F03D80-0B97-4045-AA23-371E4EF7D89D}.Release|Any CPU.ActiveCfg = Release|Any CPU
		{23F03D80-0B97-4045-AA23-371E4EF7D89D}.Release|Any CPU.Build.0 = Release|Any CPU
		{23F03D80-0B97-4045-AA23-371E4EF7D89D}.Release|x64.ActiveCfg = Release|Any CPU
		{23F03D80-0B97-4045-AA23-371E4EF7D89D}.Release|x64.Build.0 = Release|Any CPU
		{23F03D80-0B97-4045-AA23-371E4EF7D89D}.Release|x86.ActiveCfg = Release|Any CPU
		{23F03D80-0B97-4045-AA23-371E4EF7D89D}.Release|x86.Build.0 = Release|Any CPU
		{B2B4625F-0AEE-4EFA-8B6D-10652D6E536E}.Debug|Any CPU.ActiveCfg = Debug|Any CPU
		{B2B4625F-0AEE-4EFA-8B6D-10652D6E536E}.Debug|Any CPU.Build.0 = Debug|Any CPU
		{B2B4625F-0AEE-4EFA-8B6D-10652D6E536E}.Debug|x64.ActiveCfg = Debug|Any CPU
		{B2B4625F-0AEE-4EFA-8B6D-10652D6E536E}.Debug|x64.Build.0 = Debug|Any CPU
		{B2B4625F-0AEE-4EFA-8B6D-10652D6E536E}.Debug|x86.ActiveCfg = Debug|Any CPU
		{B2B4625F-0AEE-4EFA-8B6D-10652D6E536E}.Debug|x86.Build.0 = Debug|Any CPU
		{B2B4625F-0AEE-4EFA-8B6D-10652D6E536E}.Release|Any CPU.ActiveCfg = Release|Any CPU
		{B2B4625F-0AEE-4EFA-8B6D-10652D6E536E}.Release|Any CPU.Build.0 = Release|Any CPU
		{B2B4625F-0AEE-4EFA-8B6D-10652D6E536E}.Release|x64.ActiveCfg = Release|Any CPU
		{B2B4625F-0AEE-4EFA-8B6D-10652D6E536E}.Release|x64.Build.0 = Release|Any CPU
		{B2B4625F-0AEE-4EFA-8B6D-10652D6E536E}.Release|x86.ActiveCfg = Release|Any CPU
		{B2B4625F-0AEE-4EFA-8B6D-10652D6E536E}.Release|x86.Build.0 = Release|Any CPU
		{648A3C8C-4A6B-4EC8-A1CD-F586F56B78E0}.Debug|Any CPU.ActiveCfg = Debug|Any CPU
		{648A3C8C-4A6B-4EC8-A1CD-F586F56B78E0}.Debug|Any CPU.Build.0 = Debug|Any CPU
		{648A3C8C-4A6B-4EC8-A1CD-F586F56B78E0}.Debug|x64.ActiveCfg = Debug|Any CPU
		{648A3C8C-4A6B-4EC8-A1CD-F586F56B78E0}.Debug|x64.Build.0 = Debug|Any CPU
		{648A3C8C-4A6B-4EC8-A1CD-F586F56B78E0}.Debug|x86.ActiveCfg = Debug|Any CPU
		{648A3C8C-4A6B-4EC8-A1CD-F586F56B78E0}.Debug|x86.Build.0 = Debug|Any CPU
		{648A3C8C-4A6B-4EC8-A1CD-F586F56B78E0}.Release|Any CPU.ActiveCfg = Release|Any CPU
		{648A3C8C-4A6B-4EC8-A1CD-F586F56B78E0}.Release|Any CPU.Build.0 = Release|Any CPU
		{648A3C8C-4A6B-4EC8-A1CD-F586F56B78E0}.Release|x64.ActiveCfg = Release|Any CPU
		{648A3C8C-4A6B-4EC8-A1CD-F586F56B78E0}.Release|x64.Build.0 = Release|Any CPU
		{648A3C8C-4A6B-4EC8-A1CD-F586F56B78E0}.Release|x86.ActiveCfg = Release|Any CPU
		{648A3C8C-4A6B-4EC8-A1CD-F586F56B78E0}.Release|x86.Build.0 = Release|Any CPU
		{E3AE7642-CFF6-48A7-9166-81B4007B0E1C}.Debug|Any CPU.ActiveCfg = Debug|Any CPU
		{E3AE7642-CFF6-48A7-9166-81B4007B0E1C}.Debug|Any CPU.Build.0 = Debug|Any CPU
		{E3AE7642-CFF6-48A7-9166-81B4007B0E1C}.Debug|x64.ActiveCfg = Debug|Any CPU
		{E3AE7642-CFF6-48A7-9166-81B4007B0E1C}.Debug|x64.Build.0 = Debug|Any CPU
		{E3AE7642-CFF6-48A7-9166-81B4007B0E1C}.Debug|x86.ActiveCfg = Debug|Any CPU
		{E3AE7642-CFF6-48A7-9166-81B4007B0E1C}.Debug|x86.Build.0 = Debug|Any CPU
		{E3AE7642-CFF6-48A7-9166-81B4007B0E1C}.Release|Any CPU.ActiveCfg = Release|Any CPU
		{E3AE7642-CFF6-48A7-9166-81B4007B0E1C}.Release|Any CPU.Build.0 = Release|Any CPU
		{E3AE7642-CFF6-48A7-9166-81B4007B0E1C}.Release|x64.ActiveCfg = Release|Any CPU
		{E3AE7642-CFF6-48A7-9166-81B4007B0E1C}.Release|x64.Build.0 = Release|Any CPU
		{E3AE7642-CFF6-48A7-9166-81B4007B0E1C}.Release|x86.ActiveCfg = Release|Any CPU
		{E3AE7642-CFF6-48A7-9166-81B4007B0E1C}.Release|x86.Build.0 = Release|Any CPU
		{FE44F622-6DE0-4FCD-BDCA-6B615634CA0C}.Debug|Any CPU.ActiveCfg = Debug|Any CPU
		{FE44F622-6DE0-4FCD-BDCA-6B615634CA0C}.Debug|Any CPU.Build.0 = Debug|Any CPU
		{FE44F622-6DE0-4FCD-BDCA-6B615634CA0C}.Debug|x64.ActiveCfg = Debug|Any CPU
		{FE44F622-6DE0-4FCD-BDCA-6B615634CA0C}.Debug|x64.Build.0 = Debug|Any CPU
		{FE44F622-6DE0-4FCD-BDCA-6B615634CA0C}.Debug|x86.ActiveCfg = Debug|Any CPU
		{FE44F622-6DE0-4FCD-BDCA-6B615634CA0C}.Debug|x86.Build.0 = Debug|Any CPU
		{FE44F622-6DE0-4FCD-BDCA-6B615634CA0C}.Release|Any CPU.ActiveCfg = Release|Any CPU
		{FE44F622-6DE0-4FCD-BDCA-6B615634CA0C}.Release|Any CPU.Build.0 = Release|Any CPU
		{FE44F622-6DE0-4FCD-BDCA-6B615634CA0C}.Release|x64.ActiveCfg = Release|Any CPU
		{FE44F622-6DE0-4FCD-BDCA-6B615634CA0C}.Release|x64.Build.0 = Release|Any CPU
		{FE44F622-6DE0-4FCD-BDCA-6B615634CA0C}.Release|x86.ActiveCfg = Release|Any CPU
		{FE44F622-6DE0-4FCD-BDCA-6B615634CA0C}.Release|x86.Build.0 = Release|Any CPU
		{56D7C7C0-305A-40D9-8DE3-DA543274813E}.Debug|Any CPU.ActiveCfg = Debug|Any CPU
		{56D7C7C0-305A-40D9-8DE3-DA543274813E}.Debug|Any CPU.Build.0 = Debug|Any CPU
		{56D7C7C0-305A-40D9-8DE3-DA543274813E}.Debug|x64.ActiveCfg = Debug|Any CPU
		{56D7C7C0-305A-40D9-8DE3-DA543274813E}.Debug|x64.Build.0 = Debug|Any CPU
		{56D7C7C0-305A-40D9-8DE3-DA543274813E}.Debug|x86.ActiveCfg = Debug|Any CPU
		{56D7C7C0-305A-40D9-8DE3-DA543274813E}.Debug|x86.Build.0 = Debug|Any CPU
		{56D7C7C0-305A-40D9-8DE3-DA543274813E}.Release|Any CPU.ActiveCfg = Release|Any CPU
		{56D7C7C0-305A-40D9-8DE3-DA543274813E}.Release|Any CPU.Build.0 = Release|Any CPU
		{56D7C7C0-305A-40D9-8DE3-DA543274813E}.Release|x64.ActiveCfg = Release|Any CPU
		{56D7C7C0-305A-40D9-8DE3-DA543274813E}.Release|x64.Build.0 = Release|Any CPU
		{56D7C7C0-305A-40D9-8DE3-DA543274813E}.Release|x86.ActiveCfg = Release|Any CPU
		{56D7C7C0-305A-40D9-8DE3-DA543274813E}.Release|x86.Build.0 = Release|Any CPU
		{82A4B7F3-DCB0-4D36-995E-0C922ABBC02C}.Debug|Any CPU.ActiveCfg = Debug|Any CPU
		{82A4B7F3-DCB0-4D36-995E-0C922ABBC02C}.Debug|Any CPU.Build.0 = Debug|Any CPU
		{82A4B7F3-DCB0-4D36-995E-0C922ABBC02C}.Debug|x64.ActiveCfg = Debug|Any CPU
		{82A4B7F3-DCB0-4D36-995E-0C922ABBC02C}.Debug|x64.Build.0 = Debug|Any CPU
		{82A4B7F3-DCB0-4D36-995E-0C922ABBC02C}.Debug|x86.ActiveCfg = Debug|Any CPU
		{82A4B7F3-DCB0-4D36-995E-0C922ABBC02C}.Debug|x86.Build.0 = Debug|Any CPU
		{82A4B7F3-DCB0-4D36-995E-0C922ABBC02C}.Release|Any CPU.ActiveCfg = Release|Any CPU
		{82A4B7F3-DCB0-4D36-995E-0C922ABBC02C}.Release|Any CPU.Build.0 = Release|Any CPU
		{82A4B7F3-DCB0-4D36-995E-0C922ABBC02C}.Release|x64.ActiveCfg = Release|Any CPU
		{82A4B7F3-DCB0-4D36-995E-0C922ABBC02C}.Release|x64.Build.0 = Release|Any CPU
		{82A4B7F3-DCB0-4D36-995E-0C922ABBC02C}.Release|x86.ActiveCfg = Release|Any CPU
		{82A4B7F3-DCB0-4D36-995E-0C922ABBC02C}.Release|x86.Build.0 = Release|Any CPU
		{AFF28C92-FD47-417B-BF45-D68C809B3596}.Debug|Any CPU.ActiveCfg = Debug|Any CPU
		{AFF28C92-FD47-417B-BF45-D68C809B3596}.Debug|Any CPU.Build.0 = Debug|Any CPU
		{AFF28C92-FD47-417B-BF45-D68C809B3596}.Debug|x64.ActiveCfg = Debug|Any CPU
		{AFF28C92-FD47-417B-BF45-D68C809B3596}.Debug|x64.Build.0 = Debug|Any CPU
		{AFF28C92-FD47-417B-BF45-D68C809B3596}.Debug|x86.ActiveCfg = Debug|Any CPU
		{AFF28C92-FD47-417B-BF45-D68C809B3596}.Debug|x86.Build.0 = Debug|Any CPU
		{AFF28C92-FD47-417B-BF45-D68C809B3596}.Release|Any CPU.ActiveCfg = Release|Any CPU
		{AFF28C92-FD47-417B-BF45-D68C809B3596}.Release|Any CPU.Build.0 = Release|Any CPU
		{AFF28C92-FD47-417B-BF45-D68C809B3596}.Release|x64.ActiveCfg = Release|Any CPU
		{AFF28C92-FD47-417B-BF45-D68C809B3596}.Release|x64.Build.0 = Release|Any CPU
		{AFF28C92-FD47-417B-BF45-D68C809B3596}.Release|x86.ActiveCfg = Release|Any CPU
		{AFF28C92-FD47-417B-BF45-D68C809B3596}.Release|x86.Build.0 = Release|Any CPU
		{6AF154BF-9C3A-485C-BA14-1352F04BB9DB}.Debug|Any CPU.ActiveCfg = Debug|Any CPU
		{6AF154BF-9C3A-485C-BA14-1352F04BB9DB}.Debug|Any CPU.Build.0 = Debug|Any CPU
		{6AF154BF-9C3A-485C-BA14-1352F04BB9DB}.Debug|x64.ActiveCfg = Debug|Any CPU
		{6AF154BF-9C3A-485C-BA14-1352F04BB9DB}.Debug|x64.Build.0 = Debug|Any CPU
		{6AF154BF-9C3A-485C-BA14-1352F04BB9DB}.Debug|x86.ActiveCfg = Debug|Any CPU
		{6AF154BF-9C3A-485C-BA14-1352F04BB9DB}.Debug|x86.Build.0 = Debug|Any CPU
		{6AF154BF-9C3A-485C-BA14-1352F04BB9DB}.Release|Any CPU.ActiveCfg = Release|Any CPU
		{6AF154BF-9C3A-485C-BA14-1352F04BB9DB}.Release|Any CPU.Build.0 = Release|Any CPU
		{6AF154BF-9C3A-485C-BA14-1352F04BB9DB}.Release|x64.ActiveCfg = Release|Any CPU
		{6AF154BF-9C3A-485C-BA14-1352F04BB9DB}.Release|x64.Build.0 = Release|Any CPU
		{6AF154BF-9C3A-485C-BA14-1352F04BB9DB}.Release|x86.ActiveCfg = Release|Any CPU
		{6AF154BF-9C3A-485C-BA14-1352F04BB9DB}.Release|x86.Build.0 = Release|Any CPU
		{182F5434-7896-42F4-B377-A14203687C57}.Debug|Any CPU.ActiveCfg = Debug|Any CPU
		{182F5434-7896-42F4-B377-A14203687C57}.Debug|Any CPU.Build.0 = Debug|Any CPU
		{182F5434-7896-42F4-B377-A14203687C57}.Debug|x64.ActiveCfg = Debug|Any CPU
		{182F5434-7896-42F4-B377-A14203687C57}.Debug|x64.Build.0 = Debug|Any CPU
		{182F5434-7896-42F4-B377-A14203687C57}.Debug|x86.ActiveCfg = Debug|Any CPU
		{182F5434-7896-42F4-B377-A14203687C57}.Debug|x86.Build.0 = Debug|Any CPU
		{182F5434-7896-42F4-B377-A14203687C57}.Release|Any CPU.ActiveCfg = Release|Any CPU
		{182F5434-7896-42F4-B377-A14203687C57}.Release|Any CPU.Build.0 = Release|Any CPU
		{182F5434-7896-42F4-B377-A14203687C57}.Release|x64.ActiveCfg = Release|Any CPU
		{182F5434-7896-42F4-B377-A14203687C57}.Release|x64.Build.0 = Release|Any CPU
		{182F5434-7896-42F4-B377-A14203687C57}.Release|x86.ActiveCfg = Release|Any CPU
		{182F5434-7896-42F4-B377-A14203687C57}.Release|x86.Build.0 = Release|Any CPU
		{9A99255F-518B-42E3-AE95-50774D16A743}.Debug|Any CPU.ActiveCfg = Debug|Any CPU
		{9A99255F-518B-42E3-AE95-50774D16A743}.Debug|Any CPU.Build.0 = Debug|Any CPU
		{9A99255F-518B-42E3-AE95-50774D16A743}.Debug|x64.ActiveCfg = Debug|Any CPU
		{9A99255F-518B-42E3-AE95-50774D16A743}.Debug|x64.Build.0 = Debug|Any CPU
		{9A99255F-518B-42E3-AE95-50774D16A743}.Debug|x86.ActiveCfg = Debug|Any CPU
		{9A99255F-518B-42E3-AE95-50774D16A743}.Debug|x86.Build.0 = Debug|Any CPU
		{9A99255F-518B-42E3-AE95-50774D16A743}.Release|Any CPU.ActiveCfg = Release|Any CPU
		{9A99255F-518B-42E3-AE95-50774D16A743}.Release|Any CPU.Build.0 = Release|Any CPU
		{9A99255F-518B-42E3-AE95-50774D16A743}.Release|x64.ActiveCfg = Release|Any CPU
		{9A99255F-518B-42E3-AE95-50774D16A743}.Release|x64.Build.0 = Release|Any CPU
		{9A99255F-518B-42E3-AE95-50774D16A743}.Release|x86.ActiveCfg = Release|Any CPU
		{9A99255F-518B-42E3-AE95-50774D16A743}.Release|x86.Build.0 = Release|Any CPU
		{55357DFE-FFFA-4896-AC73-AEB3CAC67B5C}.Debug|Any CPU.ActiveCfg = Debug|Any CPU
		{55357DFE-FFFA-4896-AC73-AEB3CAC67B5C}.Debug|Any CPU.Build.0 = Debug|Any CPU
		{55357DFE-FFFA-4896-AC73-AEB3CAC67B5C}.Debug|x64.ActiveCfg = Debug|Any CPU
		{55357DFE-FFFA-4896-AC73-AEB3CAC67B5C}.Debug|x64.Build.0 = Debug|Any CPU
		{55357DFE-FFFA-4896-AC73-AEB3CAC67B5C}.Debug|x86.ActiveCfg = Debug|Any CPU
		{55357DFE-FFFA-4896-AC73-AEB3CAC67B5C}.Debug|x86.Build.0 = Debug|Any CPU
		{55357DFE-FFFA-4896-AC73-AEB3CAC67B5C}.Release|Any CPU.ActiveCfg = Release|Any CPU
		{55357DFE-FFFA-4896-AC73-AEB3CAC67B5C}.Release|Any CPU.Build.0 = Release|Any CPU
		{55357DFE-FFFA-4896-AC73-AEB3CAC67B5C}.Release|x64.ActiveCfg = Release|Any CPU
		{55357DFE-FFFA-4896-AC73-AEB3CAC67B5C}.Release|x64.Build.0 = Release|Any CPU
		{55357DFE-FFFA-4896-AC73-AEB3CAC67B5C}.Release|x86.ActiveCfg = Release|Any CPU
		{55357DFE-FFFA-4896-AC73-AEB3CAC67B5C}.Release|x86.Build.0 = Release|Any CPU
		{61D77238-EA7E-4C77-8795-158A57E4978C}.Debug|Any CPU.ActiveCfg = Debug|Any CPU
		{61D77238-EA7E-4C77-8795-158A57E4978C}.Debug|Any CPU.Build.0 = Debug|Any CPU
		{61D77238-EA7E-4C77-8795-158A57E4978C}.Debug|x64.ActiveCfg = Debug|Any CPU
		{61D77238-EA7E-4C77-8795-158A57E4978C}.Debug|x64.Build.0 = Debug|Any CPU
		{61D77238-EA7E-4C77-8795-158A57E4978C}.Debug|x86.ActiveCfg = Debug|Any CPU
		{61D77238-EA7E-4C77-8795-158A57E4978C}.Debug|x86.Build.0 = Debug|Any CPU
		{61D77238-EA7E-4C77-8795-158A57E4978C}.Release|Any CPU.ActiveCfg = Release|Any CPU
		{61D77238-EA7E-4C77-8795-158A57E4978C}.Release|Any CPU.Build.0 = Release|Any CPU
		{61D77238-EA7E-4C77-8795-158A57E4978C}.Release|x64.ActiveCfg = Release|Any CPU
		{61D77238-EA7E-4C77-8795-158A57E4978C}.Release|x64.Build.0 = Release|Any CPU
		{61D77238-EA7E-4C77-8795-158A57E4978C}.Release|x86.ActiveCfg = Release|Any CPU
		{61D77238-EA7E-4C77-8795-158A57E4978C}.Release|x86.Build.0 = Release|Any CPU
		{499FD8E6-D7DC-4295-AD35-517814CAE3AF}.Debug|Any CPU.ActiveCfg = Debug|Any CPU
		{499FD8E6-D7DC-4295-AD35-517814CAE3AF}.Debug|Any CPU.Build.0 = Debug|Any CPU
		{499FD8E6-D7DC-4295-AD35-517814CAE3AF}.Debug|x64.ActiveCfg = Debug|Any CPU
		{499FD8E6-D7DC-4295-AD35-517814CAE3AF}.Debug|x64.Build.0 = Debug|Any CPU
		{499FD8E6-D7DC-4295-AD35-517814CAE3AF}.Debug|x86.ActiveCfg = Debug|Any CPU
		{499FD8E6-D7DC-4295-AD35-517814CAE3AF}.Debug|x86.Build.0 = Debug|Any CPU
		{499FD8E6-D7DC-4295-AD35-517814CAE3AF}.Release|Any CPU.ActiveCfg = Release|Any CPU
		{499FD8E6-D7DC-4295-AD35-517814CAE3AF}.Release|Any CPU.Build.0 = Release|Any CPU
		{499FD8E6-D7DC-4295-AD35-517814CAE3AF}.Release|x64.ActiveCfg = Release|Any CPU
		{499FD8E6-D7DC-4295-AD35-517814CAE3AF}.Release|x64.Build.0 = Release|Any CPU
		{499FD8E6-D7DC-4295-AD35-517814CAE3AF}.Release|x86.ActiveCfg = Release|Any CPU
		{499FD8E6-D7DC-4295-AD35-517814CAE3AF}.Release|x86.Build.0 = Release|Any CPU
		{7646D694-EBEE-47C7-AD41-A1503B958B9C}.Debug|Any CPU.ActiveCfg = Debug|Any CPU
		{7646D694-EBEE-47C7-AD41-A1503B958B9C}.Debug|Any CPU.Build.0 = Debug|Any CPU
		{7646D694-EBEE-47C7-AD41-A1503B958B9C}.Debug|x64.ActiveCfg = Debug|Any CPU
		{7646D694-EBEE-47C7-AD41-A1503B958B9C}.Debug|x64.Build.0 = Debug|Any CPU
		{7646D694-EBEE-47C7-AD41-A1503B958B9C}.Debug|x86.ActiveCfg = Debug|Any CPU
		{7646D694-EBEE-47C7-AD41-A1503B958B9C}.Debug|x86.Build.0 = Debug|Any CPU
		{7646D694-EBEE-47C7-AD41-A1503B958B9C}.Release|Any CPU.ActiveCfg = Release|Any CPU
		{7646D694-EBEE-47C7-AD41-A1503B958B9C}.Release|Any CPU.Build.0 = Release|Any CPU
		{7646D694-EBEE-47C7-AD41-A1503B958B9C}.Release|x64.ActiveCfg = Release|Any CPU
		{7646D694-EBEE-47C7-AD41-A1503B958B9C}.Release|x64.Build.0 = Release|Any CPU
		{7646D694-EBEE-47C7-AD41-A1503B958B9C}.Release|x86.ActiveCfg = Release|Any CPU
		{7646D694-EBEE-47C7-AD41-A1503B958B9C}.Release|x86.Build.0 = Release|Any CPU
		{610C0EBD-E2B8-4157-971F-AB57133040AE}.Debug|Any CPU.ActiveCfg = Debug|Any CPU
		{610C0EBD-E2B8-4157-971F-AB57133040AE}.Debug|Any CPU.Build.0 = Debug|Any CPU
		{610C0EBD-E2B8-4157-971F-AB57133040AE}.Debug|x64.ActiveCfg = Debug|Any CPU
		{610C0EBD-E2B8-4157-971F-AB57133040AE}.Debug|x64.Build.0 = Debug|Any CPU
		{610C0EBD-E2B8-4157-971F-AB57133040AE}.Debug|x86.ActiveCfg = Debug|Any CPU
		{610C0EBD-E2B8-4157-971F-AB57133040AE}.Debug|x86.Build.0 = Debug|Any CPU
		{610C0EBD-E2B8-4157-971F-AB57133040AE}.Release|Any CPU.ActiveCfg = Release|Any CPU
		{610C0EBD-E2B8-4157-971F-AB57133040AE}.Release|Any CPU.Build.0 = Release|Any CPU
		{610C0EBD-E2B8-4157-971F-AB57133040AE}.Release|x64.ActiveCfg = Release|Any CPU
		{610C0EBD-E2B8-4157-971F-AB57133040AE}.Release|x64.Build.0 = Release|Any CPU
		{610C0EBD-E2B8-4157-971F-AB57133040AE}.Release|x86.ActiveCfg = Release|Any CPU
		{610C0EBD-E2B8-4157-971F-AB57133040AE}.Release|x86.Build.0 = Release|Any CPU
		{C0B9BAB1-C9C4-4220-8684-09871CAC92D5}.Debug|Any CPU.ActiveCfg = Debug|Any CPU
		{C0B9BAB1-C9C4-4220-8684-09871CAC92D5}.Debug|Any CPU.Build.0 = Debug|Any CPU
		{C0B9BAB1-C9C4-4220-8684-09871CAC92D5}.Debug|x64.ActiveCfg = Debug|Any CPU
		{C0B9BAB1-C9C4-4220-8684-09871CAC92D5}.Debug|x64.Build.0 = Debug|Any CPU
		{C0B9BAB1-C9C4-4220-8684-09871CAC92D5}.Debug|x86.ActiveCfg = Debug|Any CPU
		{C0B9BAB1-C9C4-4220-8684-09871CAC92D5}.Debug|x86.Build.0 = Debug|Any CPU
		{C0B9BAB1-C9C4-4220-8684-09871CAC92D5}.Release|Any CPU.ActiveCfg = Release|Any CPU
		{C0B9BAB1-C9C4-4220-8684-09871CAC92D5}.Release|Any CPU.Build.0 = Release|Any CPU
		{C0B9BAB1-C9C4-4220-8684-09871CAC92D5}.Release|x64.ActiveCfg = Release|Any CPU
		{C0B9BAB1-C9C4-4220-8684-09871CAC92D5}.Release|x64.Build.0 = Release|Any CPU
		{C0B9BAB1-C9C4-4220-8684-09871CAC92D5}.Release|x86.ActiveCfg = Release|Any CPU
		{C0B9BAB1-C9C4-4220-8684-09871CAC92D5}.Release|x86.Build.0 = Release|Any CPU
		{336D5C56-0046-43CE-920C-0BA18E14BCEC}.Debug|Any CPU.ActiveCfg = Debug|Any CPU
		{336D5C56-0046-43CE-920C-0BA18E14BCEC}.Debug|Any CPU.Build.0 = Debug|Any CPU
		{336D5C56-0046-43CE-920C-0BA18E14BCEC}.Debug|x64.ActiveCfg = Debug|Any CPU
		{336D5C56-0046-43CE-920C-0BA18E14BCEC}.Debug|x64.Build.0 = Debug|Any CPU
		{336D5C56-0046-43CE-920C-0BA18E14BCEC}.Debug|x86.ActiveCfg = Debug|Any CPU
		{336D5C56-0046-43CE-920C-0BA18E14BCEC}.Debug|x86.Build.0 = Debug|Any CPU
		{336D5C56-0046-43CE-920C-0BA18E14BCEC}.Release|Any CPU.ActiveCfg = Release|Any CPU
		{336D5C56-0046-43CE-920C-0BA18E14BCEC}.Release|Any CPU.Build.0 = Release|Any CPU
		{336D5C56-0046-43CE-920C-0BA18E14BCEC}.Release|x64.ActiveCfg = Release|Any CPU
		{336D5C56-0046-43CE-920C-0BA18E14BCEC}.Release|x64.Build.0 = Release|Any CPU
		{336D5C56-0046-43CE-920C-0BA18E14BCEC}.Release|x86.ActiveCfg = Release|Any CPU
		{336D5C56-0046-43CE-920C-0BA18E14BCEC}.Release|x86.Build.0 = Release|Any CPU
		{54AB095B-2810-4FE6-8C62-50BB6A2321D7}.Debug|Any CPU.ActiveCfg = Debug|Any CPU
		{54AB095B-2810-4FE6-8C62-50BB6A2321D7}.Debug|Any CPU.Build.0 = Debug|Any CPU
		{54AB095B-2810-4FE6-8C62-50BB6A2321D7}.Debug|x64.ActiveCfg = Debug|Any CPU
		{54AB095B-2810-4FE6-8C62-50BB6A2321D7}.Debug|x64.Build.0 = Debug|Any CPU
		{54AB095B-2810-4FE6-8C62-50BB6A2321D7}.Debug|x86.ActiveCfg = Debug|Any CPU
		{54AB095B-2810-4FE6-8C62-50BB6A2321D7}.Debug|x86.Build.0 = Debug|Any CPU
		{54AB095B-2810-4FE6-8C62-50BB6A2321D7}.Release|Any CPU.ActiveCfg = Release|Any CPU
		{54AB095B-2810-4FE6-8C62-50BB6A2321D7}.Release|Any CPU.Build.0 = Release|Any CPU
		{54AB095B-2810-4FE6-8C62-50BB6A2321D7}.Release|x64.ActiveCfg = Release|Any CPU
		{54AB095B-2810-4FE6-8C62-50BB6A2321D7}.Release|x64.Build.0 = Release|Any CPU
		{54AB095B-2810-4FE6-8C62-50BB6A2321D7}.Release|x86.ActiveCfg = Release|Any CPU
		{54AB095B-2810-4FE6-8C62-50BB6A2321D7}.Release|x86.Build.0 = Release|Any CPU
		{FC54D6EE-7E91-4FE7-8C40-EFAE83633505}.Debug|Any CPU.ActiveCfg = Debug|Any CPU
		{FC54D6EE-7E91-4FE7-8C40-EFAE83633505}.Debug|Any CPU.Build.0 = Debug|Any CPU
		{FC54D6EE-7E91-4FE7-8C40-EFAE83633505}.Debug|x64.ActiveCfg = Debug|Any CPU
		{FC54D6EE-7E91-4FE7-8C40-EFAE83633505}.Debug|x64.Build.0 = Debug|Any CPU
		{FC54D6EE-7E91-4FE7-8C40-EFAE83633505}.Debug|x86.ActiveCfg = Debug|Any CPU
		{FC54D6EE-7E91-4FE7-8C40-EFAE83633505}.Debug|x86.Build.0 = Debug|Any CPU
		{FC54D6EE-7E91-4FE7-8C40-EFAE83633505}.Release|Any CPU.ActiveCfg = Release|Any CPU
		{FC54D6EE-7E91-4FE7-8C40-EFAE83633505}.Release|Any CPU.Build.0 = Release|Any CPU
		{FC54D6EE-7E91-4FE7-8C40-EFAE83633505}.Release|x64.ActiveCfg = Release|Any CPU
		{FC54D6EE-7E91-4FE7-8C40-EFAE83633505}.Release|x64.Build.0 = Release|Any CPU
		{FC54D6EE-7E91-4FE7-8C40-EFAE83633505}.Release|x86.ActiveCfg = Release|Any CPU
		{FC54D6EE-7E91-4FE7-8C40-EFAE83633505}.Release|x86.Build.0 = Release|Any CPU
		{70C90304-30C5-4051-9340-B680AEE6EA64}.Debug|Any CPU.ActiveCfg = Debug|Any CPU
		{70C90304-30C5-4051-9340-B680AEE6EA64}.Debug|Any CPU.Build.0 = Debug|Any CPU
		{70C90304-30C5-4051-9340-B680AEE6EA64}.Debug|x64.ActiveCfg = Debug|Any CPU
		{70C90304-30C5-4051-9340-B680AEE6EA64}.Debug|x64.Build.0 = Debug|Any CPU
		{70C90304-30C5-4051-9340-B680AEE6EA64}.Debug|x86.ActiveCfg = Debug|Any CPU
		{70C90304-30C5-4051-9340-B680AEE6EA64}.Debug|x86.Build.0 = Debug|Any CPU
		{70C90304-30C5-4051-9340-B680AEE6EA64}.Release|Any CPU.ActiveCfg = Release|Any CPU
		{70C90304-30C5-4051-9340-B680AEE6EA64}.Release|Any CPU.Build.0 = Release|Any CPU
		{70C90304-30C5-4051-9340-B680AEE6EA64}.Release|x64.ActiveCfg = Release|Any CPU
		{70C90304-30C5-4051-9340-B680AEE6EA64}.Release|x64.Build.0 = Release|Any CPU
		{70C90304-30C5-4051-9340-B680AEE6EA64}.Release|x86.ActiveCfg = Release|Any CPU
		{70C90304-30C5-4051-9340-B680AEE6EA64}.Release|x86.Build.0 = Release|Any CPU
		{6F919416-A466-4710-A73A-BACBFA77B8E7}.Debug|Any CPU.ActiveCfg = Debug|Any CPU
		{6F919416-A466-4710-A73A-BACBFA77B8E7}.Debug|Any CPU.Build.0 = Debug|Any CPU
		{6F919416-A466-4710-A73A-BACBFA77B8E7}.Debug|x64.ActiveCfg = Debug|Any CPU
		{6F919416-A466-4710-A73A-BACBFA77B8E7}.Debug|x64.Build.0 = Debug|Any CPU
		{6F919416-A466-4710-A73A-BACBFA77B8E7}.Debug|x86.ActiveCfg = Debug|Any CPU
		{6F919416-A466-4710-A73A-BACBFA77B8E7}.Debug|x86.Build.0 = Debug|Any CPU
		{6F919416-A466-4710-A73A-BACBFA77B8E7}.Release|Any CPU.ActiveCfg = Release|Any CPU
		{6F919416-A466-4710-A73A-BACBFA77B8E7}.Release|Any CPU.Build.0 = Release|Any CPU
		{6F919416-A466-4710-A73A-BACBFA77B8E7}.Release|x64.ActiveCfg = Release|Any CPU
		{6F919416-A466-4710-A73A-BACBFA77B8E7}.Release|x64.Build.0 = Release|Any CPU
		{6F919416-A466-4710-A73A-BACBFA77B8E7}.Release|x86.ActiveCfg = Release|Any CPU
		{6F919416-A466-4710-A73A-BACBFA77B8E7}.Release|x86.Build.0 = Release|Any CPU
		{93998CC5-002C-4796-92BF-CEB99DFA619C}.Debug|Any CPU.ActiveCfg = Debug|Any CPU
		{93998CC5-002C-4796-92BF-CEB99DFA619C}.Debug|Any CPU.Build.0 = Debug|Any CPU
		{93998CC5-002C-4796-92BF-CEB99DFA619C}.Debug|x64.ActiveCfg = Debug|Any CPU
		{93998CC5-002C-4796-92BF-CEB99DFA619C}.Debug|x64.Build.0 = Debug|Any CPU
		{93998CC5-002C-4796-92BF-CEB99DFA619C}.Debug|x86.ActiveCfg = Debug|Any CPU
		{93998CC5-002C-4796-92BF-CEB99DFA619C}.Debug|x86.Build.0 = Debug|Any CPU
		{93998CC5-002C-4796-92BF-CEB99DFA619C}.Release|Any CPU.ActiveCfg = Release|Any CPU
		{93998CC5-002C-4796-92BF-CEB99DFA619C}.Release|Any CPU.Build.0 = Release|Any CPU
		{93998CC5-002C-4796-92BF-CEB99DFA619C}.Release|x64.ActiveCfg = Release|Any CPU
		{93998CC5-002C-4796-92BF-CEB99DFA619C}.Release|x64.Build.0 = Release|Any CPU
		{93998CC5-002C-4796-92BF-CEB99DFA619C}.Release|x86.ActiveCfg = Release|Any CPU
		{93998CC5-002C-4796-92BF-CEB99DFA619C}.Release|x86.Build.0 = Release|Any CPU
		{21342ABB-E09B-459F-8405-33743DC90EF6}.Debug|Any CPU.ActiveCfg = Debug|Any CPU
		{21342ABB-E09B-459F-8405-33743DC90EF6}.Debug|Any CPU.Build.0 = Debug|Any CPU
		{21342ABB-E09B-459F-8405-33743DC90EF6}.Debug|x64.ActiveCfg = Debug|Any CPU
		{21342ABB-E09B-459F-8405-33743DC90EF6}.Debug|x64.Build.0 = Debug|Any CPU
		{21342ABB-E09B-459F-8405-33743DC90EF6}.Debug|x86.ActiveCfg = Debug|Any CPU
		{21342ABB-E09B-459F-8405-33743DC90EF6}.Debug|x86.Build.0 = Debug|Any CPU
		{21342ABB-E09B-459F-8405-33743DC90EF6}.Release|Any CPU.ActiveCfg = Release|Any CPU
		{21342ABB-E09B-459F-8405-33743DC90EF6}.Release|Any CPU.Build.0 = Release|Any CPU
		{21342ABB-E09B-459F-8405-33743DC90EF6}.Release|x64.ActiveCfg = Release|Any CPU
		{21342ABB-E09B-459F-8405-33743DC90EF6}.Release|x64.Build.0 = Release|Any CPU
		{21342ABB-E09B-459F-8405-33743DC90EF6}.Release|x86.ActiveCfg = Release|Any CPU
		{21342ABB-E09B-459F-8405-33743DC90EF6}.Release|x86.Build.0 = Release|Any CPU
	EndGlobalSection
	GlobalSection(SolutionProperties) = preSolution
		HideSolutionNode = FALSE
	EndGlobalSection
	GlobalSection(ExtensibilityGlobals) = postSolution
		SolutionGuid = {712ED6C0-5F52-4F27-B3D2-B0273E92F5F0}
	EndGlobalSection
EndGlobal
