
Microsoft Visual Studio Solution File, Format Version 12.00
# Visual Studio 14
VisualStudioVersion = 14.0.22609.0
MinimumVisualStudioVersion = 10.0.40219.1
Project("{FAE04EC0-301F-11D3-BF4B-00C04F79EFBC}") = "Chapter18", "Chapter18\Chapter18.csproj", "{714EB5AB-A5D4-4D8B-8DA0-B69DDAFD52F6}"
EndProject
Project("{FAE04EC0-301F-11D3-BF4B-00C04F79EFBC}") = "Chapter19", "Chapter19\Chapter19.csproj", "{55357DFE-FFFA-4896-AC73-AEB3CAC67B5C}"
EndProject
Project("{2150E333-8FDC-42A3-9474-1A3956D46DE8}") = "Shared", "Shared", "{68DB6728-1F7D-4755-AE49-F6E913C4F86E}"
	ProjectSection(SolutionItems) = preProject
		Shared\PiCalculator+InternalPiDigitCalculator.cs = Shared\PiCalculator+InternalPiDigitCalculator.cs
		Shared\PiCalculator.cs = Shared\PiCalculator.cs
		Shared\Program.cs = Shared\Program.cs
	EndProjectSection
EndProject
Project("{2150E333-8FDC-42A3-9474-1A3956D46DE8}") = "Solution Items", "Solution Items", "{737BD712-514E-4636-A3E6-672995E5B7A5}"
	ProjectSection(SolutionItems) = preProject
		enumtest.txt = enumtest.txt
		enumtest2.txt = enumtest2.txt
	EndProjectSection
EndProject
Project("{FAE04EC0-301F-11D3-BF4B-00C04F79EFBC}") = "Chapter20", "Chapter20\Chapter20.csproj", "{61D77238-EA7E-4C77-8795-158A57E4978C}"
EndProject
Project("{FAE04EC0-301F-11D3-BF4B-00C04F79EFBC}") = "Chapter05", "Chapter05\Chapter05.csproj", "{21484FF2-F282-415C-A41D-F3714B2CA289}"
EndProject
Project("{FAE04EC0-301F-11D3-BF4B-00C04F79EFBC}") = "Chapter06", "Chapter06\Chapter06.csproj", "{DB4ADEF6-D7CE-473E-889E-7B7820D9F042}"
EndProject
Project("{FAE04EC0-301F-11D3-BF4B-00C04F79EFBC}") = "Chapter07", "Chapter07\Chapter07.csproj", "{66EA6FC7-D2F7-4EE3-925C-FA8877646F1B}"
EndProject
Project("{FAE04EC0-301F-11D3-BF4B-00C04F79EFBC}") = "Chapter08", "Chapter08\Chapter08.csproj", "{509426A0-967B-4666-9024-803829973CD2}"
EndProject
Project("{FAE04EC0-301F-11D3-BF4B-00C04F79EFBC}") = "Chapter09", "Chapter09\Chapter09.csproj", "{211120AC-CCBC-45AB-8EAB-B4446A46B5E6}"
EndProject
Project("{FAE04EC0-301F-11D3-BF4B-00C04F79EFBC}") = "Chapter10", "Chapter10\Chapter10.csproj", "{65FAB6C2-8190-43EF-9987-0AF9FD9CDE95}"
EndProject
Project("{FAE04EC0-301F-11D3-BF4B-00C04F79EFBC}") = "Chapter11", "Chapter11\Chapter11.csproj", "{C38895DF-777D-4433-9338-AA6B40A451E0}"
EndProject
Project("{FAE04EC0-301F-11D3-BF4B-00C04F79EFBC}") = "Chapter12", "Chapter12\Chapter12.csproj", "{E31FD9BD-9953-4930-BF9D-81CE148097FF}"
EndProject
Project("{FAE04EC0-301F-11D3-BF4B-00C04F79EFBC}") = "Chapter13", "Chapter13\Chapter13.csproj", "{D206F972-8400-4D59-9F4F-C8133075A3F8}"
EndProject
Project("{FAE04EC0-301F-11D3-BF4B-00C04F79EFBC}") = "Chapter14", "Chapter14\Chapter14.csproj", "{B2B4625F-0AEE-4EFA-8B6D-10652D6E536E}"
EndProject
Project("{FAE04EC0-301F-11D3-BF4B-00C04F79EFBC}") = "Chapter15", "Chapter15\Chapter15.csproj", "{E3AE7642-CFF6-48A7-9166-81B4007B0E1C}"
EndProject
Project("{FAE04EC0-301F-11D3-BF4B-00C04F79EFBC}") = "Chapter16", "Chapter16\Chapter16.csproj", "{56D7C7C0-305A-40D9-8DE3-DA543274813E}"
EndProject
Project("{FAE04EC0-301F-11D3-BF4B-00C04F79EFBC}") = "Chapter17", "Chapter17\Chapter17.csproj", "{ED75EBE9-F011-4A57-B6AA-6AAAF2FB4E5C}"
EndProject
Project("{FAE04EC0-301F-11D3-BF4B-00C04F79EFBC}") = "Chapter01", "Chapter01\Chapter01.csproj", "{20D1A0C4-74FC-44A7-966B-062CC1691C9F}"
EndProject
Project("{FAE04EC0-301F-11D3-BF4B-00C04F79EFBC}") = "Chapter02", "Chapter02\Chapter02.csproj", "{AEDB3D42-E95D-4BDA-8DFA-957FBE24E238}"
EndProject
Project("{FAE04EC0-301F-11D3-BF4B-00C04F79EFBC}") = "Chapter03", "Chapter03\Chapter03.csproj", "{861B747A-E2D6-4C48-AD0E-AB1D765BFC98}"
EndProject
Project("{FAE04EC0-301F-11D3-BF4B-00C04F79EFBC}") = "Chapter04", "Chapter04\Chapter04.csproj", "{306BACB1-703A-4668-84E1-29446FD40EA2}"
EndProject
Project("{F088123C-0E9E-452A-89E6-6BA2F21D5CAC}") = "Modelling", "Modelling\Modelling.modelproj", "{C84BD565-BFB5-4B1C-8354-FB1C4C2F655D}"
EndProject
Project("{FAE04EC0-301F-11D3-BF4B-00C04F79EFBC}") = "ChapterAppC", "ChapterAppC\ChapterAppC.csproj", "{5BA0384E-2A36-4777-BFC5-189D5F14D7B4}"
EndProject
Project("{FAE04EC0-301F-11D3-BF4B-00C04F79EFBC}") = "ChapterAppD", "ChapterAppD\ChapterAppD.csproj", "{96151CB0-F047-4511-8FD8-132347DCC323}"
EndProject
Project("{FAE04EC0-301F-11D3-BF4B-00C04F79EFBC}") = "Chapter01.Tests", "Chapter01.Tests\Chapter01.Tests.csproj", "{12EF0E9C-FD9D-4CA0-8785-A189A4829B22}"
EndProject
Project("{FAE04EC0-301F-11D3-BF4B-00C04F79EFBC}") = "Chapter02.Tests", "Chapter02.Tests\Chapter02.Tests.csproj", "{B3861AEB-683D-4DEB-BCA3-1878F9E3E1EB}"
EndProject
Project("{FAE04EC0-301F-11D3-BF4B-00C04F79EFBC}") = "Chapter04.Tests", "Chapter04.Tests\Chapter04.Tests.csproj", "{6BB64653-4370-4DBB-8832-E852D4B700A3}"
EndProject
Project("{FAE04EC0-301F-11D3-BF4B-00C04F79EFBC}") = "IntelliTect.ConsoleView", "IntelliTect.ConsoleView\IntelliTect.ConsoleView.csproj", "{57D8817D-3FC0-4202-9BC2-D5B24C2E5397}"
EndProject
Project("{FAE04EC0-301F-11D3-BF4B-00C04F79EFBC}") = "IntelliTect.ConsoleView.Tests", "IntelliTect.ConsoleView.Tests\IntelliTect.ConsoleView.Tests.csproj", "{961C1405-8B86-42EC-8973-B5D8671A049B}"
EndProject
Project("{FAE04EC0-301F-11D3-BF4B-00C04F79EFBC}") = "ChapterAppB", "ChapterAppB\ChapterAppB.csproj", "{24CD323F-A48C-4F3D-9779-25F3E8FAA07C}"
EndProject
Project("{FAE04EC0-301F-11D3-BF4B-00C04F79EFBC}") = "Chapter03.Tests", "Chapter03.Tests\Chapter03.Tests.csproj", "{55C5619D-6579-46C6-8FC4-C748ECB17510}"
EndProject
Project("{FAE04EC0-301F-11D3-BF4B-00C04F79EFBC}") = "Chapter12.Tests", "Chapter12.Tests\Chapter12.Tests.csproj", "{C2AEC825-1A33-441A-A119-C76A7953B379}"
EndProject
Project("{FAE04EC0-301F-11D3-BF4B-00C04F79EFBC}") = "Chapter13.Tests", "Chapter13.Tests\Chapter13.Tests.csproj", "{23F03D80-0B97-4045-AA23-371E4EF7D89D}"
EndProject
Project("{FAE04EC0-301F-11D3-BF4B-00C04F79EFBC}") = "Chapter15.Tests", "Chapter15.Tests\Chapter15.Tests.csproj", "{FE44F622-6DE0-4FCD-BDCA-6B615634CA0C}"
EndProject
Project("{FAE04EC0-301F-11D3-BF4B-00C04F79EFBC}") = "Chapter14.Tests", "Chapter14.Tests\Chapter14.Tests.csproj", "{648A3C8C-4A6B-4EC8-A1CD-F586F56B78E0}"
EndProject
Project("{FAE04EC0-301F-11D3-BF4B-00C04F79EFBC}") = "Chapter16.Tests", "Chapter16.Tests\Chapter16.Tests.csproj", "{82A4B7F3-DCB0-4D36-995E-0C922ABBC02C}"
EndProject
Project("{FAE04EC0-301F-11D3-BF4B-00C04F79EFBC}") = "Chapter17.Tests", "Chapter17.Tests\Chapter17.Tests.csproj", "{6AF154BF-9C3A-485C-BA14-1352F04BB9DB}"
EndProject
Project("{FAE04EC0-301F-11D3-BF4B-00C04F79EFBC}") = "Chapter18.Tests", "Chapter18.Tests\Chapter18.Tests.csproj", "{9A99255F-518B-42E3-AE95-50774D16A743}"
EndProject
Project("{FAE04EC0-301F-11D3-BF4B-00C04F79EFBC}") = "Chapter10.Tests", "Chapter10.Tests\Chapter10.Tests.csproj", "{F25E6660-ADD6-451B-8D0F-AC3C15787678}"
EndProject
Project("{FAE04EC0-301F-11D3-BF4B-00C04F79EFBC}") = "Chapter05.Tests", "Chapter05.Tests\Chapter05.Tests.csproj", "{4B7AD32B-AA31-404C-B855-D902BD39292E}"
EndProject
Global
	GlobalSection(SolutionConfigurationPlatforms) = preSolution
		Debug|Any CPU = Debug|Any CPU
		Debug|Mixed Platforms = Debug|Mixed Platforms
		Debug|x86 = Debug|x86
		Release|Any CPU = Release|Any CPU
		Release|Mixed Platforms = Release|Mixed Platforms
		Release|x86 = Release|x86
	EndGlobalSection
	GlobalSection(ProjectConfigurationPlatforms) = postSolution
		{714EB5AB-A5D4-4D8B-8DA0-B69DDAFD52F6}.Debug|Any CPU.ActiveCfg = Debug|Any CPU
		{714EB5AB-A5D4-4D8B-8DA0-B69DDAFD52F6}.Debug|Any CPU.Build.0 = Debug|Any CPU
		{714EB5AB-A5D4-4D8B-8DA0-B69DDAFD52F6}.Debug|Mixed Platforms.ActiveCfg = Debug|x86
		{714EB5AB-A5D4-4D8B-8DA0-B69DDAFD52F6}.Debug|Mixed Platforms.Build.0 = Debug|x86
		{714EB5AB-A5D4-4D8B-8DA0-B69DDAFD52F6}.Debug|x86.ActiveCfg = Debug|x86
		{714EB5AB-A5D4-4D8B-8DA0-B69DDAFD52F6}.Debug|x86.Build.0 = Debug|x86
		{714EB5AB-A5D4-4D8B-8DA0-B69DDAFD52F6}.Release|Any CPU.ActiveCfg = Release|x86
		{714EB5AB-A5D4-4D8B-8DA0-B69DDAFD52F6}.Release|Mixed Platforms.ActiveCfg = Release|x86
		{714EB5AB-A5D4-4D8B-8DA0-B69DDAFD52F6}.Release|Mixed Platforms.Build.0 = Release|x86
		{714EB5AB-A5D4-4D8B-8DA0-B69DDAFD52F6}.Release|x86.ActiveCfg = Release|x86
		{714EB5AB-A5D4-4D8B-8DA0-B69DDAFD52F6}.Release|x86.Build.0 = Release|x86
		{55357DFE-FFFA-4896-AC73-AEB3CAC67B5C}.Debug|Any CPU.ActiveCfg = Debug|Any CPU
		{55357DFE-FFFA-4896-AC73-AEB3CAC67B5C}.Debug|Any CPU.Build.0 = Debug|Any CPU
		{55357DFE-FFFA-4896-AC73-AEB3CAC67B5C}.Debug|Mixed Platforms.ActiveCfg = Debug|x86
		{55357DFE-FFFA-4896-AC73-AEB3CAC67B5C}.Debug|Mixed Platforms.Build.0 = Debug|x86
		{55357DFE-FFFA-4896-AC73-AEB3CAC67B5C}.Debug|x86.ActiveCfg = Debug|x86
		{55357DFE-FFFA-4896-AC73-AEB3CAC67B5C}.Debug|x86.Build.0 = Debug|x86
		{55357DFE-FFFA-4896-AC73-AEB3CAC67B5C}.Release|Any CPU.ActiveCfg = Release|x86
		{55357DFE-FFFA-4896-AC73-AEB3CAC67B5C}.Release|Mixed Platforms.ActiveCfg = Release|x86
		{55357DFE-FFFA-4896-AC73-AEB3CAC67B5C}.Release|Mixed Platforms.Build.0 = Release|x86
		{55357DFE-FFFA-4896-AC73-AEB3CAC67B5C}.Release|x86.ActiveCfg = Release|x86
		{55357DFE-FFFA-4896-AC73-AEB3CAC67B5C}.Release|x86.Build.0 = Release|x86
		{61D77238-EA7E-4C77-8795-158A57E4978C}.Debug|Any CPU.ActiveCfg = Debug|Any CPU
		{61D77238-EA7E-4C77-8795-158A57E4978C}.Debug|Any CPU.Build.0 = Debug|Any CPU
		{61D77238-EA7E-4C77-8795-158A57E4978C}.Debug|Mixed Platforms.ActiveCfg = Debug|x86
		{61D77238-EA7E-4C77-8795-158A57E4978C}.Debug|Mixed Platforms.Build.0 = Debug|x86
		{61D77238-EA7E-4C77-8795-158A57E4978C}.Debug|x86.ActiveCfg = Debug|x86
		{61D77238-EA7E-4C77-8795-158A57E4978C}.Debug|x86.Build.0 = Debug|x86
		{61D77238-EA7E-4C77-8795-158A57E4978C}.Release|Any CPU.ActiveCfg = Release|x86
		{61D77238-EA7E-4C77-8795-158A57E4978C}.Release|Mixed Platforms.ActiveCfg = Release|x86
		{61D77238-EA7E-4C77-8795-158A57E4978C}.Release|Mixed Platforms.Build.0 = Release|x86
		{61D77238-EA7E-4C77-8795-158A57E4978C}.Release|x86.ActiveCfg = Release|x86
		{61D77238-EA7E-4C77-8795-158A57E4978C}.Release|x86.Build.0 = Release|x86
		{21484FF2-F282-415C-A41D-F3714B2CA289}.Debug|Any CPU.ActiveCfg = Debug|Any CPU
		{21484FF2-F282-415C-A41D-F3714B2CA289}.Debug|Any CPU.Build.0 = Debug|Any CPU
		{21484FF2-F282-415C-A41D-F3714B2CA289}.Debug|Mixed Platforms.ActiveCfg = Debug|x86
		{21484FF2-F282-415C-A41D-F3714B2CA289}.Debug|Mixed Platforms.Build.0 = Debug|x86
		{21484FF2-F282-415C-A41D-F3714B2CA289}.Debug|x86.ActiveCfg = Debug|x86
		{21484FF2-F282-415C-A41D-F3714B2CA289}.Debug|x86.Build.0 = Debug|x86
		{21484FF2-F282-415C-A41D-F3714B2CA289}.Release|Any CPU.ActiveCfg = Release|x86
		{21484FF2-F282-415C-A41D-F3714B2CA289}.Release|Mixed Platforms.ActiveCfg = Release|x86
		{21484FF2-F282-415C-A41D-F3714B2CA289}.Release|Mixed Platforms.Build.0 = Release|x86
		{21484FF2-F282-415C-A41D-F3714B2CA289}.Release|x86.ActiveCfg = Release|x86
		{21484FF2-F282-415C-A41D-F3714B2CA289}.Release|x86.Build.0 = Release|x86
		{DB4ADEF6-D7CE-473E-889E-7B7820D9F042}.Debug|Any CPU.ActiveCfg = Debug|Any CPU
		{DB4ADEF6-D7CE-473E-889E-7B7820D9F042}.Debug|Any CPU.Build.0 = Debug|Any CPU
		{DB4ADEF6-D7CE-473E-889E-7B7820D9F042}.Debug|Mixed Platforms.ActiveCfg = Debug|x86
		{DB4ADEF6-D7CE-473E-889E-7B7820D9F042}.Debug|Mixed Platforms.Build.0 = Debug|x86
		{DB4ADEF6-D7CE-473E-889E-7B7820D9F042}.Debug|x86.ActiveCfg = Debug|x86
		{DB4ADEF6-D7CE-473E-889E-7B7820D9F042}.Debug|x86.Build.0 = Debug|x86
		{DB4ADEF6-D7CE-473E-889E-7B7820D9F042}.Release|Any CPU.ActiveCfg = Release|x86
		{DB4ADEF6-D7CE-473E-889E-7B7820D9F042}.Release|Mixed Platforms.ActiveCfg = Release|x86
		{DB4ADEF6-D7CE-473E-889E-7B7820D9F042}.Release|Mixed Platforms.Build.0 = Release|x86
		{DB4ADEF6-D7CE-473E-889E-7B7820D9F042}.Release|x86.ActiveCfg = Release|x86
		{DB4ADEF6-D7CE-473E-889E-7B7820D9F042}.Release|x86.Build.0 = Release|x86
		{66EA6FC7-D2F7-4EE3-925C-FA8877646F1B}.Debug|Any CPU.ActiveCfg = Debug|Any CPU
		{66EA6FC7-D2F7-4EE3-925C-FA8877646F1B}.Debug|Any CPU.Build.0 = Debug|Any CPU
		{66EA6FC7-D2F7-4EE3-925C-FA8877646F1B}.Debug|Mixed Platforms.ActiveCfg = Debug|x86
		{66EA6FC7-D2F7-4EE3-925C-FA8877646F1B}.Debug|Mixed Platforms.Build.0 = Debug|x86
		{66EA6FC7-D2F7-4EE3-925C-FA8877646F1B}.Debug|x86.ActiveCfg = Debug|x86
		{66EA6FC7-D2F7-4EE3-925C-FA8877646F1B}.Debug|x86.Build.0 = Debug|x86
		{66EA6FC7-D2F7-4EE3-925C-FA8877646F1B}.Release|Any CPU.ActiveCfg = Release|x86
		{66EA6FC7-D2F7-4EE3-925C-FA8877646F1B}.Release|Mixed Platforms.ActiveCfg = Release|x86
		{66EA6FC7-D2F7-4EE3-925C-FA8877646F1B}.Release|Mixed Platforms.Build.0 = Release|x86
		{66EA6FC7-D2F7-4EE3-925C-FA8877646F1B}.Release|x86.ActiveCfg = Release|x86
		{66EA6FC7-D2F7-4EE3-925C-FA8877646F1B}.Release|x86.Build.0 = Release|x86
		{509426A0-967B-4666-9024-803829973CD2}.Debug|Any CPU.ActiveCfg = Debug|Any CPU
		{509426A0-967B-4666-9024-803829973CD2}.Debug|Any CPU.Build.0 = Debug|Any CPU
		{509426A0-967B-4666-9024-803829973CD2}.Debug|Mixed Platforms.ActiveCfg = Debug|x86
		{509426A0-967B-4666-9024-803829973CD2}.Debug|Mixed Platforms.Build.0 = Debug|x86
		{509426A0-967B-4666-9024-803829973CD2}.Debug|x86.ActiveCfg = Debug|x86
		{509426A0-967B-4666-9024-803829973CD2}.Debug|x86.Build.0 = Debug|x86
		{509426A0-967B-4666-9024-803829973CD2}.Release|Any CPU.ActiveCfg = Release|x86
		{509426A0-967B-4666-9024-803829973CD2}.Release|Mixed Platforms.ActiveCfg = Release|x86
		{509426A0-967B-4666-9024-803829973CD2}.Release|Mixed Platforms.Build.0 = Release|x86
		{509426A0-967B-4666-9024-803829973CD2}.Release|x86.ActiveCfg = Release|x86
		{509426A0-967B-4666-9024-803829973CD2}.Release|x86.Build.0 = Release|x86
		{211120AC-CCBC-45AB-8EAB-B4446A46B5E6}.Debug|Any CPU.ActiveCfg = Debug|Any CPU
		{211120AC-CCBC-45AB-8EAB-B4446A46B5E6}.Debug|Any CPU.Build.0 = Debug|Any CPU
		{211120AC-CCBC-45AB-8EAB-B4446A46B5E6}.Debug|Mixed Platforms.ActiveCfg = Debug|x86
		{211120AC-CCBC-45AB-8EAB-B4446A46B5E6}.Debug|Mixed Platforms.Build.0 = Debug|x86
		{211120AC-CCBC-45AB-8EAB-B4446A46B5E6}.Debug|x86.ActiveCfg = Debug|x86
		{211120AC-CCBC-45AB-8EAB-B4446A46B5E6}.Debug|x86.Build.0 = Debug|x86
		{211120AC-CCBC-45AB-8EAB-B4446A46B5E6}.Release|Any CPU.ActiveCfg = Release|x86
		{211120AC-CCBC-45AB-8EAB-B4446A46B5E6}.Release|Mixed Platforms.ActiveCfg = Release|x86
		{211120AC-CCBC-45AB-8EAB-B4446A46B5E6}.Release|Mixed Platforms.Build.0 = Release|x86
		{211120AC-CCBC-45AB-8EAB-B4446A46B5E6}.Release|x86.ActiveCfg = Release|x86
		{211120AC-CCBC-45AB-8EAB-B4446A46B5E6}.Release|x86.Build.0 = Release|x86
		{65FAB6C2-8190-43EF-9987-0AF9FD9CDE95}.Debug|Any CPU.ActiveCfg = Debug|Any CPU
		{65FAB6C2-8190-43EF-9987-0AF9FD9CDE95}.Debug|Any CPU.Build.0 = Debug|Any CPU
		{65FAB6C2-8190-43EF-9987-0AF9FD9CDE95}.Debug|Mixed Platforms.ActiveCfg = Debug|x86
		{65FAB6C2-8190-43EF-9987-0AF9FD9CDE95}.Debug|Mixed Platforms.Build.0 = Debug|x86
		{65FAB6C2-8190-43EF-9987-0AF9FD9CDE95}.Debug|x86.ActiveCfg = Debug|x86
		{65FAB6C2-8190-43EF-9987-0AF9FD9CDE95}.Debug|x86.Build.0 = Debug|x86
		{65FAB6C2-8190-43EF-9987-0AF9FD9CDE95}.Release|Any CPU.ActiveCfg = Release|x86
		{65FAB6C2-8190-43EF-9987-0AF9FD9CDE95}.Release|Mixed Platforms.ActiveCfg = Release|x86
		{65FAB6C2-8190-43EF-9987-0AF9FD9CDE95}.Release|Mixed Platforms.Build.0 = Release|x86
		{65FAB6C2-8190-43EF-9987-0AF9FD9CDE95}.Release|x86.ActiveCfg = Release|x86
		{65FAB6C2-8190-43EF-9987-0AF9FD9CDE95}.Release|x86.Build.0 = Release|x86
		{C38895DF-777D-4433-9338-AA6B40A451E0}.Debug|Any CPU.ActiveCfg = Debug|Any CPU
		{C38895DF-777D-4433-9338-AA6B40A451E0}.Debug|Any CPU.Build.0 = Debug|Any CPU
		{C38895DF-777D-4433-9338-AA6B40A451E0}.Debug|Mixed Platforms.ActiveCfg = Debug|x86
		{C38895DF-777D-4433-9338-AA6B40A451E0}.Debug|Mixed Platforms.Build.0 = Debug|x86
		{C38895DF-777D-4433-9338-AA6B40A451E0}.Debug|x86.ActiveCfg = Debug|x86
		{C38895DF-777D-4433-9338-AA6B40A451E0}.Debug|x86.Build.0 = Debug|x86
		{C38895DF-777D-4433-9338-AA6B40A451E0}.Release|Any CPU.ActiveCfg = Release|x86
		{C38895DF-777D-4433-9338-AA6B40A451E0}.Release|Mixed Platforms.ActiveCfg = Release|x86
		{C38895DF-777D-4433-9338-AA6B40A451E0}.Release|Mixed Platforms.Build.0 = Release|x86
		{C38895DF-777D-4433-9338-AA6B40A451E0}.Release|x86.ActiveCfg = Release|x86
		{C38895DF-777D-4433-9338-AA6B40A451E0}.Release|x86.Build.0 = Release|x86
		{E31FD9BD-9953-4930-BF9D-81CE148097FF}.Debug|Any CPU.ActiveCfg = Debug|Any CPU
		{E31FD9BD-9953-4930-BF9D-81CE148097FF}.Debug|Any CPU.Build.0 = Debug|Any CPU
		{E31FD9BD-9953-4930-BF9D-81CE148097FF}.Debug|Mixed Platforms.ActiveCfg = Debug|x86
		{E31FD9BD-9953-4930-BF9D-81CE148097FF}.Debug|Mixed Platforms.Build.0 = Debug|x86
		{E31FD9BD-9953-4930-BF9D-81CE148097FF}.Debug|x86.ActiveCfg = Debug|x86
		{E31FD9BD-9953-4930-BF9D-81CE148097FF}.Debug|x86.Build.0 = Debug|x86
		{E31FD9BD-9953-4930-BF9D-81CE148097FF}.Release|Any CPU.ActiveCfg = Release|x86
		{E31FD9BD-9953-4930-BF9D-81CE148097FF}.Release|Mixed Platforms.ActiveCfg = Release|x86
		{E31FD9BD-9953-4930-BF9D-81CE148097FF}.Release|Mixed Platforms.Build.0 = Release|x86
		{E31FD9BD-9953-4930-BF9D-81CE148097FF}.Release|x86.ActiveCfg = Release|x86
		{E31FD9BD-9953-4930-BF9D-81CE148097FF}.Release|x86.Build.0 = Release|x86
		{D206F972-8400-4D59-9F4F-C8133075A3F8}.Debug|Any CPU.ActiveCfg = Debug|Any CPU
		{D206F972-8400-4D59-9F4F-C8133075A3F8}.Debug|Any CPU.Build.0 = Debug|Any CPU
		{D206F972-8400-4D59-9F4F-C8133075A3F8}.Debug|Mixed Platforms.ActiveCfg = Debug|x86
		{D206F972-8400-4D59-9F4F-C8133075A3F8}.Debug|Mixed Platforms.Build.0 = Debug|x86
		{D206F972-8400-4D59-9F4F-C8133075A3F8}.Debug|x86.ActiveCfg = Debug|x86
		{D206F972-8400-4D59-9F4F-C8133075A3F8}.Debug|x86.Build.0 = Debug|x86
		{D206F972-8400-4D59-9F4F-C8133075A3F8}.Release|Any CPU.ActiveCfg = Release|x86
		{D206F972-8400-4D59-9F4F-C8133075A3F8}.Release|Mixed Platforms.ActiveCfg = Release|x86
		{D206F972-8400-4D59-9F4F-C8133075A3F8}.Release|Mixed Platforms.Build.0 = Release|x86
		{D206F972-8400-4D59-9F4F-C8133075A3F8}.Release|x86.ActiveCfg = Release|x86
		{D206F972-8400-4D59-9F4F-C8133075A3F8}.Release|x86.Build.0 = Release|x86
		{B2B4625F-0AEE-4EFA-8B6D-10652D6E536E}.Debug|Any CPU.ActiveCfg = Debug|Any CPU
		{B2B4625F-0AEE-4EFA-8B6D-10652D6E536E}.Debug|Any CPU.Build.0 = Debug|Any CPU
		{B2B4625F-0AEE-4EFA-8B6D-10652D6E536E}.Debug|Mixed Platforms.ActiveCfg = Debug|x86
		{B2B4625F-0AEE-4EFA-8B6D-10652D6E536E}.Debug|Mixed Platforms.Build.0 = Debug|x86
		{B2B4625F-0AEE-4EFA-8B6D-10652D6E536E}.Debug|x86.ActiveCfg = Debug|x86
		{B2B4625F-0AEE-4EFA-8B6D-10652D6E536E}.Debug|x86.Build.0 = Debug|x86
		{B2B4625F-0AEE-4EFA-8B6D-10652D6E536E}.Release|Any CPU.ActiveCfg = Release|x86
		{B2B4625F-0AEE-4EFA-8B6D-10652D6E536E}.Release|Mixed Platforms.ActiveCfg = Release|x86
		{B2B4625F-0AEE-4EFA-8B6D-10652D6E536E}.Release|Mixed Platforms.Build.0 = Release|x86
		{B2B4625F-0AEE-4EFA-8B6D-10652D6E536E}.Release|x86.ActiveCfg = Release|x86
		{B2B4625F-0AEE-4EFA-8B6D-10652D6E536E}.Release|x86.Build.0 = Release|x86
		{E3AE7642-CFF6-48A7-9166-81B4007B0E1C}.Debug|Any CPU.ActiveCfg = Debug|Any CPU
		{E3AE7642-CFF6-48A7-9166-81B4007B0E1C}.Debug|Any CPU.Build.0 = Debug|Any CPU
		{E3AE7642-CFF6-48A7-9166-81B4007B0E1C}.Debug|Mixed Platforms.ActiveCfg = Debug|x86
		{E3AE7642-CFF6-48A7-9166-81B4007B0E1C}.Debug|Mixed Platforms.Build.0 = Debug|x86
		{E3AE7642-CFF6-48A7-9166-81B4007B0E1C}.Debug|x86.ActiveCfg = Debug|x86
		{E3AE7642-CFF6-48A7-9166-81B4007B0E1C}.Debug|x86.Build.0 = Debug|x86
		{E3AE7642-CFF6-48A7-9166-81B4007B0E1C}.Release|Any CPU.ActiveCfg = Release|x86
		{E3AE7642-CFF6-48A7-9166-81B4007B0E1C}.Release|Mixed Platforms.ActiveCfg = Release|x86
		{E3AE7642-CFF6-48A7-9166-81B4007B0E1C}.Release|Mixed Platforms.Build.0 = Release|x86
		{E3AE7642-CFF6-48A7-9166-81B4007B0E1C}.Release|x86.ActiveCfg = Release|x86
		{E3AE7642-CFF6-48A7-9166-81B4007B0E1C}.Release|x86.Build.0 = Release|x86
		{56D7C7C0-305A-40D9-8DE3-DA543274813E}.Debug|Any CPU.ActiveCfg = Debug|Any CPU
		{56D7C7C0-305A-40D9-8DE3-DA543274813E}.Debug|Any CPU.Build.0 = Debug|Any CPU
		{56D7C7C0-305A-40D9-8DE3-DA543274813E}.Debug|Mixed Platforms.ActiveCfg = Debug|x86
		{56D7C7C0-305A-40D9-8DE3-DA543274813E}.Debug|Mixed Platforms.Build.0 = Debug|x86
		{56D7C7C0-305A-40D9-8DE3-DA543274813E}.Debug|x86.ActiveCfg = Debug|x86
		{56D7C7C0-305A-40D9-8DE3-DA543274813E}.Debug|x86.Build.0 = Debug|x86
		{56D7C7C0-305A-40D9-8DE3-DA543274813E}.Release|Any CPU.ActiveCfg = Release|x86
		{56D7C7C0-305A-40D9-8DE3-DA543274813E}.Release|Mixed Platforms.ActiveCfg = Release|x86
		{56D7C7C0-305A-40D9-8DE3-DA543274813E}.Release|Mixed Platforms.Build.0 = Release|x86
		{56D7C7C0-305A-40D9-8DE3-DA543274813E}.Release|x86.ActiveCfg = Release|x86
		{56D7C7C0-305A-40D9-8DE3-DA543274813E}.Release|x86.Build.0 = Release|x86
		{ED75EBE9-F011-4A57-B6AA-6AAAF2FB4E5C}.Debug|Any CPU.ActiveCfg = Debug|Any CPU
		{ED75EBE9-F011-4A57-B6AA-6AAAF2FB4E5C}.Debug|Any CPU.Build.0 = Debug|Any CPU
		{ED75EBE9-F011-4A57-B6AA-6AAAF2FB4E5C}.Debug|Mixed Platforms.ActiveCfg = Debug|x86
		{ED75EBE9-F011-4A57-B6AA-6AAAF2FB4E5C}.Debug|Mixed Platforms.Build.0 = Debug|x86
		{ED75EBE9-F011-4A57-B6AA-6AAAF2FB4E5C}.Debug|x86.ActiveCfg = Debug|x86
		{ED75EBE9-F011-4A57-B6AA-6AAAF2FB4E5C}.Debug|x86.Build.0 = Debug|x86
		{ED75EBE9-F011-4A57-B6AA-6AAAF2FB4E5C}.Release|Any CPU.ActiveCfg = Release|x86
		{ED75EBE9-F011-4A57-B6AA-6AAAF2FB4E5C}.Release|Mixed Platforms.ActiveCfg = Release|x86
		{ED75EBE9-F011-4A57-B6AA-6AAAF2FB4E5C}.Release|Mixed Platforms.Build.0 = Release|x86
		{ED75EBE9-F011-4A57-B6AA-6AAAF2FB4E5C}.Release|x86.ActiveCfg = Release|x86
		{ED75EBE9-F011-4A57-B6AA-6AAAF2FB4E5C}.Release|x86.Build.0 = Release|x86
		{20D1A0C4-74FC-44A7-966B-062CC1691C9F}.Debug|Any CPU.ActiveCfg = Debug|Any CPU
		{20D1A0C4-74FC-44A7-966B-062CC1691C9F}.Debug|Any CPU.Build.0 = Debug|Any CPU
		{20D1A0C4-74FC-44A7-966B-062CC1691C9F}.Debug|Mixed Platforms.ActiveCfg = Debug|x86
		{20D1A0C4-74FC-44A7-966B-062CC1691C9F}.Debug|Mixed Platforms.Build.0 = Debug|x86
		{20D1A0C4-74FC-44A7-966B-062CC1691C9F}.Debug|x86.ActiveCfg = Debug|x86
		{20D1A0C4-74FC-44A7-966B-062CC1691C9F}.Debug|x86.Build.0 = Debug|x86
		{20D1A0C4-74FC-44A7-966B-062CC1691C9F}.Release|Any CPU.ActiveCfg = Release|x86
		{20D1A0C4-74FC-44A7-966B-062CC1691C9F}.Release|Mixed Platforms.ActiveCfg = Release|x86
		{20D1A0C4-74FC-44A7-966B-062CC1691C9F}.Release|Mixed Platforms.Build.0 = Release|x86
		{20D1A0C4-74FC-44A7-966B-062CC1691C9F}.Release|x86.ActiveCfg = Release|x86
		{20D1A0C4-74FC-44A7-966B-062CC1691C9F}.Release|x86.Build.0 = Release|x86
		{AEDB3D42-E95D-4BDA-8DFA-957FBE24E238}.Debug|Any CPU.ActiveCfg = Debug|Any CPU
		{AEDB3D42-E95D-4BDA-8DFA-957FBE24E238}.Debug|Any CPU.Build.0 = Debug|Any CPU
		{AEDB3D42-E95D-4BDA-8DFA-957FBE24E238}.Debug|Mixed Platforms.ActiveCfg = Debug|x86
		{AEDB3D42-E95D-4BDA-8DFA-957FBE24E238}.Debug|Mixed Platforms.Build.0 = Debug|x86
		{AEDB3D42-E95D-4BDA-8DFA-957FBE24E238}.Debug|x86.ActiveCfg = Debug|x86
		{AEDB3D42-E95D-4BDA-8DFA-957FBE24E238}.Debug|x86.Build.0 = Debug|x86
		{AEDB3D42-E95D-4BDA-8DFA-957FBE24E238}.Release|Any CPU.ActiveCfg = Release|x86
		{AEDB3D42-E95D-4BDA-8DFA-957FBE24E238}.Release|Mixed Platforms.ActiveCfg = Release|x86
		{AEDB3D42-E95D-4BDA-8DFA-957FBE24E238}.Release|Mixed Platforms.Build.0 = Release|x86
		{AEDB3D42-E95D-4BDA-8DFA-957FBE24E238}.Release|x86.ActiveCfg = Release|x86
		{AEDB3D42-E95D-4BDA-8DFA-957FBE24E238}.Release|x86.Build.0 = Release|x86
		{861B747A-E2D6-4C48-AD0E-AB1D765BFC98}.Debug|Any CPU.ActiveCfg = Debug|Any CPU
		{861B747A-E2D6-4C48-AD0E-AB1D765BFC98}.Debug|Any CPU.Build.0 = Debug|Any CPU
		{861B747A-E2D6-4C48-AD0E-AB1D765BFC98}.Debug|Mixed Platforms.ActiveCfg = Debug|x86
		{861B747A-E2D6-4C48-AD0E-AB1D765BFC98}.Debug|Mixed Platforms.Build.0 = Debug|x86
		{861B747A-E2D6-4C48-AD0E-AB1D765BFC98}.Debug|x86.ActiveCfg = Debug|x86
		{861B747A-E2D6-4C48-AD0E-AB1D765BFC98}.Debug|x86.Build.0 = Debug|x86
		{861B747A-E2D6-4C48-AD0E-AB1D765BFC98}.Release|Any CPU.ActiveCfg = Release|x86
		{861B747A-E2D6-4C48-AD0E-AB1D765BFC98}.Release|Mixed Platforms.ActiveCfg = Release|x86
		{861B747A-E2D6-4C48-AD0E-AB1D765BFC98}.Release|Mixed Platforms.Build.0 = Release|x86
		{861B747A-E2D6-4C48-AD0E-AB1D765BFC98}.Release|x86.ActiveCfg = Release|x86
		{861B747A-E2D6-4C48-AD0E-AB1D765BFC98}.Release|x86.Build.0 = Release|x86
		{306BACB1-703A-4668-84E1-29446FD40EA2}.Debug|Any CPU.ActiveCfg = Debug|Any CPU
		{306BACB1-703A-4668-84E1-29446FD40EA2}.Debug|Any CPU.Build.0 = Debug|Any CPU
		{306BACB1-703A-4668-84E1-29446FD40EA2}.Debug|Mixed Platforms.ActiveCfg = Debug|x86
		{306BACB1-703A-4668-84E1-29446FD40EA2}.Debug|Mixed Platforms.Build.0 = Debug|x86
		{306BACB1-703A-4668-84E1-29446FD40EA2}.Debug|x86.ActiveCfg = Debug|x86
		{306BACB1-703A-4668-84E1-29446FD40EA2}.Debug|x86.Build.0 = Debug|x86
		{306BACB1-703A-4668-84E1-29446FD40EA2}.Release|Any CPU.ActiveCfg = Release|x86
		{306BACB1-703A-4668-84E1-29446FD40EA2}.Release|Mixed Platforms.ActiveCfg = Release|x86
		{306BACB1-703A-4668-84E1-29446FD40EA2}.Release|Mixed Platforms.Build.0 = Release|x86
		{306BACB1-703A-4668-84E1-29446FD40EA2}.Release|x86.ActiveCfg = Release|x86
		{306BACB1-703A-4668-84E1-29446FD40EA2}.Release|x86.Build.0 = Release|x86
		{C84BD565-BFB5-4B1C-8354-FB1C4C2F655D}.Debug|Any CPU.ActiveCfg = Debug|Any CPU
		{C84BD565-BFB5-4B1C-8354-FB1C4C2F655D}.Debug|Any CPU.Build.0 = Debug|Any CPU
		{C84BD565-BFB5-4B1C-8354-FB1C4C2F655D}.Debug|Mixed Platforms.ActiveCfg = Debug|Any CPU
		{C84BD565-BFB5-4B1C-8354-FB1C4C2F655D}.Debug|Mixed Platforms.Build.0 = Debug|Any CPU
		{C84BD565-BFB5-4B1C-8354-FB1C4C2F655D}.Debug|x86.ActiveCfg = Debug|Any CPU
		{C84BD565-BFB5-4B1C-8354-FB1C4C2F655D}.Release|Any CPU.ActiveCfg = Release|Any CPU
		{C84BD565-BFB5-4B1C-8354-FB1C4C2F655D}.Release|Any CPU.Build.0 = Release|Any CPU
		{C84BD565-BFB5-4B1C-8354-FB1C4C2F655D}.Release|Mixed Platforms.ActiveCfg = Release|Any CPU
		{C84BD565-BFB5-4B1C-8354-FB1C4C2F655D}.Release|Mixed Platforms.Build.0 = Release|Any CPU
		{C84BD565-BFB5-4B1C-8354-FB1C4C2F655D}.Release|x86.ActiveCfg = Release|Any CPU
		{5BA0384E-2A36-4777-BFC5-189D5F14D7B4}.Debug|Any CPU.ActiveCfg = Debug|Any CPU
		{5BA0384E-2A36-4777-BFC5-189D5F14D7B4}.Debug|Any CPU.Build.0 = Debug|Any CPU
		{5BA0384E-2A36-4777-BFC5-189D5F14D7B4}.Debug|Mixed Platforms.ActiveCfg = Debug|x86
		{5BA0384E-2A36-4777-BFC5-189D5F14D7B4}.Debug|Mixed Platforms.Build.0 = Debug|x86
		{5BA0384E-2A36-4777-BFC5-189D5F14D7B4}.Debug|x86.ActiveCfg = Debug|x86
		{5BA0384E-2A36-4777-BFC5-189D5F14D7B4}.Debug|x86.Build.0 = Debug|x86
		{5BA0384E-2A36-4777-BFC5-189D5F14D7B4}.Release|Any CPU.ActiveCfg = Release|x86
		{5BA0384E-2A36-4777-BFC5-189D5F14D7B4}.Release|Mixed Platforms.ActiveCfg = Release|x86
		{5BA0384E-2A36-4777-BFC5-189D5F14D7B4}.Release|Mixed Platforms.Build.0 = Release|x86
		{5BA0384E-2A36-4777-BFC5-189D5F14D7B4}.Release|x86.ActiveCfg = Release|x86
		{5BA0384E-2A36-4777-BFC5-189D5F14D7B4}.Release|x86.Build.0 = Release|x86
		{96151CB0-F047-4511-8FD8-132347DCC323}.Debug|Any CPU.ActiveCfg = Debug|Any CPU
		{96151CB0-F047-4511-8FD8-132347DCC323}.Debug|Any CPU.Build.0 = Debug|Any CPU
		{96151CB0-F047-4511-8FD8-132347DCC323}.Debug|Mixed Platforms.ActiveCfg = Debug|x86
		{96151CB0-F047-4511-8FD8-132347DCC323}.Debug|Mixed Platforms.Build.0 = Debug|x86
		{96151CB0-F047-4511-8FD8-132347DCC323}.Debug|x86.ActiveCfg = Debug|x86
		{96151CB0-F047-4511-8FD8-132347DCC323}.Debug|x86.Build.0 = Debug|x86
		{96151CB0-F047-4511-8FD8-132347DCC323}.Release|Any CPU.ActiveCfg = Release|x86
		{96151CB0-F047-4511-8FD8-132347DCC323}.Release|Mixed Platforms.ActiveCfg = Release|x86
		{96151CB0-F047-4511-8FD8-132347DCC323}.Release|Mixed Platforms.Build.0 = Release|x86
		{96151CB0-F047-4511-8FD8-132347DCC323}.Release|x86.ActiveCfg = Release|x86
		{96151CB0-F047-4511-8FD8-132347DCC323}.Release|x86.Build.0 = Release|x86
		{12EF0E9C-FD9D-4CA0-8785-A189A4829B22}.Debug|Any CPU.ActiveCfg = Debug|Any CPU
		{12EF0E9C-FD9D-4CA0-8785-A189A4829B22}.Debug|Any CPU.Build.0 = Debug|Any CPU
		{12EF0E9C-FD9D-4CA0-8785-A189A4829B22}.Debug|Mixed Platforms.ActiveCfg = Debug|Any CPU
		{12EF0E9C-FD9D-4CA0-8785-A189A4829B22}.Debug|Mixed Platforms.Build.0 = Debug|Any CPU
		{12EF0E9C-FD9D-4CA0-8785-A189A4829B22}.Debug|x86.ActiveCfg = Debug|Any CPU
		{12EF0E9C-FD9D-4CA0-8785-A189A4829B22}.Release|Any CPU.ActiveCfg = Release|Any CPU
		{12EF0E9C-FD9D-4CA0-8785-A189A4829B22}.Release|Any CPU.Build.0 = Release|Any CPU
		{12EF0E9C-FD9D-4CA0-8785-A189A4829B22}.Release|Mixed Platforms.ActiveCfg = Release|Any CPU
		{12EF0E9C-FD9D-4CA0-8785-A189A4829B22}.Release|Mixed Platforms.Build.0 = Release|Any CPU
		{12EF0E9C-FD9D-4CA0-8785-A189A4829B22}.Release|x86.ActiveCfg = Release|Any CPU
		{B3861AEB-683D-4DEB-BCA3-1878F9E3E1EB}.Debug|Any CPU.ActiveCfg = Debug|Any CPU
		{B3861AEB-683D-4DEB-BCA3-1878F9E3E1EB}.Debug|Any CPU.Build.0 = Debug|Any CPU
		{B3861AEB-683D-4DEB-BCA3-1878F9E3E1EB}.Debug|Mixed Platforms.ActiveCfg = Debug|Any CPU
		{B3861AEB-683D-4DEB-BCA3-1878F9E3E1EB}.Debug|Mixed Platforms.Build.0 = Debug|Any CPU
		{B3861AEB-683D-4DEB-BCA3-1878F9E3E1EB}.Debug|x86.ActiveCfg = Debug|Any CPU
		{B3861AEB-683D-4DEB-BCA3-1878F9E3E1EB}.Release|Any CPU.ActiveCfg = Release|Any CPU
		{B3861AEB-683D-4DEB-BCA3-1878F9E3E1EB}.Release|Any CPU.Build.0 = Release|Any CPU
		{B3861AEB-683D-4DEB-BCA3-1878F9E3E1EB}.Release|Mixed Platforms.ActiveCfg = Release|Any CPU
		{B3861AEB-683D-4DEB-BCA3-1878F9E3E1EB}.Release|Mixed Platforms.Build.0 = Release|Any CPU
		{B3861AEB-683D-4DEB-BCA3-1878F9E3E1EB}.Release|x86.ActiveCfg = Release|Any CPU
		{6BB64653-4370-4DBB-8832-E852D4B700A3}.Debug|Any CPU.ActiveCfg = Debug|Any CPU
		{6BB64653-4370-4DBB-8832-E852D4B700A3}.Debug|Any CPU.Build.0 = Debug|Any CPU
		{6BB64653-4370-4DBB-8832-E852D4B700A3}.Debug|Mixed Platforms.ActiveCfg = Debug|Any CPU
		{6BB64653-4370-4DBB-8832-E852D4B700A3}.Debug|Mixed Platforms.Build.0 = Debug|Any CPU
		{6BB64653-4370-4DBB-8832-E852D4B700A3}.Debug|x86.ActiveCfg = Debug|Any CPU
		{6BB64653-4370-4DBB-8832-E852D4B700A3}.Release|Any CPU.ActiveCfg = Release|Any CPU
		{6BB64653-4370-4DBB-8832-E852D4B700A3}.Release|Any CPU.Build.0 = Release|Any CPU
		{6BB64653-4370-4DBB-8832-E852D4B700A3}.Release|Mixed Platforms.ActiveCfg = Release|Any CPU
		{6BB64653-4370-4DBB-8832-E852D4B700A3}.Release|Mixed Platforms.Build.0 = Release|Any CPU
		{6BB64653-4370-4DBB-8832-E852D4B700A3}.Release|x86.ActiveCfg = Release|Any CPU
		{57D8817D-3FC0-4202-9BC2-D5B24C2E5397}.Debug|Any CPU.ActiveCfg = Debug|Any CPU
		{57D8817D-3FC0-4202-9BC2-D5B24C2E5397}.Debug|Any CPU.Build.0 = Debug|Any CPU
		{57D8817D-3FC0-4202-9BC2-D5B24C2E5397}.Debug|Mixed Platforms.ActiveCfg = Debug|Any CPU
		{57D8817D-3FC0-4202-9BC2-D5B24C2E5397}.Debug|Mixed Platforms.Build.0 = Debug|Any CPU
		{57D8817D-3FC0-4202-9BC2-D5B24C2E5397}.Debug|x86.ActiveCfg = Debug|Any CPU
		{57D8817D-3FC0-4202-9BC2-D5B24C2E5397}.Release|Any CPU.ActiveCfg = Release|Any CPU
		{57D8817D-3FC0-4202-9BC2-D5B24C2E5397}.Release|Any CPU.Build.0 = Release|Any CPU
		{57D8817D-3FC0-4202-9BC2-D5B24C2E5397}.Release|Mixed Platforms.ActiveCfg = Release|Any CPU
		{57D8817D-3FC0-4202-9BC2-D5B24C2E5397}.Release|Mixed Platforms.Build.0 = Release|Any CPU
		{57D8817D-3FC0-4202-9BC2-D5B24C2E5397}.Release|x86.ActiveCfg = Release|Any CPU
		{961C1405-8B86-42EC-8973-B5D8671A049B}.Debug|Any CPU.ActiveCfg = Debug|Any CPU
		{961C1405-8B86-42EC-8973-B5D8671A049B}.Debug|Any CPU.Build.0 = Debug|Any CPU
		{961C1405-8B86-42EC-8973-B5D8671A049B}.Debug|Mixed Platforms.ActiveCfg = Debug|Any CPU
		{961C1405-8B86-42EC-8973-B5D8671A049B}.Debug|Mixed Platforms.Build.0 = Debug|Any CPU
		{961C1405-8B86-42EC-8973-B5D8671A049B}.Debug|x86.ActiveCfg = Debug|Any CPU
		{961C1405-8B86-42EC-8973-B5D8671A049B}.Release|Any CPU.ActiveCfg = Release|Any CPU
		{961C1405-8B86-42EC-8973-B5D8671A049B}.Release|Any CPU.Build.0 = Release|Any CPU
		{961C1405-8B86-42EC-8973-B5D8671A049B}.Release|Mixed Platforms.ActiveCfg = Release|Any CPU
		{961C1405-8B86-42EC-8973-B5D8671A049B}.Release|Mixed Platforms.Build.0 = Release|Any CPU
		{961C1405-8B86-42EC-8973-B5D8671A049B}.Release|x86.ActiveCfg = Release|Any CPU
		{24CD323F-A48C-4F3D-9779-25F3E8FAA07C}.Debug|Any CPU.ActiveCfg = Debug|Any CPU
		{24CD323F-A48C-4F3D-9779-25F3E8FAA07C}.Debug|Any CPU.Build.0 = Debug|Any CPU
		{24CD323F-A48C-4F3D-9779-25F3E8FAA07C}.Debug|Mixed Platforms.ActiveCfg = Debug|x86
		{24CD323F-A48C-4F3D-9779-25F3E8FAA07C}.Debug|Mixed Platforms.Build.0 = Debug|x86
		{24CD323F-A48C-4F3D-9779-25F3E8FAA07C}.Debug|x86.ActiveCfg = Debug|x86
		{24CD323F-A48C-4F3D-9779-25F3E8FAA07C}.Debug|x86.Build.0 = Debug|x86
		{24CD323F-A48C-4F3D-9779-25F3E8FAA07C}.Release|Any CPU.ActiveCfg = Release|x86
		{24CD323F-A48C-4F3D-9779-25F3E8FAA07C}.Release|Mixed Platforms.ActiveCfg = Release|x86
		{24CD323F-A48C-4F3D-9779-25F3E8FAA07C}.Release|Mixed Platforms.Build.0 = Release|x86
		{24CD323F-A48C-4F3D-9779-25F3E8FAA07C}.Release|x86.ActiveCfg = Release|x86
		{24CD323F-A48C-4F3D-9779-25F3E8FAA07C}.Release|x86.Build.0 = Release|x86
		{55C5619D-6579-46C6-8FC4-C748ECB17510}.Debug|Any CPU.ActiveCfg = Debug|Any CPU
		{55C5619D-6579-46C6-8FC4-C748ECB17510}.Debug|Any CPU.Build.0 = Debug|Any CPU
		{55C5619D-6579-46C6-8FC4-C748ECB17510}.Debug|Mixed Platforms.ActiveCfg = Debug|Any CPU
		{55C5619D-6579-46C6-8FC4-C748ECB17510}.Debug|Mixed Platforms.Build.0 = Debug|Any CPU
		{55C5619D-6579-46C6-8FC4-C748ECB17510}.Debug|x86.ActiveCfg = Debug|Any CPU
		{55C5619D-6579-46C6-8FC4-C748ECB17510}.Debug|x86.Build.0 = Debug|Any CPU
		{55C5619D-6579-46C6-8FC4-C748ECB17510}.Release|Any CPU.ActiveCfg = Release|Any CPU
		{55C5619D-6579-46C6-8FC4-C748ECB17510}.Release|Any CPU.Build.0 = Release|Any CPU
		{55C5619D-6579-46C6-8FC4-C748ECB17510}.Release|Mixed Platforms.ActiveCfg = Release|Any CPU
		{55C5619D-6579-46C6-8FC4-C748ECB17510}.Release|Mixed Platforms.Build.0 = Release|Any CPU
		{55C5619D-6579-46C6-8FC4-C748ECB17510}.Release|x86.ActiveCfg = Release|Any CPU
		{55C5619D-6579-46C6-8FC4-C748ECB17510}.Release|x86.Build.0 = Release|Any CPU
		{C2AEC825-1A33-441A-A119-C76A7953B379}.Debug|Any CPU.ActiveCfg = Debug|Any CPU
		{C2AEC825-1A33-441A-A119-C76A7953B379}.Debug|Any CPU.Build.0 = Debug|Any CPU
		{C2AEC825-1A33-441A-A119-C76A7953B379}.Debug|Mixed Platforms.ActiveCfg = Debug|Any CPU
		{C2AEC825-1A33-441A-A119-C76A7953B379}.Debug|Mixed Platforms.Build.0 = Debug|Any CPU
		{C2AEC825-1A33-441A-A119-C76A7953B379}.Debug|x86.ActiveCfg = Debug|Any CPU
		{C2AEC825-1A33-441A-A119-C76A7953B379}.Debug|x86.Build.0 = Debug|Any CPU
		{C2AEC825-1A33-441A-A119-C76A7953B379}.Release|Any CPU.ActiveCfg = Release|Any CPU
		{C2AEC825-1A33-441A-A119-C76A7953B379}.Release|Any CPU.Build.0 = Release|Any CPU
		{C2AEC825-1A33-441A-A119-C76A7953B379}.Release|Mixed Platforms.ActiveCfg = Release|Any CPU
		{C2AEC825-1A33-441A-A119-C76A7953B379}.Release|Mixed Platforms.Build.0 = Release|Any CPU
		{C2AEC825-1A33-441A-A119-C76A7953B379}.Release|x86.ActiveCfg = Release|Any CPU
		{C2AEC825-1A33-441A-A119-C76A7953B379}.Release|x86.Build.0 = Release|Any CPU
		{23F03D80-0B97-4045-AA23-371E4EF7D89D}.Debug|Any CPU.ActiveCfg = Debug|Any CPU
		{23F03D80-0B97-4045-AA23-371E4EF7D89D}.Debug|Any CPU.Build.0 = Debug|Any CPU
		{23F03D80-0B97-4045-AA23-371E4EF7D89D}.Debug|Mixed Platforms.ActiveCfg = Debug|Any CPU
		{23F03D80-0B97-4045-AA23-371E4EF7D89D}.Debug|Mixed Platforms.Build.0 = Debug|Any CPU
		{23F03D80-0B97-4045-AA23-371E4EF7D89D}.Debug|x86.ActiveCfg = Debug|Any CPU
		{23F03D80-0B97-4045-AA23-371E4EF7D89D}.Debug|x86.Build.0 = Debug|Any CPU
		{23F03D80-0B97-4045-AA23-371E4EF7D89D}.Release|Any CPU.ActiveCfg = Release|Any CPU
		{23F03D80-0B97-4045-AA23-371E4EF7D89D}.Release|Any CPU.Build.0 = Release|Any CPU
		{23F03D80-0B97-4045-AA23-371E4EF7D89D}.Release|Mixed Platforms.ActiveCfg = Release|Any CPU
		{23F03D80-0B97-4045-AA23-371E4EF7D89D}.Release|Mixed Platforms.Build.0 = Release|Any CPU
		{23F03D80-0B97-4045-AA23-371E4EF7D89D}.Release|x86.ActiveCfg = Release|Any CPU
		{23F03D80-0B97-4045-AA23-371E4EF7D89D}.Release|x86.Build.0 = Release|Any CPU
		{FE44F622-6DE0-4FCD-BDCA-6B615634CA0C}.Debug|Any CPU.ActiveCfg = Debug|Any CPU
		{FE44F622-6DE0-4FCD-BDCA-6B615634CA0C}.Debug|Any CPU.Build.0 = Debug|Any CPU
		{FE44F622-6DE0-4FCD-BDCA-6B615634CA0C}.Debug|Mixed Platforms.ActiveCfg = Debug|Any CPU
		{FE44F622-6DE0-4FCD-BDCA-6B615634CA0C}.Debug|Mixed Platforms.Build.0 = Debug|Any CPU
		{FE44F622-6DE0-4FCD-BDCA-6B615634CA0C}.Debug|x86.ActiveCfg = Debug|Any CPU
		{FE44F622-6DE0-4FCD-BDCA-6B615634CA0C}.Debug|x86.Build.0 = Debug|Any CPU
		{FE44F622-6DE0-4FCD-BDCA-6B615634CA0C}.Release|Any CPU.ActiveCfg = Release|Any CPU
		{FE44F622-6DE0-4FCD-BDCA-6B615634CA0C}.Release|Any CPU.Build.0 = Release|Any CPU
		{FE44F622-6DE0-4FCD-BDCA-6B615634CA0C}.Release|Mixed Platforms.ActiveCfg = Release|Any CPU
		{FE44F622-6DE0-4FCD-BDCA-6B615634CA0C}.Release|Mixed Platforms.Build.0 = Release|Any CPU
		{FE44F622-6DE0-4FCD-BDCA-6B615634CA0C}.Release|x86.ActiveCfg = Release|Any CPU
		{FE44F622-6DE0-4FCD-BDCA-6B615634CA0C}.Release|x86.Build.0 = Release|Any CPU
		{648A3C8C-4A6B-4EC8-A1CD-F586F56B78E0}.Debug|Any CPU.ActiveCfg = Debug|Any CPU
		{648A3C8C-4A6B-4EC8-A1CD-F586F56B78E0}.Debug|Any CPU.Build.0 = Debug|Any CPU
		{648A3C8C-4A6B-4EC8-A1CD-F586F56B78E0}.Debug|Mixed Platforms.ActiveCfg = Debug|Any CPU
		{648A3C8C-4A6B-4EC8-A1CD-F586F56B78E0}.Debug|Mixed Platforms.Build.0 = Debug|Any CPU
		{648A3C8C-4A6B-4EC8-A1CD-F586F56B78E0}.Debug|x86.ActiveCfg = Debug|Any CPU
		{648A3C8C-4A6B-4EC8-A1CD-F586F56B78E0}.Debug|x86.Build.0 = Debug|Any CPU
		{648A3C8C-4A6B-4EC8-A1CD-F586F56B78E0}.Release|Any CPU.ActiveCfg = Release|Any CPU
		{648A3C8C-4A6B-4EC8-A1CD-F586F56B78E0}.Release|Any CPU.Build.0 = Release|Any CPU
		{648A3C8C-4A6B-4EC8-A1CD-F586F56B78E0}.Release|Mixed Platforms.ActiveCfg = Release|Any CPU
		{648A3C8C-4A6B-4EC8-A1CD-F586F56B78E0}.Release|Mixed Platforms.Build.0 = Release|Any CPU
		{648A3C8C-4A6B-4EC8-A1CD-F586F56B78E0}.Release|x86.ActiveCfg = Release|Any CPU
		{648A3C8C-4A6B-4EC8-A1CD-F586F56B78E0}.Release|x86.Build.0 = Release|Any CPU
		{82A4B7F3-DCB0-4D36-995E-0C922ABBC02C}.Debug|Any CPU.ActiveCfg = Debug|Any CPU
		{82A4B7F3-DCB0-4D36-995E-0C922ABBC02C}.Debug|Any CPU.Build.0 = Debug|Any CPU
		{82A4B7F3-DCB0-4D36-995E-0C922ABBC02C}.Debug|Mixed Platforms.ActiveCfg = Debug|Any CPU
		{82A4B7F3-DCB0-4D36-995E-0C922ABBC02C}.Debug|Mixed Platforms.Build.0 = Debug|Any CPU
		{82A4B7F3-DCB0-4D36-995E-0C922ABBC02C}.Debug|x86.ActiveCfg = Debug|Any CPU
		{82A4B7F3-DCB0-4D36-995E-0C922ABBC02C}.Debug|x86.Build.0 = Debug|Any CPU
		{82A4B7F3-DCB0-4D36-995E-0C922ABBC02C}.Release|Any CPU.ActiveCfg = Release|Any CPU
		{82A4B7F3-DCB0-4D36-995E-0C922ABBC02C}.Release|Any CPU.Build.0 = Release|Any CPU
		{82A4B7F3-DCB0-4D36-995E-0C922ABBC02C}.Release|Mixed Platforms.ActiveCfg = Release|Any CPU
		{82A4B7F3-DCB0-4D36-995E-0C922ABBC02C}.Release|Mixed Platforms.Build.0 = Release|Any CPU
		{82A4B7F3-DCB0-4D36-995E-0C922ABBC02C}.Release|x86.ActiveCfg = Release|Any CPU
		{82A4B7F3-DCB0-4D36-995E-0C922ABBC02C}.Release|x86.Build.0 = Release|Any CPU
		{6AF154BF-9C3A-485C-BA14-1352F04BB9DB}.Debug|Any CPU.ActiveCfg = Debug|Any CPU
		{6AF154BF-9C3A-485C-BA14-1352F04BB9DB}.Debug|Any CPU.Build.0 = Debug|Any CPU
		{6AF154BF-9C3A-485C-BA14-1352F04BB9DB}.Debug|Mixed Platforms.ActiveCfg = Debug|Any CPU
		{6AF154BF-9C3A-485C-BA14-1352F04BB9DB}.Debug|Mixed Platforms.Build.0 = Debug|Any CPU
		{6AF154BF-9C3A-485C-BA14-1352F04BB9DB}.Debug|x86.ActiveCfg = Debug|Any CPU
		{6AF154BF-9C3A-485C-BA14-1352F04BB9DB}.Debug|x86.Build.0 = Debug|Any CPU
		{6AF154BF-9C3A-485C-BA14-1352F04BB9DB}.Release|Any CPU.ActiveCfg = Release|Any CPU
		{6AF154BF-9C3A-485C-BA14-1352F04BB9DB}.Release|Any CPU.Build.0 = Release|Any CPU
		{6AF154BF-9C3A-485C-BA14-1352F04BB9DB}.Release|Mixed Platforms.ActiveCfg = Release|Any CPU
		{6AF154BF-9C3A-485C-BA14-1352F04BB9DB}.Release|Mixed Platforms.Build.0 = Release|Any CPU
		{6AF154BF-9C3A-485C-BA14-1352F04BB9DB}.Release|x86.ActiveCfg = Release|Any CPU
		{6AF154BF-9C3A-485C-BA14-1352F04BB9DB}.Release|x86.Build.0 = Release|Any CPU
		{9A99255F-518B-42E3-AE95-50774D16A743}.Debug|Any CPU.ActiveCfg = Debug|Any CPU
		{9A99255F-518B-42E3-AE95-50774D16A743}.Debug|Any CPU.Build.0 = Debug|Any CPU
		{9A99255F-518B-42E3-AE95-50774D16A743}.Debug|Mixed Platforms.ActiveCfg = Debug|Any CPU
		{9A99255F-518B-42E3-AE95-50774D16A743}.Debug|Mixed Platforms.Build.0 = Debug|Any CPU
		{9A99255F-518B-42E3-AE95-50774D16A743}.Debug|x86.ActiveCfg = Debug|Any CPU
		{9A99255F-518B-42E3-AE95-50774D16A743}.Debug|x86.Build.0 = Debug|Any CPU
		{9A99255F-518B-42E3-AE95-50774D16A743}.Release|Any CPU.ActiveCfg = Release|Any CPU
		{9A99255F-518B-42E3-AE95-50774D16A743}.Release|Any CPU.Build.0 = Release|Any CPU
		{9A99255F-518B-42E3-AE95-50774D16A743}.Release|Mixed Platforms.ActiveCfg = Release|Any CPU
		{9A99255F-518B-42E3-AE95-50774D16A743}.Release|Mixed Platforms.Build.0 = Release|Any CPU
		{9A99255F-518B-42E3-AE95-50774D16A743}.Release|x86.ActiveCfg = Release|Any CPU
		{9A99255F-518B-42E3-AE95-50774D16A743}.Release|x86.Build.0 = Release|Any CPU
		{F25E6660-ADD6-451B-8D0F-AC3C15787678}.Debug|Any CPU.ActiveCfg = Debug|Any CPU
		{F25E6660-ADD6-451B-8D0F-AC3C15787678}.Debug|Any CPU.Build.0 = Debug|Any CPU
		{F25E6660-ADD6-451B-8D0F-AC3C15787678}.Debug|Mixed Platforms.ActiveCfg = Debug|Any CPU
		{F25E6660-ADD6-451B-8D0F-AC3C15787678}.Debug|Mixed Platforms.Build.0 = Debug|Any CPU
		{F25E6660-ADD6-451B-8D0F-AC3C15787678}.Debug|x86.ActiveCfg = Debug|Any CPU
		{F25E6660-ADD6-451B-8D0F-AC3C15787678}.Debug|x86.Build.0 = Debug|Any CPU
		{F25E6660-ADD6-451B-8D0F-AC3C15787678}.Release|Any CPU.ActiveCfg = Release|Any CPU
		{F25E6660-ADD6-451B-8D0F-AC3C15787678}.Release|Any CPU.Build.0 = Release|Any CPU
		{F25E6660-ADD6-451B-8D0F-AC3C15787678}.Release|Mixed Platforms.ActiveCfg = Release|Any CPU
		{F25E6660-ADD6-451B-8D0F-AC3C15787678}.Release|Mixed Platforms.Build.0 = Release|Any CPU
		{F25E6660-ADD6-451B-8D0F-AC3C15787678}.Release|x86.ActiveCfg = Release|Any CPU
		{F25E6660-ADD6-451B-8D0F-AC3C15787678}.Release|x86.Build.0 = Release|Any CPU
		{4B7AD32B-AA31-404C-B855-D902BD39292E}.Debug|Any CPU.ActiveCfg = Debug|Any CPU
		{4B7AD32B-AA31-404C-B855-D902BD39292E}.Debug|Any CPU.Build.0 = Debug|Any CPU
		{4B7AD32B-AA31-404C-B855-D902BD39292E}.Debug|Mixed Platforms.ActiveCfg = Debug|Any CPU
		{4B7AD32B-AA31-404C-B855-D902BD39292E}.Debug|Mixed Platforms.Build.0 = Debug|Any CPU
		{4B7AD32B-AA31-404C-B855-D902BD39292E}.Debug|x86.ActiveCfg = Debug|Any CPU
		{4B7AD32B-AA31-404C-B855-D902BD39292E}.Debug|x86.Build.0 = Debug|Any CPU
		{4B7AD32B-AA31-404C-B855-D902BD39292E}.Release|Any CPU.ActiveCfg = Release|Any CPU
		{4B7AD32B-AA31-404C-B855-D902BD39292E}.Release|Any CPU.Build.0 = Release|Any CPU
		{4B7AD32B-AA31-404C-B855-D902BD39292E}.Release|Mixed Platforms.ActiveCfg = Release|Any CPU
		{4B7AD32B-AA31-404C-B855-D902BD39292E}.Release|Mixed Platforms.Build.0 = Release|Any CPU
		{4B7AD32B-AA31-404C-B855-D902BD39292E}.Release|x86.ActiveCfg = Release|Any CPU
		{4B7AD32B-AA31-404C-B855-D902BD39292E}.Release|x86.Build.0 = Release|Any CPU
	EndGlobalSection
	GlobalSection(SolutionProperties) = preSolution
		HideSolutionNode = FALSE
	EndGlobalSection
EndGlobal
