
Microsoft Visual Studio Solution File, Format Version 12.00
# Visual Studio 14
VisualStudioVersion = 14.0.25420.1
MinimumVisualStudioVersion = 10.0.40219.1
Project("{2150E333-8FDC-42A3-9474-1A3956D46DE8}") = "Solution Items", "Solution Items", "{F97BC459-B5B9-4326-9E0D-D085FD4DEF96}"
	ProjectSection(SolutionItems) = preProject
		global.json = global.json
	EndProjectSection
EndProject
Project("{8BB2217D-0F2D-49D1-97BC-3654ED321F3B}") = "Chapter01", "Chapter01\Chapter01.xproj", "{CD52A1FD-70AF-4707-809C-DB6F868ECC5E}"
EndProject
Project("{8BB2217D-0F2D-49D1-97BC-3654ED321F3B}") = "Chapter02", "Chapter02\Chapter02.xproj", "{8208EDD7-2F0A-4AC7-97BE-11547B182403}"
EndProject
Project("{8BB2217D-0F2D-49D1-97BC-3654ED321F3B}") = "Chapter03", "Chapter03\Chapter03.xproj", "{61AE9610-617A-4629-9A13-DC5B5CC96080}"
EndProject
Project("{8BB2217D-0F2D-49D1-97BC-3654ED321F3B}") = "Chapter04", "Chapter04\Chapter04.xproj", "{F080E801-369B-4073-8CE8-3572F66148F0}"
EndProject
Project("{8BB2217D-0F2D-49D1-97BC-3654ED321F3B}") = "Chapter05", "Chapter05\Chapter05.xproj", "{8977A3FA-EB70-409B-9929-B63F633CD980}"
EndProject
Project("{8BB2217D-0F2D-49D1-97BC-3654ED321F3B}") = "Chapter06", "Chapter06\Chapter06.xproj", "{1FD37EA4-2DA9-4FC1-B6C6-8A543564F57E}"
EndProject
Project("{8BB2217D-0F2D-49D1-97BC-3654ED321F3B}") = "Chapter07", "Chapter07\Chapter07.xproj", "{2CC3AA87-29E9-498A-A7A5-F72B38DB1370}"
EndProject
Project("{8BB2217D-0F2D-49D1-97BC-3654ED321F3B}") = "Chapter08", "Chapter08\Chapter08.xproj", "{24EF0AB5-503B-4648-A695-43A3D4C7A58F}"
EndProject
Project("{8BB2217D-0F2D-49D1-97BC-3654ED321F3B}") = "Chapter09", "Chapter09\Chapter09.xproj", "{B08E19E5-C105-4D19-9071-8B588D5C4202}"
EndProject
Project("{8BB2217D-0F2D-49D1-97BC-3654ED321F3B}") = "Chapter11", "Chapter11\Chapter11.xproj", "{4CDFD6FD-9492-4427-8805-7B09E4C5641D}"
EndProject
Project("{8BB2217D-0F2D-49D1-97BC-3654ED321F3B}") = "Chapter10", "Chapter10\Chapter10.xproj", "{F0EBBFBA-459F-4861-B629-215F841C106F}"
EndProject
Project("{8BB2217D-0F2D-49D1-97BC-3654ED321F3B}") = "Chapter12", "Chapter12\Chapter12.xproj", "{0BA34342-5C21-4241-8F71-403F56A31B36}"
EndProject
Project("{8BB2217D-0F2D-49D1-97BC-3654ED321F3B}") = "Chapter13", "Chapter13\Chapter13.xproj", "{11CF5576-AFFF-4443-BBFB-555AE6538044}"
EndProject
Project("{8BB2217D-0F2D-49D1-97BC-3654ED321F3B}") = "Chapter14", "Chapter14\Chapter14.xproj", "{067ED02D-9342-45FA-8ADC-6E234E4CEC62}"
EndProject
Project("{8BB2217D-0F2D-49D1-97BC-3654ED321F3B}") = "Chapter15", "Chapter15\Chapter15.xproj", "{30252AA3-A2A2-4E37-A883-AC29FD0D9A9C}"
EndProject
Project("{8BB2217D-0F2D-49D1-97BC-3654ED321F3B}") = "Chapter16", "Chapter16\Chapter16.xproj", "{6269C96A-CD11-4B8A-A79B-B6BD0672265E}"
EndProject
Project("{8BB2217D-0F2D-49D1-97BC-3654ED321F3B}") = "Chapter19", "Chapter19\Chapter19.xproj", "{D30FD9A6-F0F6-4DA9-81B5-A74CFAA59E02}"
EndProject
Project("{8BB2217D-0F2D-49D1-97BC-3654ED321F3B}") = "SharedCode", "SharedCode\SharedCode.xproj", "{B9BBB7CE-D00F-4E30-9DFB-D160129E43B4}"
EndProject
Project("{8BB2217D-0F2D-49D1-97BC-3654ED321F3B}") = "Chapter20", "Chapter20\Chapter20.xproj", "{139D867D-F839-4511-BEE0-7AD51E309B5E}"
EndProject
Project("{8BB2217D-0F2D-49D1-97BC-3654ED321F3B}") = "ChapterAppB", "ChapterAppB\ChapterAppB.xproj", "{FBF2F0D8-0231-4B1F-AED1-277E551077BC}"
EndProject
Project("{8BB2217D-0F2D-49D1-97BC-3654ED321F3B}") = "ChapterAppC", "ChapterAppC\ChapterAppC.xproj", "{99C2DD78-7AA2-440C-BBD8-2EC7E745C0DA}"
EndProject
Project("{2150E333-8FDC-42A3-9474-1A3956D46DE8}") = "Shared", "Shared", "{91698F73-19EB-4531-980C-5B8B76DC28C9}"
	ProjectSection(SolutionItems) = preProject
		Shared\Program.cs = Shared\Program.cs
	EndProjectSection
EndProject
Project("{8BB2217D-0F2D-49D1-97BC-3654ED321F3B}") = "ChapterAppD", "ChapterAppD\ChapterAppD.xproj", "{0EB29EC6-430F-43DC-A722-9BDE1709F59B}"
EndProject
Project("{8BB2217D-0F2D-49D1-97BC-3654ED321F3B}") = "Chapter18", "Chapter18\Chapter18.xproj", "{3221A4EF-F6E2-41E1-AC7E-5F114DF7CB8E}"
EndProject
Project("{FAE04EC0-301F-11D3-BF4B-00C04F79EFBC}") = "Chapter18a", "Chapter18a\Chapter18a.csproj", "{714EB5AB-A5D4-4D8B-8DA0-B69DDAFD52F6}"
EndProject
Project("{8BB2217D-0F2D-49D1-97BC-3654ED321F3B}") = "Chapter17", "Chapter17\Chapter17.xproj", "{BC5A1B67-7BC2-4C7A-8AD5-C85FEB607CAA}"
EndProject
Project("{FAE04EC0-301F-11D3-BF4B-00C04F79EFBC}") = "Chapter17a", "Chapter17a\Chapter17a.csproj", "{ED75EBE9-F011-4A57-B6AA-6AAAF2FB4E5C}"
EndProject
Project("{2150E333-8FDC-42A3-9474-1A3956D46DE8}") = "submodules", "submodules", "{731AAC54-C91A-4D8D-ABB5-1472B6EFCC36}"
EndProject
Project("{8BB2217D-0F2D-49D1-97BC-3654ED321F3B}") = "Intellitect.ConsoleView", "..\submodules\ConsoleView\Intellitect.ConsoleView\Intellitect.ConsoleView.xproj", "{210FAD29-2D8B-46D5-9F62-2BACD00D4A2C}"
EndProject
Project("{8BB2217D-0F2D-49D1-97BC-3654ED321F3B}") = "Chapter01.Tests", "Chapter01.Tests\Chapter01.Tests.xproj", "{A3A7450A-64F8-4914-838B-EEFEBA35FCB0}"
EndProject
Project("{8BB2217D-0F2D-49D1-97BC-3654ED321F3B}") = "Chapter02.Tests", "Chapter02.Tests\Chapter02.Tests.xproj", "{EE0BF17E-71F2-4B58-8FAE-63018969D6C7}"
EndProject
Project("{8BB2217D-0F2D-49D1-97BC-3654ED321F3B}") = "Chapter03.Tests", "Chapter03.Tests\Chapter03.Tests.xproj", "{153A11E1-5383-499A-BE3D-39BCFE22E1EB}"
EndProject
Project("{8BB2217D-0F2D-49D1-97BC-3654ED321F3B}") = "Chapter04.Tests", "Chapter04.Tests\Chapter04.Tests.xproj", "{96D3A841-CB4A-452C-B5E4-7EBCD517868F}"
EndProject
Project("{8BB2217D-0F2D-49D1-97BC-3654ED321F3B}") = "Chapter05.Tests", "Chapter05.Tests\Chapter05.Tests.xproj", "{AFB90ABD-A7BA-4BB3-AE5A-C095C5AC7891}"
EndProject
Project("{8BB2217D-0F2D-49D1-97BC-3654ED321F3B}") = "Chapter09.Tests", "Chapter09.Tests\Chapter09.Tests.xproj", "{DE704D9B-A291-46AB-88A9-4E7DBA4314BC}"
EndProject
Project("{8BB2217D-0F2D-49D1-97BC-3654ED321F3B}") = "Chapter10.Tests", "Chapter10.Tests\Chapter10.Tests.xproj", "{4AFF4C4D-BE44-4DBF-8202-772C63EC71C1}"
EndProject
Project("{8BB2217D-0F2D-49D1-97BC-3654ED321F3B}") = "Chapter12.Tests", "Chapter12.Tests\Chapter12.Tests.xproj", "{96307DFC-8AE5-4EC8-96D8-19A570A9E92C}"
EndProject
Project("{8BB2217D-0F2D-49D1-97BC-3654ED321F3B}") = "Chapter13.Tests", "Chapter13.Tests\Chapter13.Tests.xproj", "{3ADB9C2A-DE3C-473C-B2C5-1F0314466DBF}"
EndProject
Project("{8BB2217D-0F2D-49D1-97BC-3654ED321F3B}") = "Chapter14.Tests", "Chapter14.Tests\Chapter14.Tests.xproj", "{1EDC6882-4D82-435F-BD3A-D33C8C4F7579}"
EndProject
Project("{8BB2217D-0F2D-49D1-97BC-3654ED321F3B}") = "Chapter15.Tests", "Chapter15.Tests\Chapter15.Tests.xproj", "{13909B22-A43A-481C-9E01-4E72DD552D3B}"
EndProject
Project("{8BB2217D-0F2D-49D1-97BC-3654ED321F3B}") = "Chapter16.Tests", "Chapter16.Tests\Chapter16.Tests.xproj", "{19ABDFD8-4F4B-4DFB-A208-88490556F6C5}"
EndProject
Project("{8BB2217D-0F2D-49D1-97BC-3654ED321F3B}") = "Chapter17.Tests", "Chapter17.Tests\Chapter17.Tests.xproj", "{5E912CD7-6087-47D7-B0E2-0D8FFD9B092E}"
EndProject
Project("{8BB2217D-0F2D-49D1-97BC-3654ED321F3B}") = "Chapter18.Tests", "Chapter18.Tests\Chapter18.Tests.xproj", "{B07DE6E3-4A93-4177-9F52-F861E43632C0}"
EndProject
Global
	GlobalSection(SolutionConfigurationPlatforms) = preSolution
		Debug|Any CPU = Debug|Any CPU
		Debug|x86 = Debug|x86
		Release|Any CPU = Release|Any CPU
		Release|x86 = Release|x86
	EndGlobalSection
	GlobalSection(ProjectConfigurationPlatforms) = postSolution
		{CD52A1FD-70AF-4707-809C-DB6F868ECC5E}.Debug|Any CPU.ActiveCfg = Debug|Any CPU
		{CD52A1FD-70AF-4707-809C-DB6F868ECC5E}.Debug|Any CPU.Build.0 = Debug|Any CPU
		{CD52A1FD-70AF-4707-809C-DB6F868ECC5E}.Debug|x86.ActiveCfg = Debug|Any CPU
		{CD52A1FD-70AF-4707-809C-DB6F868ECC5E}.Debug|x86.Build.0 = Debug|Any CPU
		{CD52A1FD-70AF-4707-809C-DB6F868ECC5E}.Release|Any CPU.ActiveCfg = Release|Any CPU
		{CD52A1FD-70AF-4707-809C-DB6F868ECC5E}.Release|Any CPU.Build.0 = Release|Any CPU
		{CD52A1FD-70AF-4707-809C-DB6F868ECC5E}.Release|x86.ActiveCfg = Release|Any CPU
		{CD52A1FD-70AF-4707-809C-DB6F868ECC5E}.Release|x86.Build.0 = Release|Any CPU
		{8208EDD7-2F0A-4AC7-97BE-11547B182403}.Debug|Any CPU.ActiveCfg = Debug|Any CPU
		{8208EDD7-2F0A-4AC7-97BE-11547B182403}.Debug|Any CPU.Build.0 = Debug|Any CPU
		{8208EDD7-2F0A-4AC7-97BE-11547B182403}.Debug|x86.ActiveCfg = Debug|Any CPU
		{8208EDD7-2F0A-4AC7-97BE-11547B182403}.Debug|x86.Build.0 = Debug|Any CPU
		{8208EDD7-2F0A-4AC7-97BE-11547B182403}.Release|Any CPU.ActiveCfg = Release|Any CPU
		{8208EDD7-2F0A-4AC7-97BE-11547B182403}.Release|Any CPU.Build.0 = Release|Any CPU
		{8208EDD7-2F0A-4AC7-97BE-11547B182403}.Release|x86.ActiveCfg = Release|Any CPU
		{8208EDD7-2F0A-4AC7-97BE-11547B182403}.Release|x86.Build.0 = Release|Any CPU
		{61AE9610-617A-4629-9A13-DC5B5CC96080}.Debug|Any CPU.ActiveCfg = Debug|Any CPU
		{61AE9610-617A-4629-9A13-DC5B5CC96080}.Debug|Any CPU.Build.0 = Debug|Any CPU
		{61AE9610-617A-4629-9A13-DC5B5CC96080}.Debug|x86.ActiveCfg = Debug|Any CPU
		{61AE9610-617A-4629-9A13-DC5B5CC96080}.Debug|x86.Build.0 = Debug|Any CPU
		{61AE9610-617A-4629-9A13-DC5B5CC96080}.Release|Any CPU.ActiveCfg = Release|Any CPU
		{61AE9610-617A-4629-9A13-DC5B5CC96080}.Release|Any CPU.Build.0 = Release|Any CPU
		{61AE9610-617A-4629-9A13-DC5B5CC96080}.Release|x86.ActiveCfg = Release|Any CPU
		{61AE9610-617A-4629-9A13-DC5B5CC96080}.Release|x86.Build.0 = Release|Any CPU
		{F080E801-369B-4073-8CE8-3572F66148F0}.Debug|Any CPU.ActiveCfg = Debug|Any CPU
		{F080E801-369B-4073-8CE8-3572F66148F0}.Debug|Any CPU.Build.0 = Debug|Any CPU
		{F080E801-369B-4073-8CE8-3572F66148F0}.Debug|x86.ActiveCfg = Debug|Any CPU
		{F080E801-369B-4073-8CE8-3572F66148F0}.Debug|x86.Build.0 = Debug|Any CPU
		{F080E801-369B-4073-8CE8-3572F66148F0}.Release|Any CPU.ActiveCfg = Release|Any CPU
		{F080E801-369B-4073-8CE8-3572F66148F0}.Release|Any CPU.Build.0 = Release|Any CPU
		{F080E801-369B-4073-8CE8-3572F66148F0}.Release|x86.ActiveCfg = Release|Any CPU
		{F080E801-369B-4073-8CE8-3572F66148F0}.Release|x86.Build.0 = Release|Any CPU
		{8977A3FA-EB70-409B-9929-B63F633CD980}.Debug|Any CPU.ActiveCfg = Debug|Any CPU
		{8977A3FA-EB70-409B-9929-B63F633CD980}.Debug|Any CPU.Build.0 = Debug|Any CPU
		{8977A3FA-EB70-409B-9929-B63F633CD980}.Debug|x86.ActiveCfg = Debug|Any CPU
		{8977A3FA-EB70-409B-9929-B63F633CD980}.Debug|x86.Build.0 = Debug|Any CPU
		{8977A3FA-EB70-409B-9929-B63F633CD980}.Release|Any CPU.ActiveCfg = Release|Any CPU
		{8977A3FA-EB70-409B-9929-B63F633CD980}.Release|Any CPU.Build.0 = Release|Any CPU
		{8977A3FA-EB70-409B-9929-B63F633CD980}.Release|x86.ActiveCfg = Release|Any CPU
		{8977A3FA-EB70-409B-9929-B63F633CD980}.Release|x86.Build.0 = Release|Any CPU
		{1FD37EA4-2DA9-4FC1-B6C6-8A543564F57E}.Debug|Any CPU.ActiveCfg = Debug|Any CPU
		{1FD37EA4-2DA9-4FC1-B6C6-8A543564F57E}.Debug|Any CPU.Build.0 = Debug|Any CPU
		{1FD37EA4-2DA9-4FC1-B6C6-8A543564F57E}.Debug|x86.ActiveCfg = Debug|Any CPU
		{1FD37EA4-2DA9-4FC1-B6C6-8A543564F57E}.Debug|x86.Build.0 = Debug|Any CPU
		{1FD37EA4-2DA9-4FC1-B6C6-8A543564F57E}.Release|Any CPU.ActiveCfg = Release|Any CPU
		{1FD37EA4-2DA9-4FC1-B6C6-8A543564F57E}.Release|Any CPU.Build.0 = Release|Any CPU
		{1FD37EA4-2DA9-4FC1-B6C6-8A543564F57E}.Release|x86.ActiveCfg = Release|Any CPU
		{1FD37EA4-2DA9-4FC1-B6C6-8A543564F57E}.Release|x86.Build.0 = Release|Any CPU
		{2CC3AA87-29E9-498A-A7A5-F72B38DB1370}.Debug|Any CPU.ActiveCfg = Debug|Any CPU
		{2CC3AA87-29E9-498A-A7A5-F72B38DB1370}.Debug|Any CPU.Build.0 = Debug|Any CPU
		{2CC3AA87-29E9-498A-A7A5-F72B38DB1370}.Debug|x86.ActiveCfg = Debug|Any CPU
		{2CC3AA87-29E9-498A-A7A5-F72B38DB1370}.Debug|x86.Build.0 = Debug|Any CPU
		{2CC3AA87-29E9-498A-A7A5-F72B38DB1370}.Release|Any CPU.ActiveCfg = Release|Any CPU
		{2CC3AA87-29E9-498A-A7A5-F72B38DB1370}.Release|Any CPU.Build.0 = Release|Any CPU
		{2CC3AA87-29E9-498A-A7A5-F72B38DB1370}.Release|x86.ActiveCfg = Release|Any CPU
		{2CC3AA87-29E9-498A-A7A5-F72B38DB1370}.Release|x86.Build.0 = Release|Any CPU
		{24EF0AB5-503B-4648-A695-43A3D4C7A58F}.Debug|Any CPU.ActiveCfg = Debug|Any CPU
		{24EF0AB5-503B-4648-A695-43A3D4C7A58F}.Debug|Any CPU.Build.0 = Debug|Any CPU
		{24EF0AB5-503B-4648-A695-43A3D4C7A58F}.Debug|x86.ActiveCfg = Debug|Any CPU
		{24EF0AB5-503B-4648-A695-43A3D4C7A58F}.Debug|x86.Build.0 = Debug|Any CPU
		{24EF0AB5-503B-4648-A695-43A3D4C7A58F}.Release|Any CPU.ActiveCfg = Release|Any CPU
		{24EF0AB5-503B-4648-A695-43A3D4C7A58F}.Release|Any CPU.Build.0 = Release|Any CPU
		{24EF0AB5-503B-4648-A695-43A3D4C7A58F}.Release|x86.ActiveCfg = Release|Any CPU
		{24EF0AB5-503B-4648-A695-43A3D4C7A58F}.Release|x86.Build.0 = Release|Any CPU
		{B08E19E5-C105-4D19-9071-8B588D5C4202}.Debug|Any CPU.ActiveCfg = Debug|Any CPU
		{B08E19E5-C105-4D19-9071-8B588D5C4202}.Debug|Any CPU.Build.0 = Debug|Any CPU
		{B08E19E5-C105-4D19-9071-8B588D5C4202}.Debug|x86.ActiveCfg = Debug|Any CPU
		{B08E19E5-C105-4D19-9071-8B588D5C4202}.Debug|x86.Build.0 = Debug|Any CPU
		{B08E19E5-C105-4D19-9071-8B588D5C4202}.Release|Any CPU.ActiveCfg = Release|Any CPU
		{B08E19E5-C105-4D19-9071-8B588D5C4202}.Release|Any CPU.Build.0 = Release|Any CPU
		{B08E19E5-C105-4D19-9071-8B588D5C4202}.Release|x86.ActiveCfg = Release|Any CPU
		{B08E19E5-C105-4D19-9071-8B588D5C4202}.Release|x86.Build.0 = Release|Any CPU
		{4CDFD6FD-9492-4427-8805-7B09E4C5641D}.Debug|Any CPU.ActiveCfg = Debug|Any CPU
		{4CDFD6FD-9492-4427-8805-7B09E4C5641D}.Debug|Any CPU.Build.0 = Debug|Any CPU
		{4CDFD6FD-9492-4427-8805-7B09E4C5641D}.Debug|x86.ActiveCfg = Debug|Any CPU
		{4CDFD6FD-9492-4427-8805-7B09E4C5641D}.Debug|x86.Build.0 = Debug|Any CPU
		{4CDFD6FD-9492-4427-8805-7B09E4C5641D}.Release|Any CPU.ActiveCfg = Release|Any CPU
		{4CDFD6FD-9492-4427-8805-7B09E4C5641D}.Release|Any CPU.Build.0 = Release|Any CPU
		{4CDFD6FD-9492-4427-8805-7B09E4C5641D}.Release|x86.ActiveCfg = Release|Any CPU
		{4CDFD6FD-9492-4427-8805-7B09E4C5641D}.Release|x86.Build.0 = Release|Any CPU
		{F0EBBFBA-459F-4861-B629-215F841C106F}.Debug|Any CPU.ActiveCfg = Debug|Any CPU
		{F0EBBFBA-459F-4861-B629-215F841C106F}.Debug|Any CPU.Build.0 = Debug|Any CPU
		{F0EBBFBA-459F-4861-B629-215F841C106F}.Debug|x86.ActiveCfg = Debug|Any CPU
		{F0EBBFBA-459F-4861-B629-215F841C106F}.Debug|x86.Build.0 = Debug|Any CPU
		{F0EBBFBA-459F-4861-B629-215F841C106F}.Release|Any CPU.ActiveCfg = Release|Any CPU
		{F0EBBFBA-459F-4861-B629-215F841C106F}.Release|Any CPU.Build.0 = Release|Any CPU
		{F0EBBFBA-459F-4861-B629-215F841C106F}.Release|x86.ActiveCfg = Release|Any CPU
		{F0EBBFBA-459F-4861-B629-215F841C106F}.Release|x86.Build.0 = Release|Any CPU
		{0BA34342-5C21-4241-8F71-403F56A31B36}.Debug|Any CPU.ActiveCfg = Debug|Any CPU
		{0BA34342-5C21-4241-8F71-403F56A31B36}.Debug|Any CPU.Build.0 = Debug|Any CPU
		{0BA34342-5C21-4241-8F71-403F56A31B36}.Debug|x86.ActiveCfg = Debug|Any CPU
		{0BA34342-5C21-4241-8F71-403F56A31B36}.Debug|x86.Build.0 = Debug|Any CPU
		{0BA34342-5C21-4241-8F71-403F56A31B36}.Release|Any CPU.ActiveCfg = Release|Any CPU
		{0BA34342-5C21-4241-8F71-403F56A31B36}.Release|Any CPU.Build.0 = Release|Any CPU
		{0BA34342-5C21-4241-8F71-403F56A31B36}.Release|x86.ActiveCfg = Release|Any CPU
		{0BA34342-5C21-4241-8F71-403F56A31B36}.Release|x86.Build.0 = Release|Any CPU
		{11CF5576-AFFF-4443-BBFB-555AE6538044}.Debug|Any CPU.ActiveCfg = Debug|Any CPU
		{11CF5576-AFFF-4443-BBFB-555AE6538044}.Debug|Any CPU.Build.0 = Debug|Any CPU
		{11CF5576-AFFF-4443-BBFB-555AE6538044}.Debug|x86.ActiveCfg = Debug|Any CPU
		{11CF5576-AFFF-4443-BBFB-555AE6538044}.Debug|x86.Build.0 = Debug|Any CPU
		{11CF5576-AFFF-4443-BBFB-555AE6538044}.Release|Any CPU.ActiveCfg = Release|Any CPU
		{11CF5576-AFFF-4443-BBFB-555AE6538044}.Release|Any CPU.Build.0 = Release|Any CPU
		{11CF5576-AFFF-4443-BBFB-555AE6538044}.Release|x86.ActiveCfg = Release|Any CPU
		{11CF5576-AFFF-4443-BBFB-555AE6538044}.Release|x86.Build.0 = Release|Any CPU
		{067ED02D-9342-45FA-8ADC-6E234E4CEC62}.Debug|Any CPU.ActiveCfg = Debug|Any CPU
		{067ED02D-9342-45FA-8ADC-6E234E4CEC62}.Debug|Any CPU.Build.0 = Debug|Any CPU
		{067ED02D-9342-45FA-8ADC-6E234E4CEC62}.Debug|x86.ActiveCfg = Debug|Any CPU
		{067ED02D-9342-45FA-8ADC-6E234E4CEC62}.Debug|x86.Build.0 = Debug|Any CPU
		{067ED02D-9342-45FA-8ADC-6E234E4CEC62}.Release|Any CPU.ActiveCfg = Release|Any CPU
		{067ED02D-9342-45FA-8ADC-6E234E4CEC62}.Release|Any CPU.Build.0 = Release|Any CPU
		{067ED02D-9342-45FA-8ADC-6E234E4CEC62}.Release|x86.ActiveCfg = Release|Any CPU
		{067ED02D-9342-45FA-8ADC-6E234E4CEC62}.Release|x86.Build.0 = Release|Any CPU
		{30252AA3-A2A2-4E37-A883-AC29FD0D9A9C}.Debug|Any CPU.ActiveCfg = Debug|Any CPU
		{30252AA3-A2A2-4E37-A883-AC29FD0D9A9C}.Debug|Any CPU.Build.0 = Debug|Any CPU
		{30252AA3-A2A2-4E37-A883-AC29FD0D9A9C}.Debug|x86.ActiveCfg = Debug|Any CPU
		{30252AA3-A2A2-4E37-A883-AC29FD0D9A9C}.Debug|x86.Build.0 = Debug|Any CPU
		{30252AA3-A2A2-4E37-A883-AC29FD0D9A9C}.Release|Any CPU.ActiveCfg = Release|Any CPU
		{30252AA3-A2A2-4E37-A883-AC29FD0D9A9C}.Release|Any CPU.Build.0 = Release|Any CPU
		{30252AA3-A2A2-4E37-A883-AC29FD0D9A9C}.Release|x86.ActiveCfg = Release|Any CPU
		{30252AA3-A2A2-4E37-A883-AC29FD0D9A9C}.Release|x86.Build.0 = Release|Any CPU
		{6269C96A-CD11-4B8A-A79B-B6BD0672265E}.Debug|Any CPU.ActiveCfg = Debug|Any CPU
		{6269C96A-CD11-4B8A-A79B-B6BD0672265E}.Debug|Any CPU.Build.0 = Debug|Any CPU
		{6269C96A-CD11-4B8A-A79B-B6BD0672265E}.Debug|x86.ActiveCfg = Debug|Any CPU
		{6269C96A-CD11-4B8A-A79B-B6BD0672265E}.Debug|x86.Build.0 = Debug|Any CPU
		{6269C96A-CD11-4B8A-A79B-B6BD0672265E}.Release|Any CPU.ActiveCfg = Release|Any CPU
		{6269C96A-CD11-4B8A-A79B-B6BD0672265E}.Release|Any CPU.Build.0 = Release|Any CPU
		{6269C96A-CD11-4B8A-A79B-B6BD0672265E}.Release|x86.ActiveCfg = Release|Any CPU
		{6269C96A-CD11-4B8A-A79B-B6BD0672265E}.Release|x86.Build.0 = Release|Any CPU
		{D30FD9A6-F0F6-4DA9-81B5-A74CFAA59E02}.Debug|Any CPU.ActiveCfg = Debug|Any CPU
		{D30FD9A6-F0F6-4DA9-81B5-A74CFAA59E02}.Debug|Any CPU.Build.0 = Debug|Any CPU
		{D30FD9A6-F0F6-4DA9-81B5-A74CFAA59E02}.Debug|x86.ActiveCfg = Debug|Any CPU
		{D30FD9A6-F0F6-4DA9-81B5-A74CFAA59E02}.Debug|x86.Build.0 = Debug|Any CPU
		{D30FD9A6-F0F6-4DA9-81B5-A74CFAA59E02}.Release|Any CPU.ActiveCfg = Release|Any CPU
		{D30FD9A6-F0F6-4DA9-81B5-A74CFAA59E02}.Release|Any CPU.Build.0 = Release|Any CPU
		{D30FD9A6-F0F6-4DA9-81B5-A74CFAA59E02}.Release|x86.ActiveCfg = Release|Any CPU
		{D30FD9A6-F0F6-4DA9-81B5-A74CFAA59E02}.Release|x86.Build.0 = Release|Any CPU
		{B9BBB7CE-D00F-4E30-9DFB-D160129E43B4}.Debug|Any CPU.ActiveCfg = Debug|Any CPU
		{B9BBB7CE-D00F-4E30-9DFB-D160129E43B4}.Debug|Any CPU.Build.0 = Debug|Any CPU
		{B9BBB7CE-D00F-4E30-9DFB-D160129E43B4}.Debug|x86.ActiveCfg = Debug|Any CPU
		{B9BBB7CE-D00F-4E30-9DFB-D160129E43B4}.Debug|x86.Build.0 = Debug|Any CPU
		{B9BBB7CE-D00F-4E30-9DFB-D160129E43B4}.Release|Any CPU.ActiveCfg = Release|Any CPU
		{B9BBB7CE-D00F-4E30-9DFB-D160129E43B4}.Release|Any CPU.Build.0 = Release|Any CPU
		{B9BBB7CE-D00F-4E30-9DFB-D160129E43B4}.Release|x86.ActiveCfg = Release|Any CPU
		{B9BBB7CE-D00F-4E30-9DFB-D160129E43B4}.Release|x86.Build.0 = Release|Any CPU
		{139D867D-F839-4511-BEE0-7AD51E309B5E}.Debug|Any CPU.ActiveCfg = Debug|Any CPU
		{139D867D-F839-4511-BEE0-7AD51E309B5E}.Debug|Any CPU.Build.0 = Debug|Any CPU
		{139D867D-F839-4511-BEE0-7AD51E309B5E}.Debug|x86.ActiveCfg = Debug|Any CPU
		{139D867D-F839-4511-BEE0-7AD51E309B5E}.Debug|x86.Build.0 = Debug|Any CPU
		{139D867D-F839-4511-BEE0-7AD51E309B5E}.Release|Any CPU.ActiveCfg = Release|Any CPU
		{139D867D-F839-4511-BEE0-7AD51E309B5E}.Release|Any CPU.Build.0 = Release|Any CPU
		{139D867D-F839-4511-BEE0-7AD51E309B5E}.Release|x86.ActiveCfg = Release|Any CPU
		{139D867D-F839-4511-BEE0-7AD51E309B5E}.Release|x86.Build.0 = Release|Any CPU
		{FBF2F0D8-0231-4B1F-AED1-277E551077BC}.Debug|Any CPU.ActiveCfg = Debug|Any CPU
		{FBF2F0D8-0231-4B1F-AED1-277E551077BC}.Debug|Any CPU.Build.0 = Debug|Any CPU
		{FBF2F0D8-0231-4B1F-AED1-277E551077BC}.Debug|x86.ActiveCfg = Debug|Any CPU
		{FBF2F0D8-0231-4B1F-AED1-277E551077BC}.Debug|x86.Build.0 = Debug|Any CPU
		{FBF2F0D8-0231-4B1F-AED1-277E551077BC}.Release|Any CPU.ActiveCfg = Release|Any CPU
		{FBF2F0D8-0231-4B1F-AED1-277E551077BC}.Release|Any CPU.Build.0 = Release|Any CPU
		{FBF2F0D8-0231-4B1F-AED1-277E551077BC}.Release|x86.ActiveCfg = Release|Any CPU
		{FBF2F0D8-0231-4B1F-AED1-277E551077BC}.Release|x86.Build.0 = Release|Any CPU
		{99C2DD78-7AA2-440C-BBD8-2EC7E745C0DA}.Debug|Any CPU.ActiveCfg = Debug|Any CPU
		{99C2DD78-7AA2-440C-BBD8-2EC7E745C0DA}.Debug|Any CPU.Build.0 = Debug|Any CPU
		{99C2DD78-7AA2-440C-BBD8-2EC7E745C0DA}.Debug|x86.ActiveCfg = Debug|Any CPU
		{99C2DD78-7AA2-440C-BBD8-2EC7E745C0DA}.Debug|x86.Build.0 = Debug|Any CPU
		{99C2DD78-7AA2-440C-BBD8-2EC7E745C0DA}.Release|Any CPU.ActiveCfg = Release|Any CPU
		{99C2DD78-7AA2-440C-BBD8-2EC7E745C0DA}.Release|Any CPU.Build.0 = Release|Any CPU
		{99C2DD78-7AA2-440C-BBD8-2EC7E745C0DA}.Release|x86.ActiveCfg = Release|Any CPU
		{99C2DD78-7AA2-440C-BBD8-2EC7E745C0DA}.Release|x86.Build.0 = Release|Any CPU
		{0EB29EC6-430F-43DC-A722-9BDE1709F59B}.Debug|Any CPU.ActiveCfg = Debug|Any CPU
		{0EB29EC6-430F-43DC-A722-9BDE1709F59B}.Debug|Any CPU.Build.0 = Debug|Any CPU
		{0EB29EC6-430F-43DC-A722-9BDE1709F59B}.Debug|x86.ActiveCfg = Debug|Any CPU
		{0EB29EC6-430F-43DC-A722-9BDE1709F59B}.Debug|x86.Build.0 = Debug|Any CPU
		{0EB29EC6-430F-43DC-A722-9BDE1709F59B}.Release|Any CPU.ActiveCfg = Release|Any CPU
		{0EB29EC6-430F-43DC-A722-9BDE1709F59B}.Release|Any CPU.Build.0 = Release|Any CPU
		{0EB29EC6-430F-43DC-A722-9BDE1709F59B}.Release|x86.ActiveCfg = Release|Any CPU
		{0EB29EC6-430F-43DC-A722-9BDE1709F59B}.Release|x86.Build.0 = Release|Any CPU
		{3221A4EF-F6E2-41E1-AC7E-5F114DF7CB8E}.Debug|Any CPU.ActiveCfg = Debug|Any CPU
		{3221A4EF-F6E2-41E1-AC7E-5F114DF7CB8E}.Debug|Any CPU.Build.0 = Debug|Any CPU
		{3221A4EF-F6E2-41E1-AC7E-5F114DF7CB8E}.Debug|x86.ActiveCfg = Debug|Any CPU
		{3221A4EF-F6E2-41E1-AC7E-5F114DF7CB8E}.Debug|x86.Build.0 = Debug|Any CPU
		{3221A4EF-F6E2-41E1-AC7E-5F114DF7CB8E}.Release|Any CPU.ActiveCfg = Release|Any CPU
		{3221A4EF-F6E2-41E1-AC7E-5F114DF7CB8E}.Release|Any CPU.Build.0 = Release|Any CPU
		{3221A4EF-F6E2-41E1-AC7E-5F114DF7CB8E}.Release|x86.ActiveCfg = Release|Any CPU
		{3221A4EF-F6E2-41E1-AC7E-5F114DF7CB8E}.Release|x86.Build.0 = Release|Any CPU
		{714EB5AB-A5D4-4D8B-8DA0-B69DDAFD52F6}.Debug|Any CPU.ActiveCfg = Debug|Any CPU
		{714EB5AB-A5D4-4D8B-8DA0-B69DDAFD52F6}.Debug|Any CPU.Build.0 = Debug|Any CPU
		{714EB5AB-A5D4-4D8B-8DA0-B69DDAFD52F6}.Debug|x86.ActiveCfg = Debug|x86
		{714EB5AB-A5D4-4D8B-8DA0-B69DDAFD52F6}.Debug|x86.Build.0 = Debug|x86
		{714EB5AB-A5D4-4D8B-8DA0-B69DDAFD52F6}.Release|Any CPU.ActiveCfg = Release|Any CPU
		{714EB5AB-A5D4-4D8B-8DA0-B69DDAFD52F6}.Release|Any CPU.Build.0 = Release|Any CPU
		{714EB5AB-A5D4-4D8B-8DA0-B69DDAFD52F6}.Release|x86.ActiveCfg = Release|x86
		{714EB5AB-A5D4-4D8B-8DA0-B69DDAFD52F6}.Release|x86.Build.0 = Release|x86
		{BC5A1B67-7BC2-4C7A-8AD5-C85FEB607CAA}.Debug|Any CPU.ActiveCfg = Debug|Any CPU
		{BC5A1B67-7BC2-4C7A-8AD5-C85FEB607CAA}.Debug|Any CPU.Build.0 = Debug|Any CPU
		{BC5A1B67-7BC2-4C7A-8AD5-C85FEB607CAA}.Debug|x86.ActiveCfg = Debug|Any CPU
		{BC5A1B67-7BC2-4C7A-8AD5-C85FEB607CAA}.Debug|x86.Build.0 = Debug|Any CPU
		{BC5A1B67-7BC2-4C7A-8AD5-C85FEB607CAA}.Release|Any CPU.ActiveCfg = Release|Any CPU
		{BC5A1B67-7BC2-4C7A-8AD5-C85FEB607CAA}.Release|Any CPU.Build.0 = Release|Any CPU
		{BC5A1B67-7BC2-4C7A-8AD5-C85FEB607CAA}.Release|x86.ActiveCfg = Release|Any CPU
		{BC5A1B67-7BC2-4C7A-8AD5-C85FEB607CAA}.Release|x86.Build.0 = Release|Any CPU
		{ED75EBE9-F011-4A57-B6AA-6AAAF2FB4E5C}.Debug|Any CPU.ActiveCfg = Debug|Any CPU
		{ED75EBE9-F011-4A57-B6AA-6AAAF2FB4E5C}.Debug|Any CPU.Build.0 = Debug|Any CPU
		{ED75EBE9-F011-4A57-B6AA-6AAAF2FB4E5C}.Debug|x86.ActiveCfg = Debug|x86
		{ED75EBE9-F011-4A57-B6AA-6AAAF2FB4E5C}.Debug|x86.Build.0 = Debug|x86
		{ED75EBE9-F011-4A57-B6AA-6AAAF2FB4E5C}.Release|Any CPU.ActiveCfg = Release|Any CPU
		{ED75EBE9-F011-4A57-B6AA-6AAAF2FB4E5C}.Release|Any CPU.Build.0 = Release|Any CPU
		{ED75EBE9-F011-4A57-B6AA-6AAAF2FB4E5C}.Release|x86.ActiveCfg = Release|x86
		{ED75EBE9-F011-4A57-B6AA-6AAAF2FB4E5C}.Release|x86.Build.0 = Release|x86
		{210FAD29-2D8B-46D5-9F62-2BACD00D4A2C}.Debug|Any CPU.ActiveCfg = Debug|Any CPU
		{210FAD29-2D8B-46D5-9F62-2BACD00D4A2C}.Debug|Any CPU.Build.0 = Debug|Any CPU
		{210FAD29-2D8B-46D5-9F62-2BACD00D4A2C}.Debug|x86.ActiveCfg = Debug|Any CPU
		{210FAD29-2D8B-46D5-9F62-2BACD00D4A2C}.Debug|x86.Build.0 = Debug|Any CPU
		{210FAD29-2D8B-46D5-9F62-2BACD00D4A2C}.Release|Any CPU.ActiveCfg = Release|Any CPU
		{210FAD29-2D8B-46D5-9F62-2BACD00D4A2C}.Release|Any CPU.Build.0 = Release|Any CPU
		{210FAD29-2D8B-46D5-9F62-2BACD00D4A2C}.Release|x86.ActiveCfg = Release|Any CPU
		{210FAD29-2D8B-46D5-9F62-2BACD00D4A2C}.Release|x86.Build.0 = Release|Any CPU
		{A3A7450A-64F8-4914-838B-EEFEBA35FCB0}.Debug|Any CPU.ActiveCfg = Debug|Any CPU
		{A3A7450A-64F8-4914-838B-EEFEBA35FCB0}.Debug|Any CPU.Build.0 = Debug|Any CPU
		{A3A7450A-64F8-4914-838B-EEFEBA35FCB0}.Debug|x86.ActiveCfg = Debug|Any CPU
		{A3A7450A-64F8-4914-838B-EEFEBA35FCB0}.Debug|x86.Build.0 = Debug|Any CPU
		{A3A7450A-64F8-4914-838B-EEFEBA35FCB0}.Release|Any CPU.ActiveCfg = Release|Any CPU
		{A3A7450A-64F8-4914-838B-EEFEBA35FCB0}.Release|Any CPU.Build.0 = Release|Any CPU
		{A3A7450A-64F8-4914-838B-EEFEBA35FCB0}.Release|x86.ActiveCfg = Release|Any CPU
		{A3A7450A-64F8-4914-838B-EEFEBA35FCB0}.Release|x86.Build.0 = Release|Any CPU
		{EE0BF17E-71F2-4B58-8FAE-63018969D6C7}.Debug|Any CPU.ActiveCfg = Debug|Any CPU
		{EE0BF17E-71F2-4B58-8FAE-63018969D6C7}.Debug|Any CPU.Build.0 = Debug|Any CPU
		{EE0BF17E-71F2-4B58-8FAE-63018969D6C7}.Debug|x86.ActiveCfg = Debug|Any CPU
		{EE0BF17E-71F2-4B58-8FAE-63018969D6C7}.Debug|x86.Build.0 = Debug|Any CPU
		{EE0BF17E-71F2-4B58-8FAE-63018969D6C7}.Release|Any CPU.ActiveCfg = Release|Any CPU
		{EE0BF17E-71F2-4B58-8FAE-63018969D6C7}.Release|Any CPU.Build.0 = Release|Any CPU
		{EE0BF17E-71F2-4B58-8FAE-63018969D6C7}.Release|x86.ActiveCfg = Release|Any CPU
		{EE0BF17E-71F2-4B58-8FAE-63018969D6C7}.Release|x86.Build.0 = Release|Any CPU
		{153A11E1-5383-499A-BE3D-39BCFE22E1EB}.Debug|Any CPU.ActiveCfg = Debug|Any CPU
		{153A11E1-5383-499A-BE3D-39BCFE22E1EB}.Debug|Any CPU.Build.0 = Debug|Any CPU
		{153A11E1-5383-499A-BE3D-39BCFE22E1EB}.Debug|x86.ActiveCfg = Debug|Any CPU
		{153A11E1-5383-499A-BE3D-39BCFE22E1EB}.Debug|x86.Build.0 = Debug|Any CPU
		{153A11E1-5383-499A-BE3D-39BCFE22E1EB}.Release|Any CPU.ActiveCfg = Release|Any CPU
		{153A11E1-5383-499A-BE3D-39BCFE22E1EB}.Release|Any CPU.Build.0 = Release|Any CPU
		{153A11E1-5383-499A-BE3D-39BCFE22E1EB}.Release|x86.ActiveCfg = Release|Any CPU
		{153A11E1-5383-499A-BE3D-39BCFE22E1EB}.Release|x86.Build.0 = Release|Any CPU
		{96D3A841-CB4A-452C-B5E4-7EBCD517868F}.Debug|Any CPU.ActiveCfg = Debug|Any CPU
		{96D3A841-CB4A-452C-B5E4-7EBCD517868F}.Debug|Any CPU.Build.0 = Debug|Any CPU
		{96D3A841-CB4A-452C-B5E4-7EBCD517868F}.Debug|x86.ActiveCfg = Debug|Any CPU
		{96D3A841-CB4A-452C-B5E4-7EBCD517868F}.Debug|x86.Build.0 = Debug|Any CPU
		{96D3A841-CB4A-452C-B5E4-7EBCD517868F}.Release|Any CPU.ActiveCfg = Release|Any CPU
		{96D3A841-CB4A-452C-B5E4-7EBCD517868F}.Release|Any CPU.Build.0 = Release|Any CPU
		{96D3A841-CB4A-452C-B5E4-7EBCD517868F}.Release|x86.ActiveCfg = Release|Any CPU
		{96D3A841-CB4A-452C-B5E4-7EBCD517868F}.Release|x86.Build.0 = Release|Any CPU
		{AFB90ABD-A7BA-4BB3-AE5A-C095C5AC7891}.Debug|Any CPU.ActiveCfg = Debug|Any CPU
		{AFB90ABD-A7BA-4BB3-AE5A-C095C5AC7891}.Debug|Any CPU.Build.0 = Debug|Any CPU
		{AFB90ABD-A7BA-4BB3-AE5A-C095C5AC7891}.Debug|x86.ActiveCfg = Debug|Any CPU
		{AFB90ABD-A7BA-4BB3-AE5A-C095C5AC7891}.Debug|x86.Build.0 = Debug|Any CPU
		{AFB90ABD-A7BA-4BB3-AE5A-C095C5AC7891}.Release|Any CPU.ActiveCfg = Release|Any CPU
		{AFB90ABD-A7BA-4BB3-AE5A-C095C5AC7891}.Release|Any CPU.Build.0 = Release|Any CPU
		{AFB90ABD-A7BA-4BB3-AE5A-C095C5AC7891}.Release|x86.ActiveCfg = Release|Any CPU
		{AFB90ABD-A7BA-4BB3-AE5A-C095C5AC7891}.Release|x86.Build.0 = Release|Any CPU
		{DE704D9B-A291-46AB-88A9-4E7DBA4314BC}.Debug|Any CPU.ActiveCfg = Debug|Any CPU
		{DE704D9B-A291-46AB-88A9-4E7DBA4314BC}.Debug|Any CPU.Build.0 = Debug|Any CPU
		{DE704D9B-A291-46AB-88A9-4E7DBA4314BC}.Debug|x86.ActiveCfg = Debug|Any CPU
		{DE704D9B-A291-46AB-88A9-4E7DBA4314BC}.Debug|x86.Build.0 = Debug|Any CPU
		{DE704D9B-A291-46AB-88A9-4E7DBA4314BC}.Release|Any CPU.ActiveCfg = Release|Any CPU
		{DE704D9B-A291-46AB-88A9-4E7DBA4314BC}.Release|Any CPU.Build.0 = Release|Any CPU
		{DE704D9B-A291-46AB-88A9-4E7DBA4314BC}.Release|x86.ActiveCfg = Release|Any CPU
		{DE704D9B-A291-46AB-88A9-4E7DBA4314BC}.Release|x86.Build.0 = Release|Any CPU
		{4AFF4C4D-BE44-4DBF-8202-772C63EC71C1}.Debug|Any CPU.ActiveCfg = Debug|Any CPU
		{4AFF4C4D-BE44-4DBF-8202-772C63EC71C1}.Debug|Any CPU.Build.0 = Debug|Any CPU
		{4AFF4C4D-BE44-4DBF-8202-772C63EC71C1}.Debug|x86.ActiveCfg = Debug|Any CPU
		{4AFF4C4D-BE44-4DBF-8202-772C63EC71C1}.Debug|x86.Build.0 = Debug|Any CPU
		{4AFF4C4D-BE44-4DBF-8202-772C63EC71C1}.Release|Any CPU.ActiveCfg = Release|Any CPU
		{4AFF4C4D-BE44-4DBF-8202-772C63EC71C1}.Release|Any CPU.Build.0 = Release|Any CPU
		{4AFF4C4D-BE44-4DBF-8202-772C63EC71C1}.Release|x86.ActiveCfg = Release|Any CPU
		{4AFF4C4D-BE44-4DBF-8202-772C63EC71C1}.Release|x86.Build.0 = Release|Any CPU
		{96307DFC-8AE5-4EC8-96D8-19A570A9E92C}.Debug|Any CPU.ActiveCfg = Debug|Any CPU
		{96307DFC-8AE5-4EC8-96D8-19A570A9E92C}.Debug|Any CPU.Build.0 = Debug|Any CPU
		{96307DFC-8AE5-4EC8-96D8-19A570A9E92C}.Debug|x86.ActiveCfg = Debug|Any CPU
		{96307DFC-8AE5-4EC8-96D8-19A570A9E92C}.Debug|x86.Build.0 = Debug|Any CPU
		{96307DFC-8AE5-4EC8-96D8-19A570A9E92C}.Release|Any CPU.ActiveCfg = Release|Any CPU
		{96307DFC-8AE5-4EC8-96D8-19A570A9E92C}.Release|Any CPU.Build.0 = Release|Any CPU
		{96307DFC-8AE5-4EC8-96D8-19A570A9E92C}.Release|x86.ActiveCfg = Release|Any CPU
		{96307DFC-8AE5-4EC8-96D8-19A570A9E92C}.Release|x86.Build.0 = Release|Any CPU
		{3ADB9C2A-DE3C-473C-B2C5-1F0314466DBF}.Debug|Any CPU.ActiveCfg = Debug|Any CPU
		{3ADB9C2A-DE3C-473C-B2C5-1F0314466DBF}.Debug|Any CPU.Build.0 = Debug|Any CPU
		{3ADB9C2A-DE3C-473C-B2C5-1F0314466DBF}.Debug|x86.ActiveCfg = Debug|Any CPU
		{3ADB9C2A-DE3C-473C-B2C5-1F0314466DBF}.Debug|x86.Build.0 = Debug|Any CPU
		{3ADB9C2A-DE3C-473C-B2C5-1F0314466DBF}.Release|Any CPU.ActiveCfg = Release|Any CPU
		{3ADB9C2A-DE3C-473C-B2C5-1F0314466DBF}.Release|Any CPU.Build.0 = Release|Any CPU
		{3ADB9C2A-DE3C-473C-B2C5-1F0314466DBF}.Release|x86.ActiveCfg = Release|Any CPU
		{3ADB9C2A-DE3C-473C-B2C5-1F0314466DBF}.Release|x86.Build.0 = Release|Any CPU
		{1EDC6882-4D82-435F-BD3A-D33C8C4F7579}.Debug|Any CPU.ActiveCfg = Debug|Any CPU
		{1EDC6882-4D82-435F-BD3A-D33C8C4F7579}.Debug|Any CPU.Build.0 = Debug|Any CPU
		{1EDC6882-4D82-435F-BD3A-D33C8C4F7579}.Debug|x86.ActiveCfg = Debug|Any CPU
		{1EDC6882-4D82-435F-BD3A-D33C8C4F7579}.Debug|x86.Build.0 = Debug|Any CPU
		{1EDC6882-4D82-435F-BD3A-D33C8C4F7579}.Release|Any CPU.ActiveCfg = Release|Any CPU
		{1EDC6882-4D82-435F-BD3A-D33C8C4F7579}.Release|Any CPU.Build.0 = Release|Any CPU
		{1EDC6882-4D82-435F-BD3A-D33C8C4F7579}.Release|x86.ActiveCfg = Release|Any CPU
		{1EDC6882-4D82-435F-BD3A-D33C8C4F7579}.Release|x86.Build.0 = Release|Any CPU
		{13909B22-A43A-481C-9E01-4E72DD552D3B}.Debug|Any CPU.ActiveCfg = Debug|Any CPU
		{13909B22-A43A-481C-9E01-4E72DD552D3B}.Debug|Any CPU.Build.0 = Debug|Any CPU
		{13909B22-A43A-481C-9E01-4E72DD552D3B}.Debug|x86.ActiveCfg = Debug|Any CPU
		{13909B22-A43A-481C-9E01-4E72DD552D3B}.Debug|x86.Build.0 = Debug|Any CPU
		{13909B22-A43A-481C-9E01-4E72DD552D3B}.Release|Any CPU.ActiveCfg = Release|Any CPU
		{13909B22-A43A-481C-9E01-4E72DD552D3B}.Release|Any CPU.Build.0 = Release|Any CPU
		{13909B22-A43A-481C-9E01-4E72DD552D3B}.Release|x86.ActiveCfg = Release|Any CPU
		{13909B22-A43A-481C-9E01-4E72DD552D3B}.Release|x86.Build.0 = Release|Any CPU
		{19ABDFD8-4F4B-4DFB-A208-88490556F6C5}.Debug|Any CPU.ActiveCfg = Debug|Any CPU
		{19ABDFD8-4F4B-4DFB-A208-88490556F6C5}.Debug|Any CPU.Build.0 = Debug|Any CPU
		{19ABDFD8-4F4B-4DFB-A208-88490556F6C5}.Debug|x86.ActiveCfg = Debug|Any CPU
		{19ABDFD8-4F4B-4DFB-A208-88490556F6C5}.Debug|x86.Build.0 = Debug|Any CPU
		{19ABDFD8-4F4B-4DFB-A208-88490556F6C5}.Release|Any CPU.ActiveCfg = Release|Any CPU
		{19ABDFD8-4F4B-4DFB-A208-88490556F6C5}.Release|Any CPU.Build.0 = Release|Any CPU
		{19ABDFD8-4F4B-4DFB-A208-88490556F6C5}.Release|x86.ActiveCfg = Release|Any CPU
		{19ABDFD8-4F4B-4DFB-A208-88490556F6C5}.Release|x86.Build.0 = Release|Any CPU
		{5E912CD7-6087-47D7-B0E2-0D8FFD9B092E}.Debug|Any CPU.ActiveCfg = Debug|Any CPU
		{5E912CD7-6087-47D7-B0E2-0D8FFD9B092E}.Debug|Any CPU.Build.0 = Debug|Any CPU
		{5E912CD7-6087-47D7-B0E2-0D8FFD9B092E}.Debug|x86.ActiveCfg = Debug|Any CPU
		{5E912CD7-6087-47D7-B0E2-0D8FFD9B092E}.Debug|x86.Build.0 = Debug|Any CPU
		{5E912CD7-6087-47D7-B0E2-0D8FFD9B092E}.Release|Any CPU.ActiveCfg = Release|Any CPU
		{5E912CD7-6087-47D7-B0E2-0D8FFD9B092E}.Release|Any CPU.Build.0 = Release|Any CPU
		{5E912CD7-6087-47D7-B0E2-0D8FFD9B092E}.Release|x86.ActiveCfg = Release|Any CPU
		{5E912CD7-6087-47D7-B0E2-0D8FFD9B092E}.Release|x86.Build.0 = Release|Any CPU
		{B07DE6E3-4A93-4177-9F52-F861E43632C0}.Debug|Any CPU.ActiveCfg = Debug|Any CPU
		{B07DE6E3-4A93-4177-9F52-F861E43632C0}.Debug|Any CPU.Build.0 = Debug|Any CPU
		{B07DE6E3-4A93-4177-9F52-F861E43632C0}.Debug|x86.ActiveCfg = Debug|Any CPU
		{B07DE6E3-4A93-4177-9F52-F861E43632C0}.Debug|x86.Build.0 = Debug|Any CPU
		{B07DE6E3-4A93-4177-9F52-F861E43632C0}.Release|Any CPU.ActiveCfg = Release|Any CPU
		{B07DE6E3-4A93-4177-9F52-F861E43632C0}.Release|Any CPU.Build.0 = Release|Any CPU
		{B07DE6E3-4A93-4177-9F52-F861E43632C0}.Release|x86.ActiveCfg = Release|Any CPU
		{B07DE6E3-4A93-4177-9F52-F861E43632C0}.Release|x86.Build.0 = Release|Any CPU
	EndGlobalSection
	GlobalSection(SolutionProperties) = preSolution
		HideSolutionNode = FALSE
	EndGlobalSection
	GlobalSection(NestedProjects) = preSolution
		{210FAD29-2D8B-46D5-9F62-2BACD00D4A2C} = {731AAC54-C91A-4D8D-ABB5-1472B6EFCC36}
	EndGlobalSection
EndGlobal
